// !$*UTF8*$!
{
	archiveVersion = 1;
	classes = {
	};
	objectVersion = 56;
	objects = {

/* Begin PBXBuildFile section */
		CE5150352C9F258100B10107 /* SettingsView.swift in Sources */ = {isa = PBXBuildFile; fileRef = CE5150342C9F258100B10107 /* SettingsView.swift */; };
		CE5150372C9F259200B10107 /* InboxView.swift in Sources */ = {isa = PBXBuildFile; fileRef = CE5150362C9F259200B10107 /* InboxView.swift */; };
		CE5150392C9F25B400B10107 /* BookingsView.swift in Sources */ = {isa = PBXBuildFile; fileRef = CE5150382C9F25B400B10107 /* BookingsView.swift */; };
		CE51503B2C9F25C400B10107 /* TripsView.swift in Sources */ = {isa = PBXBuildFile; fileRef = CE51503A2C9F25C400B10107 /* TripsView.swift */; };
		CE5150402C9F3B2700B10107 /* SettingsViewModel.swift in Sources */ = {isa = PBXBuildFile; fileRef = CE51503F2C9F3B2000B10107 /* SettingsViewModel.swift */; };
		CE5150422C9F3BD900B10107 /* UserInfoCardView.swift in Sources */ = {isa = PBXBuildFile; fileRef = CE5150412C9F3BD900B10107 /* UserInfoCardView.swift */; };
		CE5150442C9F512700B10107 /* CarInfoView.swift in Sources */ = {isa = PBXBuildFile; fileRef = CE5150432C9F512700B10107 /* CarInfoView.swift */; };
		CE5150462C9F57D300B10107 /* Color.swift in Sources */ = {isa = PBXBuildFile; fileRef = CE5150452C9F57CE00B10107 /* Color.swift */; };
		CE5150482C9FD5AD00B10107 /* UpdateProfileView.swift in Sources */ = {isa = PBXBuildFile; fileRef = CE5150472C9FD5AD00B10107 /* UpdateProfileView.swift */; };
		CE51504A2C9FD63B00B10107 /* SharedViews.swift in Sources */ = {isa = PBXBuildFile; fileRef = CE5150492C9FD63300B10107 /* SharedViews.swift */; };
		CE51504C2C9FD8A800B10107 /* UpdateProfileViewModel.swift in Sources */ = {isa = PBXBuildFile; fileRef = CE51504B2C9FD8A100B10107 /* UpdateProfileViewModel.swift */; };
		CE51504E2C9FDC8400B10107 /* UpdatePasswordView.swift in Sources */ = {isa = PBXBuildFile; fileRef = CE51504D2C9FDC8400B10107 /* UpdatePasswordView.swift */; };
		CE5150502C9FE01300B10107 /* UpdatePasswordViewModel.swift in Sources */ = {isa = PBXBuildFile; fileRef = CE51504F2C9FE00E00B10107 /* UpdatePasswordViewModel.swift */; };
		CE5150552CA0153300B10107 /* SampleTabBarView.swift in Sources */ = {isa = PBXBuildFile; fileRef = CE5150542CA0152B00B10107 /* SampleTabBarView.swift */; };
		CE5150682CA035A800B10107 /* UITabBarControllerRepresentable.swift in Sources */ = {isa = PBXBuildFile; fileRef = CE5150612CA035A800B10107 /* UITabBarControllerRepresentable.swift */; };
		CE5150692CA035A800B10107 /* CustomTabView.swift in Sources */ = {isa = PBXBuildFile; fileRef = CE5150652CA035A800B10107 /* CustomTabView.swift */; };
		CE51506E2CA035A800B10107 /* EnvironmentValues+TabBarPosition.swift in Sources */ = {isa = PBXBuildFile; fileRef = CE5150662CA035A800B10107 /* EnvironmentValues+TabBarPosition.swift */; };
		CE51506F2CA035A800B10107 /* KeyboardReadable.swift in Sources */ = {isa = PBXBuildFile; fileRef = CE5150602CA035A800B10107 /* KeyboardReadable.swift */; };
		CE57013A2C9E0BCA003BD7CA /* LaunchScreen.storyboard in Resources */ = {isa = PBXBuildFile; fileRef = CE5701392C9E0BCA003BD7CA /* LaunchScreen.storyboard */; };
		CE57013C2C9E0DBE003BD7CA /* SigninView.swift in Sources */ = {isa = PBXBuildFile; fileRef = CE57013B2C9E0DBE003BD7CA /* SigninView.swift */; };
		CE5701402C9E0DF6003BD7CA /* SigninViewModel.swift in Sources */ = {isa = PBXBuildFile; fileRef = CE57013F2C9E0DEB003BD7CA /* SigninViewModel.swift */; };
		CE5701432C9E0E0D003BD7CA /* User.swift in Sources */ = {isa = PBXBuildFile; fileRef = CE5701422C9E0E05003BD7CA /* User.swift */; };
		CE5701452C9E16DD003BD7CA /* ResetPasswordView.swift in Sources */ = {isa = PBXBuildFile; fileRef = CE5701442C9E16DD003BD7CA /* ResetPasswordView.swift */; };
		CE5701472C9E16EA003BD7CA /* ResetPasswordViewModel.swift in Sources */ = {isa = PBXBuildFile; fileRef = CE5701462C9E16E4003BD7CA /* ResetPasswordViewModel.swift */; };
		CE57014A2C9E1A54003BD7CA /* CustomViews.swift in Sources */ = {isa = PBXBuildFile; fileRef = CE5701492C9E1A4C003BD7CA /* CustomViews.swift */; };
		CE57014C2C9E1CC7003BD7CA /* SignUpView.swift in Sources */ = {isa = PBXBuildFile; fileRef = CE57014B2C9E1CC7003BD7CA /* SignUpView.swift */; };
		CE57014E2C9E1DC0003BD7CA /* SignUpViewModel.swift in Sources */ = {isa = PBXBuildFile; fileRef = CE57014D2C9E1DBB003BD7CA /* SignUpViewModel.swift */; };
		CE5701712C9E8BD4003BD7CA /* CountryNumbers.json in Resources */ = {isa = PBXBuildFile; fileRef = CE5701702C9E8BD4003BD7CA /* CountryNumbers.json */; };
		CE5701752C9E8FC0003BD7CA /* CountryCode.swift in Sources */ = {isa = PBXBuildFile; fileRef = CE5701742C9E8FB3003BD7CA /* CountryCode.swift */; };
		CE5701782C9E96B9003BD7CA /* Bundle.swift in Sources */ = {isa = PBXBuildFile; fileRef = CE5701772C9E96B8003BD7CA /* Bundle.swift */; };
		CE57017A2C9E9F2C003BD7CA /* View.swift in Sources */ = {isa = PBXBuildFile; fileRef = CE5701792C9E9F29003BD7CA /* View.swift */; };
		CE57017C2C9F24C1003BD7CA /* MainTabView.swift in Sources */ = {isa = PBXBuildFile; fileRef = CE57017B2C9F24C1003BD7CA /* MainTabView.swift */; };
		CED05F022C95AF7000E51158 /* TroouteApp.swift in Sources */ = {isa = PBXBuildFile; fileRef = CED05F012C95AF7000E51158 /* TroouteApp.swift */; };
		CED05F042C95AF7000E51158 /* ContentView.swift in Sources */ = {isa = PBXBuildFile; fileRef = CED05F032C95AF7000E51158 /* ContentView.swift */; };
		CED05F062C95AF7100E51158 /* Assets.xcassets in Resources */ = {isa = PBXBuildFile; fileRef = CED05F052C95AF7100E51158 /* Assets.xcassets */; };
		CED05F092C95AF7100E51158 /* Preview Assets.xcassets in Resources */ = {isa = PBXBuildFile; fileRef = CED05F082C95AF7100E51158 /* Preview Assets.xcassets */; };
		CED05F132C95AF7200E51158 /* TroouteTests.swift in Sources */ = {isa = PBXBuildFile; fileRef = CED05F122C95AF7200E51158 /* TroouteTests.swift */; };
		CED05F1D2C95AF7200E51158 /* TroouteUITests.swift in Sources */ = {isa = PBXBuildFile; fileRef = CED05F1C2C95AF7200E51158 /* TroouteUITests.swift */; };
		CED05F1F2C95AF7200E51158 /* TroouteUITestsLaunchTests.swift in Sources */ = {isa = PBXBuildFile; fileRef = CED05F1E2C95AF7200E51158 /* TroouteUITestsLaunchTests.swift */; };
/* End PBXBuildFile section */

/* Begin PBXContainerItemProxy section */
		CED05F0F2C95AF7200E51158 /* PBXContainerItemProxy */ = {
			isa = PBXContainerItemProxy;
			containerPortal = CED05EF62C95AF6F00E51158 /* Project object */;
			proxyType = 1;
			remoteGlobalIDString = CED05EFD2C95AF6F00E51158;
			remoteInfo = Trooute;
		};
		CED05F192C95AF7200E51158 /* PBXContainerItemProxy */ = {
			isa = PBXContainerItemProxy;
			containerPortal = CED05EF62C95AF6F00E51158 /* Project object */;
			proxyType = 1;
			remoteGlobalIDString = CED05EFD2C95AF6F00E51158;
			remoteInfo = Trooute;
		};
/* End PBXContainerItemProxy section */

/* Begin PBXFileReference section */
		CE5150342C9F258100B10107 /* SettingsView.swift */ = {isa = PBXFileReference; lastKnownFileType = sourcecode.swift; path = SettingsView.swift; sourceTree = "<group>"; };
		CE5150362C9F259200B10107 /* InboxView.swift */ = {isa = PBXFileReference; lastKnownFileType = sourcecode.swift; path = InboxView.swift; sourceTree = "<group>"; };
		CE5150382C9F25B400B10107 /* BookingsView.swift */ = {isa = PBXFileReference; lastKnownFileType = sourcecode.swift; path = BookingsView.swift; sourceTree = "<group>"; };
		CE51503A2C9F25C400B10107 /* TripsView.swift */ = {isa = PBXFileReference; lastKnownFileType = sourcecode.swift; path = TripsView.swift; sourceTree = "<group>"; };
		CE51503F2C9F3B2000B10107 /* SettingsViewModel.swift */ = {isa = PBXFileReference; lastKnownFileType = sourcecode.swift; path = SettingsViewModel.swift; sourceTree = "<group>"; };
		CE5150412C9F3BD900B10107 /* UserInfoCardView.swift */ = {isa = PBXFileReference; lastKnownFileType = sourcecode.swift; path = UserInfoCardView.swift; sourceTree = "<group>"; };
		CE5150432C9F512700B10107 /* CarInfoView.swift */ = {isa = PBXFileReference; lastKnownFileType = sourcecode.swift; path = CarInfoView.swift; sourceTree = "<group>"; };
		CE5150452C9F57CE00B10107 /* Color.swift */ = {isa = PBXFileReference; lastKnownFileType = sourcecode.swift; path = Color.swift; sourceTree = "<group>"; };
		CE5150472C9FD5AD00B10107 /* UpdateProfileView.swift */ = {isa = PBXFileReference; lastKnownFileType = sourcecode.swift; path = UpdateProfileView.swift; sourceTree = "<group>"; };
		CE5150492C9FD63300B10107 /* SharedViews.swift */ = {isa = PBXFileReference; lastKnownFileType = sourcecode.swift; path = SharedViews.swift; sourceTree = "<group>"; };
		CE51504B2C9FD8A100B10107 /* UpdateProfileViewModel.swift */ = {isa = PBXFileReference; lastKnownFileType = sourcecode.swift; path = UpdateProfileViewModel.swift; sourceTree = "<group>"; };
		CE51504D2C9FDC8400B10107 /* UpdatePasswordView.swift */ = {isa = PBXFileReference; lastKnownFileType = sourcecode.swift; path = UpdatePasswordView.swift; sourceTree = "<group>"; };
		CE51504F2C9FE00E00B10107 /* UpdatePasswordViewModel.swift */ = {isa = PBXFileReference; lastKnownFileType = sourcecode.swift; path = UpdatePasswordViewModel.swift; sourceTree = "<group>"; };
		CE5150542CA0152B00B10107 /* SampleTabBarView.swift */ = {isa = PBXFileReference; lastKnownFileType = sourcecode.swift; path = SampleTabBarView.swift; sourceTree = "<group>"; };
		CE5150602CA035A800B10107 /* KeyboardReadable.swift */ = {isa = PBXFileReference; lastKnownFileType = sourcecode.swift; path = KeyboardReadable.swift; sourceTree = "<group>"; };
		CE5150612CA035A800B10107 /* UITabBarControllerRepresentable.swift */ = {isa = PBXFileReference; lastKnownFileType = sourcecode.swift; path = UITabBarControllerRepresentable.swift; sourceTree = "<group>"; };
		CE5150652CA035A800B10107 /* CustomTabView.swift */ = {isa = PBXFileReference; lastKnownFileType = sourcecode.swift; path = CustomTabView.swift; sourceTree = "<group>"; };
		CE5150662CA035A800B10107 /* EnvironmentValues+TabBarPosition.swift */ = {isa = PBXFileReference; lastKnownFileType = sourcecode.swift; path = "EnvironmentValues+TabBarPosition.swift"; sourceTree = "<group>"; };
		CE5701382C9E098B003BD7CA /* Info.plist */ = {isa = PBXFileReference; lastKnownFileType = text.plist; path = Info.plist; sourceTree = "<group>"; };
		CE5701392C9E0BCA003BD7CA /* LaunchScreen.storyboard */ = {isa = PBXFileReference; lastKnownFileType = file.storyboard; path = LaunchScreen.storyboard; sourceTree = "<group>"; };
		CE57013B2C9E0DBE003BD7CA /* SigninView.swift */ = {isa = PBXFileReference; lastKnownFileType = sourcecode.swift; path = SigninView.swift; sourceTree = "<group>"; };
		CE57013F2C9E0DEB003BD7CA /* SigninViewModel.swift */ = {isa = PBXFileReference; lastKnownFileType = sourcecode.swift; path = SigninViewModel.swift; sourceTree = "<group>"; };
		CE5701422C9E0E05003BD7CA /* User.swift */ = {isa = PBXFileReference; lastKnownFileType = sourcecode.swift; path = User.swift; sourceTree = "<group>"; };
		CE5701442C9E16DD003BD7CA /* ResetPasswordView.swift */ = {isa = PBXFileReference; lastKnownFileType = sourcecode.swift; path = ResetPasswordView.swift; sourceTree = "<group>"; };
		CE5701462C9E16E4003BD7CA /* ResetPasswordViewModel.swift */ = {isa = PBXFileReference; lastKnownFileType = sourcecode.swift; path = ResetPasswordViewModel.swift; sourceTree = "<group>"; };
		CE5701492C9E1A4C003BD7CA /* CustomViews.swift */ = {isa = PBXFileReference; lastKnownFileType = sourcecode.swift; path = CustomViews.swift; sourceTree = "<group>"; };
		CE57014B2C9E1CC7003BD7CA /* SignUpView.swift */ = {isa = PBXFileReference; lastKnownFileType = sourcecode.swift; path = SignUpView.swift; sourceTree = "<group>"; };
		CE57014D2C9E1DBB003BD7CA /* SignUpViewModel.swift */ = {isa = PBXFileReference; lastKnownFileType = sourcecode.swift; path = SignUpViewModel.swift; sourceTree = "<group>"; };
		CE5701702C9E8BD4003BD7CA /* CountryNumbers.json */ = {isa = PBXFileReference; lastKnownFileType = text.json; path = CountryNumbers.json; sourceTree = "<group>"; };
		CE5701742C9E8FB3003BD7CA /* CountryCode.swift */ = {isa = PBXFileReference; lastKnownFileType = sourcecode.swift; path = CountryCode.swift; sourceTree = "<group>"; };
		CE5701772C9E96B8003BD7CA /* Bundle.swift */ = {isa = PBXFileReference; lastKnownFileType = sourcecode.swift; path = Bundle.swift; sourceTree = "<group>"; };
		CE5701792C9E9F29003BD7CA /* View.swift */ = {isa = PBXFileReference; lastKnownFileType = sourcecode.swift; path = View.swift; sourceTree = "<group>"; };
		CE57017B2C9F24C1003BD7CA /* MainTabView.swift */ = {isa = PBXFileReference; lastKnownFileType = sourcecode.swift; path = MainTabView.swift; sourceTree = "<group>"; };
		CED05EFE2C95AF7000E51158 /* Trooute.app */ = {isa = PBXFileReference; explicitFileType = wrapper.application; includeInIndex = 0; path = Trooute.app; sourceTree = BUILT_PRODUCTS_DIR; };
		CED05F012C95AF7000E51158 /* TroouteApp.swift */ = {isa = PBXFileReference; lastKnownFileType = sourcecode.swift; path = TroouteApp.swift; sourceTree = "<group>"; };
		CED05F032C95AF7000E51158 /* ContentView.swift */ = {isa = PBXFileReference; lastKnownFileType = sourcecode.swift; path = ContentView.swift; sourceTree = "<group>"; };
		CED05F052C95AF7100E51158 /* Assets.xcassets */ = {isa = PBXFileReference; lastKnownFileType = folder.assetcatalog; path = Assets.xcassets; sourceTree = "<group>"; };
		CED05F082C95AF7100E51158 /* Preview Assets.xcassets */ = {isa = PBXFileReference; lastKnownFileType = folder.assetcatalog; path = "Preview Assets.xcassets"; sourceTree = "<group>"; };
		CED05F0E2C95AF7200E51158 /* TroouteTests.xctest */ = {isa = PBXFileReference; explicitFileType = wrapper.cfbundle; includeInIndex = 0; path = TroouteTests.xctest; sourceTree = BUILT_PRODUCTS_DIR; };
		CED05F122C95AF7200E51158 /* TroouteTests.swift */ = {isa = PBXFileReference; lastKnownFileType = sourcecode.swift; path = TroouteTests.swift; sourceTree = "<group>"; };
		CED05F182C95AF7200E51158 /* TroouteUITests.xctest */ = {isa = PBXFileReference; explicitFileType = wrapper.cfbundle; includeInIndex = 0; path = TroouteUITests.xctest; sourceTree = BUILT_PRODUCTS_DIR; };
		CED05F1C2C95AF7200E51158 /* TroouteUITests.swift */ = {isa = PBXFileReference; lastKnownFileType = sourcecode.swift; path = TroouteUITests.swift; sourceTree = "<group>"; };
		CED05F1E2C95AF7200E51158 /* TroouteUITestsLaunchTests.swift */ = {isa = PBXFileReference; lastKnownFileType = sourcecode.swift; path = TroouteUITestsLaunchTests.swift; sourceTree = "<group>"; };
/* End PBXFileReference section */

/* Begin PBXFrameworksBuildPhase section */
		CED05EFB2C95AF6F00E51158 /* Frameworks */ = {
			isa = PBXFrameworksBuildPhase;
			buildActionMask = 2147483647;
			files = (
			);
			runOnlyForDeploymentPostprocessing = 0;
		};
		CED05F0B2C95AF7200E51158 /* Frameworks */ = {
			isa = PBXFrameworksBuildPhase;
			buildActionMask = 2147483647;
			files = (
			);
			runOnlyForDeploymentPostprocessing = 0;
		};
		CED05F152C95AF7200E51158 /* Frameworks */ = {
			isa = PBXFrameworksBuildPhase;
			buildActionMask = 2147483647;
			files = (
			);
			runOnlyForDeploymentPostprocessing = 0;
		};
/* End PBXFrameworksBuildPhase section */

/* Begin PBXGroup section */
		CE5150672CA035A800B10107 /* CustomTabView */ = {
			isa = PBXGroup;
			children = (
				CE5150602CA035A800B10107 /* KeyboardReadable.swift */,
				CE5150612CA035A800B10107 /* UITabBarControllerRepresentable.swift */,
				CE5150652CA035A800B10107 /* CustomTabView.swift */,
				CE5150662CA035A800B10107 /* EnvironmentValues+TabBarPosition.swift */,
				CE5150542CA0152B00B10107 /* SampleTabBarView.swift */,
			);
			path = CustomTabView;
			sourceTree = "<group>";
		};
		CE57013D2C9E0DCB003BD7CA /* Views */ = {
			isa = PBXGroup;
			children = (
				CE57017B2C9F24C1003BD7CA /* MainTabView.swift */,
				CE57013B2C9E0DBE003BD7CA /* SigninView.swift */,
				CE5701442C9E16DD003BD7CA /* ResetPasswordView.swift */,
				CE57014B2C9E1CC7003BD7CA /* SignUpView.swift */,
				CE5150342C9F258100B10107 /* SettingsView.swift */,
				CE5150362C9F259200B10107 /* InboxView.swift */,
				CE5150382C9F25B400B10107 /* BookingsView.swift */,
				CE51503A2C9F25C400B10107 /* TripsView.swift */,
				CE5150412C9F3BD900B10107 /* UserInfoCardView.swift */,
				CE5150432C9F512700B10107 /* CarInfoView.swift */,
				CE5150472C9FD5AD00B10107 /* UpdateProfileView.swift */,
				CE51504D2C9FDC8400B10107 /* UpdatePasswordView.swift */,
			);
			path = Views;
			sourceTree = "<group>";
		};
		CE57013E2C9E0DDE003BD7CA /* ViewModel */ = {
			isa = PBXGroup;
			children = (
				CE51504F2C9FE00E00B10107 /* UpdatePasswordViewModel.swift */,
				CE51504B2C9FD8A100B10107 /* UpdateProfileViewModel.swift */,
				CE51503F2C9F3B2000B10107 /* SettingsViewModel.swift */,
				CE57014D2C9E1DBB003BD7CA /* SignUpViewModel.swift */,
				CE5701462C9E16E4003BD7CA /* ResetPasswordViewModel.swift */,
				CE57013F2C9E0DEB003BD7CA /* SigninViewModel.swift */,
			);
			path = ViewModel;
			sourceTree = "<group>";
		};
		CE5701412C9E0DFD003BD7CA /* Model */ = {
			isa = PBXGroup;
			children = (
				CE5701742C9E8FB3003BD7CA /* CountryCode.swift */,
				CE5701422C9E0E05003BD7CA /* User.swift */,
			);
			path = Model;
			sourceTree = "<group>";
		};
		CE5701482C9E1A36003BD7CA /* CustomViews */ = {
			isa = PBXGroup;
			children = (
				CE5150672CA035A800B10107 /* CustomTabView */,
				CE5150492C9FD63300B10107 /* SharedViews.swift */,
				CE5701492C9E1A4C003BD7CA /* CustomViews.swift */,
			);
			path = CustomViews;
			sourceTree = "<group>";
		};
		CE57016F2C9E8BBF003BD7CA /* Resources */ = {
			isa = PBXGroup;
			children = (
				CE5701702C9E8BD4003BD7CA /* CountryNumbers.json */,
			);
			path = Resources;
			sourceTree = "<group>";
		};
		CE5701762C9E96AF003BD7CA /* Extensions */ = {
			isa = PBXGroup;
			children = (
				CE5150452C9F57CE00B10107 /* Color.swift */,
				CE5701792C9E9F29003BD7CA /* View.swift */,
				CE5701772C9E96B8003BD7CA /* Bundle.swift */,
			);
			path = Extensions;
			sourceTree = "<group>";
		};
		CED05EF52C95AF6F00E51158 = {
			isa = PBXGroup;
			children = (
				CED05F002C95AF7000E51158 /* Trooute */,
				CED05F112C95AF7200E51158 /* TroouteTests */,
				CED05F1B2C95AF7200E51158 /* TroouteUITests */,
				CED05EFF2C95AF7000E51158 /* Products */,
			);
			sourceTree = "<group>";
		};
		CED05EFF2C95AF7000E51158 /* Products */ = {
			isa = PBXGroup;
			children = (
				CED05EFE2C95AF7000E51158 /* Trooute.app */,
				CED05F0E2C95AF7200E51158 /* TroouteTests.xctest */,
				CED05F182C95AF7200E51158 /* TroouteUITests.xctest */,
			);
			name = Products;
			sourceTree = "<group>";
		};
		CED05F002C95AF7000E51158 /* Trooute */ = {
			isa = PBXGroup;
			children = (
				CE5701762C9E96AF003BD7CA /* Extensions */,
				CE57016F2C9E8BBF003BD7CA /* Resources */,
				CE5701482C9E1A36003BD7CA /* CustomViews */,
				CE5701412C9E0DFD003BD7CA /* Model */,
				CE57013E2C9E0DDE003BD7CA /* ViewModel */,
				CE57013D2C9E0DCB003BD7CA /* Views */,
				CE5701382C9E098B003BD7CA /* Info.plist */,
				CED05F012C95AF7000E51158 /* TroouteApp.swift */,
				CED05F032C95AF7000E51158 /* ContentView.swift */,
				CED05F052C95AF7100E51158 /* Assets.xcassets */,
				CED05F072C95AF7100E51158 /* Preview Content */,
				CE5701392C9E0BCA003BD7CA /* LaunchScreen.storyboard */,
			);
			path = Trooute;
			sourceTree = "<group>";
		};
		CED05F072C95AF7100E51158 /* Preview Content */ = {
			isa = PBXGroup;
			children = (
				CED05F082C95AF7100E51158 /* Preview Assets.xcassets */,
			);
			path = "Preview Content";
			sourceTree = "<group>";
		};
		CED05F112C95AF7200E51158 /* TroouteTests */ = {
			isa = PBXGroup;
			children = (
				CED05F122C95AF7200E51158 /* TroouteTests.swift */,
			);
			path = TroouteTests;
			sourceTree = "<group>";
		};
		CED05F1B2C95AF7200E51158 /* TroouteUITests */ = {
			isa = PBXGroup;
			children = (
				CED05F1C2C95AF7200E51158 /* TroouteUITests.swift */,
				CED05F1E2C95AF7200E51158 /* TroouteUITestsLaunchTests.swift */,
			);
			path = TroouteUITests;
			sourceTree = "<group>";
		};
/* End PBXGroup section */

/* Begin PBXNativeTarget section */
		CED05EFD2C95AF6F00E51158 /* Trooute */ = {
			isa = PBXNativeTarget;
			buildConfigurationList = CED05F222C95AF7200E51158 /* Build configuration list for PBXNativeTarget "Trooute" */;
			buildPhases = (
				CED05EFA2C95AF6F00E51158 /* Sources */,
				CED05EFB2C95AF6F00E51158 /* Frameworks */,
				CED05EFC2C95AF6F00E51158 /* Resources */,
			);
			buildRules = (
			);
			dependencies = (
			);
			name = Trooute;
			productName = Trooute;
			productReference = CED05EFE2C95AF7000E51158 /* Trooute.app */;
			productType = "com.apple.product-type.application";
		};
		CED05F0D2C95AF7200E51158 /* TroouteTests */ = {
			isa = PBXNativeTarget;
			buildConfigurationList = CED05F252C95AF7200E51158 /* Build configuration list for PBXNativeTarget "TroouteTests" */;
			buildPhases = (
				CED05F0A2C95AF7200E51158 /* Sources */,
				CED05F0B2C95AF7200E51158 /* Frameworks */,
				CED05F0C2C95AF7200E51158 /* Resources */,
			);
			buildRules = (
			);
			dependencies = (
				CED05F102C95AF7200E51158 /* PBXTargetDependency */,
			);
			name = TroouteTests;
			productName = TroouteTests;
			productReference = CED05F0E2C95AF7200E51158 /* TroouteTests.xctest */;
			productType = "com.apple.product-type.bundle.unit-test";
		};
		CED05F172C95AF7200E51158 /* TroouteUITests */ = {
			isa = PBXNativeTarget;
			buildConfigurationList = CED05F282C95AF7200E51158 /* Build configuration list for PBXNativeTarget "TroouteUITests" */;
			buildPhases = (
				CED05F142C95AF7200E51158 /* Sources */,
				CED05F152C95AF7200E51158 /* Frameworks */,
				CED05F162C95AF7200E51158 /* Resources */,
			);
			buildRules = (
			);
			dependencies = (
				CED05F1A2C95AF7200E51158 /* PBXTargetDependency */,
			);
			name = TroouteUITests;
			productName = TroouteUITests;
			productReference = CED05F182C95AF7200E51158 /* TroouteUITests.xctest */;
			productType = "com.apple.product-type.bundle.ui-testing";
		};
/* End PBXNativeTarget section */

/* Begin PBXProject section */
		CED05EF62C95AF6F00E51158 /* Project object */ = {
			isa = PBXProject;
			attributes = {
				BuildIndependentTargetsInParallel = 1;
				LastSwiftUpdateCheck = 1540;
				LastUpgradeCheck = 1540;
				TargetAttributes = {
					CED05EFD2C95AF6F00E51158 = {
						CreatedOnToolsVersion = 15.4;
					};
					CED05F0D2C95AF7200E51158 = {
						CreatedOnToolsVersion = 15.4;
						TestTargetID = CED05EFD2C95AF6F00E51158;
					};
					CED05F172C95AF7200E51158 = {
						CreatedOnToolsVersion = 15.4;
						TestTargetID = CED05EFD2C95AF6F00E51158;
					};
				};
			};
			buildConfigurationList = CED05EF92C95AF6F00E51158 /* Build configuration list for PBXProject "Trooute" */;
			compatibilityVersion = "Xcode 14.0";
			developmentRegion = en;
			hasScannedForEncodings = 0;
			knownRegions = (
				en,
				Base,
			);
			mainGroup = CED05EF52C95AF6F00E51158;
			packageReferences = (
			);
			productRefGroup = CED05EFF2C95AF7000E51158 /* Products */;
			projectDirPath = "";
			projectRoot = "";
			targets = (
				CED05EFD2C95AF6F00E51158 /* Trooute */,
				CED05F0D2C95AF7200E51158 /* TroouteTests */,
				CED05F172C95AF7200E51158 /* TroouteUITests */,
			);
		};
/* End PBXProject section */

/* Begin PBXResourcesBuildPhase section */
		CED05EFC2C95AF6F00E51158 /* Resources */ = {
			isa = PBXResourcesBuildPhase;
			buildActionMask = 2147483647;
			files = (
				CE57013A2C9E0BCA003BD7CA /* LaunchScreen.storyboard in Resources */,
				CED05F092C95AF7100E51158 /* Preview Assets.xcassets in Resources */,
				CED05F062C95AF7100E51158 /* Assets.xcassets in Resources */,
				CE5701712C9E8BD4003BD7CA /* CountryNumbers.json in Resources */,
			);
			runOnlyForDeploymentPostprocessing = 0;
		};
		CED05F0C2C95AF7200E51158 /* Resources */ = {
			isa = PBXResourcesBuildPhase;
			buildActionMask = 2147483647;
			files = (
			);
			runOnlyForDeploymentPostprocessing = 0;
		};
		CED05F162C95AF7200E51158 /* Resources */ = {
			isa = PBXResourcesBuildPhase;
			buildActionMask = 2147483647;
			files = (
			);
			runOnlyForDeploymentPostprocessing = 0;
		};
/* End PBXResourcesBuildPhase section */

/* Begin PBXSourcesBuildPhase section */
		CED05EFA2C95AF6F00E51158 /* Sources */ = {
			isa = PBXSourcesBuildPhase;
			buildActionMask = 2147483647;
			files = (
				CE51504E2C9FDC8400B10107 /* UpdatePasswordView.swift in Sources */,
				CE5150442C9F512700B10107 /* CarInfoView.swift in Sources */,
				CE5701402C9E0DF6003BD7CA /* SigninViewModel.swift in Sources */,
				CE5150372C9F259200B10107 /* InboxView.swift in Sources */,
				CE5150682CA035A800B10107 /* UITabBarControllerRepresentable.swift in Sources */,
				CE5150692CA035A800B10107 /* CustomTabView.swift in Sources */,
				CE51506E2CA035A800B10107 /* EnvironmentValues+TabBarPosition.swift in Sources */,
				CE51506F2CA035A800B10107 /* KeyboardReadable.swift in Sources */,
				CE51504C2C9FD8A800B10107 /* UpdateProfileViewModel.swift in Sources */,
				CE5701782C9E96B9003BD7CA /* Bundle.swift in Sources */,
				CED05F042C95AF7000E51158 /* ContentView.swift in Sources */,
				CE57014E2C9E1DC0003BD7CA /* SignUpViewModel.swift in Sources */,
				CE51503B2C9F25C400B10107 /* TripsView.swift in Sources */,
				CED05F022C95AF7000E51158 /* TroouteApp.swift in Sources */,
				CE5150502C9FE01300B10107 /* UpdatePasswordViewModel.swift in Sources */,
				CE5701452C9E16DD003BD7CA /* ResetPasswordView.swift in Sources */,
				CE51504A2C9FD63B00B10107 /* SharedViews.swift in Sources */,
				CE5701432C9E0E0D003BD7CA /* User.swift in Sources */,
				CE57014A2C9E1A54003BD7CA /* CustomViews.swift in Sources */,
				CE5150352C9F258100B10107 /* SettingsView.swift in Sources */,
				CE57013C2C9E0DBE003BD7CA /* SigninView.swift in Sources */,
				CE5150552CA0153300B10107 /* SampleTabBarView.swift in Sources */,
				CE5150462C9F57D300B10107 /* Color.swift in Sources */,
				CE5150392C9F25B400B10107 /* BookingsView.swift in Sources */,
				CE57014C2C9E1CC7003BD7CA /* SignUpView.swift in Sources */,
				CE5150402C9F3B2700B10107 /* SettingsViewModel.swift in Sources */,
				CE5701472C9E16EA003BD7CA /* ResetPasswordViewModel.swift in Sources */,
				CE57017A2C9E9F2C003BD7CA /* View.swift in Sources */,
				CE5701752C9E8FC0003BD7CA /* CountryCode.swift in Sources */,
				CE57017C2C9F24C1003BD7CA /* MainTabView.swift in Sources */,
				CE5150482C9FD5AD00B10107 /* UpdateProfileView.swift in Sources */,
				CE5150422C9F3BD900B10107 /* UserInfoCardView.swift in Sources */,
			);
			runOnlyForDeploymentPostprocessing = 0;
		};
		CED05F0A2C95AF7200E51158 /* Sources */ = {
			isa = PBXSourcesBuildPhase;
			buildActionMask = 2147483647;
			files = (
				CED05F132C95AF7200E51158 /* TroouteTests.swift in Sources */,
			);
			runOnlyForDeploymentPostprocessing = 0;
		};
		CED05F142C95AF7200E51158 /* Sources */ = {
			isa = PBXSourcesBuildPhase;
			buildActionMask = 2147483647;
			files = (
				CED05F1D2C95AF7200E51158 /* TroouteUITests.swift in Sources */,
				CED05F1F2C95AF7200E51158 /* TroouteUITestsLaunchTests.swift in Sources */,
			);
			runOnlyForDeploymentPostprocessing = 0;
		};
/* End PBXSourcesBuildPhase section */

/* Begin PBXTargetDependency section */
		CED05F102C95AF7200E51158 /* PBXTargetDependency */ = {
			isa = PBXTargetDependency;
			target = CED05EFD2C95AF6F00E51158 /* Trooute */;
			targetProxy = CED05F0F2C95AF7200E51158 /* PBXContainerItemProxy */;
		};
		CED05F1A2C95AF7200E51158 /* PBXTargetDependency */ = {
			isa = PBXTargetDependency;
			target = CED05EFD2C95AF6F00E51158 /* Trooute */;
			targetProxy = CED05F192C95AF7200E51158 /* PBXContainerItemProxy */;
		};
/* End PBXTargetDependency section */

/* Begin XCBuildConfiguration section */
		CED05F202C95AF7200E51158 /* Debug */ = {
			isa = XCBuildConfiguration;
			buildSettings = {
				ALWAYS_SEARCH_USER_PATHS = NO;
				ASSETCATALOG_COMPILER_GENERATE_SWIFT_ASSET_SYMBOL_EXTENSIONS = YES;
				CLANG_ANALYZER_NONNULL = YES;
				CLANG_ANALYZER_NUMBER_OBJECT_CONVERSION = YES_AGGRESSIVE;
				CLANG_CXX_LANGUAGE_STANDARD = "gnu++20";
				CLANG_ENABLE_MODULES = YES;
				CLANG_ENABLE_OBJC_ARC = YES;
				CLANG_ENABLE_OBJC_WEAK = YES;
				CLANG_WARN_BLOCK_CAPTURE_AUTORELEASING = YES;
				CLANG_WARN_BOOL_CONVERSION = YES;
				CLANG_WARN_COMMA = YES;
				CLANG_WARN_CONSTANT_CONVERSION = YES;
				CLANG_WARN_DEPRECATED_OBJC_IMPLEMENTATIONS = YES;
				CLANG_WARN_DIRECT_OBJC_ISA_USAGE = YES_ERROR;
				CLANG_WARN_DOCUMENTATION_COMMENTS = YES;
				CLANG_WARN_EMPTY_BODY = YES;
				CLANG_WARN_ENUM_CONVERSION = YES;
				CLANG_WARN_INFINITE_RECURSION = YES;
				CLANG_WARN_INT_CONVERSION = YES;
				CLANG_WARN_NON_LITERAL_NULL_CONVERSION = YES;
				CLANG_WARN_OBJC_IMPLICIT_RETAIN_SELF = YES;
				CLANG_WARN_OBJC_LITERAL_CONVERSION = YES;
				CLANG_WARN_OBJC_ROOT_CLASS = YES_ERROR;
				CLANG_WARN_QUOTED_INCLUDE_IN_FRAMEWORK_HEADER = YES;
				CLANG_WARN_RANGE_LOOP_ANALYSIS = YES;
				CLANG_WARN_STRICT_PROTOTYPES = YES;
				CLANG_WARN_SUSPICIOUS_MOVE = YES;
				CLANG_WARN_UNGUARDED_AVAILABILITY = YES_AGGRESSIVE;
				CLANG_WARN_UNREACHABLE_CODE = YES;
				CLANG_WARN__DUPLICATE_METHOD_MATCH = YES;
				COPY_PHASE_STRIP = NO;
				DEBUG_INFORMATION_FORMAT = dwarf;
				ENABLE_STRICT_OBJC_MSGSEND = YES;
				ENABLE_TESTABILITY = YES;
				ENABLE_USER_SCRIPT_SANDBOXING = YES;
				GCC_C_LANGUAGE_STANDARD = gnu17;
				GCC_DYNAMIC_NO_PIC = NO;
				GCC_NO_COMMON_BLOCKS = YES;
				GCC_OPTIMIZATION_LEVEL = 0;
				GCC_PREPROCESSOR_DEFINITIONS = (
					"DEBUG=1",
					"$(inherited)",
				);
				GCC_WARN_64_TO_32_BIT_CONVERSION = YES;
				GCC_WARN_ABOUT_RETURN_TYPE = YES_ERROR;
				GCC_WARN_UNDECLARED_SELECTOR = YES;
				GCC_WARN_UNINITIALIZED_AUTOS = YES_AGGRESSIVE;
				GCC_WARN_UNUSED_FUNCTION = YES;
				GCC_WARN_UNUSED_VARIABLE = YES;
				IPHONEOS_DEPLOYMENT_TARGET = 17.5;
				LOCALIZATION_PREFERS_STRING_CATALOGS = YES;
				MTL_ENABLE_DEBUG_INFO = INCLUDE_SOURCE;
				MTL_FAST_MATH = YES;
				ONLY_ACTIVE_ARCH = YES;
				SDKROOT = iphoneos;
				SWIFT_ACTIVE_COMPILATION_CONDITIONS = "DEBUG $(inherited)";
				SWIFT_OPTIMIZATION_LEVEL = "-Onone";
			};
			name = Debug;
		};
		CED05F212C95AF7200E51158 /* Release */ = {
			isa = XCBuildConfiguration;
			buildSettings = {
				ALWAYS_SEARCH_USER_PATHS = NO;
				ASSETCATALOG_COMPILER_GENERATE_SWIFT_ASSET_SYMBOL_EXTENSIONS = YES;
				CLANG_ANALYZER_NONNULL = YES;
				CLANG_ANALYZER_NUMBER_OBJECT_CONVERSION = YES_AGGRESSIVE;
				CLANG_CXX_LANGUAGE_STANDARD = "gnu++20";
				CLANG_ENABLE_MODULES = YES;
				CLANG_ENABLE_OBJC_ARC = YES;
				CLANG_ENABLE_OBJC_WEAK = YES;
				CLANG_WARN_BLOCK_CAPTURE_AUTORELEASING = YES;
				CLANG_WARN_BOOL_CONVERSION = YES;
				CLANG_WARN_COMMA = YES;
				CLANG_WARN_CONSTANT_CONVERSION = YES;
				CLANG_WARN_DEPRECATED_OBJC_IMPLEMENTATIONS = YES;
				CLANG_WARN_DIRECT_OBJC_ISA_USAGE = YES_ERROR;
				CLANG_WARN_DOCUMENTATION_COMMENTS = YES;
				CLANG_WARN_EMPTY_BODY = YES;
				CLANG_WARN_ENUM_CONVERSION = YES;
				CLANG_WARN_INFINITE_RECURSION = YES;
				CLANG_WARN_INT_CONVERSION = YES;
				CLANG_WARN_NON_LITERAL_NULL_CONVERSION = YES;
				CLANG_WARN_OBJC_IMPLICIT_RETAIN_SELF = YES;
				CLANG_WARN_OBJC_LITERAL_CONVERSION = YES;
				CLANG_WARN_OBJC_ROOT_CLASS = YES_ERROR;
				CLANG_WARN_QUOTED_INCLUDE_IN_FRAMEWORK_HEADER = YES;
				CLANG_WARN_RANGE_LOOP_ANALYSIS = YES;
				CLANG_WARN_STRICT_PROTOTYPES = YES;
				CLANG_WARN_SUSPICIOUS_MOVE = YES;
				CLANG_WARN_UNGUARDED_AVAILABILITY = YES_AGGRESSIVE;
				CLANG_WARN_UNREACHABLE_CODE = YES;
				CLANG_WARN__DUPLICATE_METHOD_MATCH = YES;
				COPY_PHASE_STRIP = NO;
				DEBUG_INFORMATION_FORMAT = "dwarf-with-dsym";
				ENABLE_NS_ASSERTIONS = NO;
				ENABLE_STRICT_OBJC_MSGSEND = YES;
				ENABLE_USER_SCRIPT_SANDBOXING = YES;
				GCC_C_LANGUAGE_STANDARD = gnu17;
				GCC_NO_COMMON_BLOCKS = YES;
				GCC_WARN_64_TO_32_BIT_CONVERSION = YES;
				GCC_WARN_ABOUT_RETURN_TYPE = YES_ERROR;
				GCC_WARN_UNDECLARED_SELECTOR = YES;
				GCC_WARN_UNINITIALIZED_AUTOS = YES_AGGRESSIVE;
				GCC_WARN_UNUSED_FUNCTION = YES;
				GCC_WARN_UNUSED_VARIABLE = YES;
				IPHONEOS_DEPLOYMENT_TARGET = 17.5;
				LOCALIZATION_PREFERS_STRING_CATALOGS = YES;
				MTL_ENABLE_DEBUG_INFO = NO;
				MTL_FAST_MATH = YES;
				SDKROOT = iphoneos;
				SWIFT_COMPILATION_MODE = wholemodule;
				VALIDATE_PRODUCT = YES;
			};
			name = Release;
		};
		CED05F232C95AF7200E51158 /* Debug */ = {
			isa = XCBuildConfiguration;
			buildSettings = {
				ASSETCATALOG_COMPILER_APPICON_NAME = AppIcon;
				ASSETCATALOG_COMPILER_GLOBAL_ACCENT_COLOR_NAME = AccentColor;
				CODE_SIGN_STYLE = Automatic;
				CURRENT_PROJECT_VERSION = 1;
				DEVELOPMENT_ASSET_PATHS = "\"Trooute/Preview Content\"";
				DEVELOPMENT_TEAM = ZCRH48Q4SG;
				ENABLE_PREVIEWS = YES;
				GENERATE_INFOPLIST_FILE = YES;
				INFOPLIST_FILE = Trooute/Info.plist;
				INFOPLIST_KEY_UIApplicationSceneManifest_Generation = YES;
				INFOPLIST_KEY_UIApplicationSupportsIndirectInputEvents = YES;
				INFOPLIST_KEY_UISupportedInterfaceOrientations_iPad = "UIInterfaceOrientationPortrait UIInterfaceOrientationPortraitUpsideDown UIInterfaceOrientationLandscapeLeft UIInterfaceOrientationLandscapeRight";
				INFOPLIST_KEY_UISupportedInterfaceOrientations_iPhone = "UIInterfaceOrientationPortrait UIInterfaceOrientationLandscapeLeft UIInterfaceOrientationLandscapeRight";
				IPHONEOS_DEPLOYMENT_TARGET = 16.0;
				LD_RUNPATH_SEARCH_PATHS = (
					"$(inherited)",
					"@executable_path/Frameworks",
				);
				MARKETING_VERSION = 1.0;
				PRODUCT_BUNDLE_IDENTIFIER = com.nexusgroup.Trooute;
				PRODUCT_NAME = "$(TARGET_NAME)";
				SWIFT_EMIT_LOC_STRINGS = YES;
				SWIFT_VERSION = 5.0;
				TARGETED_DEVICE_FAMILY = "1,2";
			};
			name = Debug;
		};
		CED05F242C95AF7200E51158 /* Release */ = {
			isa = XCBuildConfiguration;
			buildSettings = {
				ASSETCATALOG_COMPILER_APPICON_NAME = AppIcon;
				ASSETCATALOG_COMPILER_GLOBAL_ACCENT_COLOR_NAME = AccentColor;
				CODE_SIGN_STYLE = Automatic;
				CURRENT_PROJECT_VERSION = 1;
				DEVELOPMENT_ASSET_PATHS = "\"Trooute/Preview Content\"";
				DEVELOPMENT_TEAM = ZCRH48Q4SG;
				ENABLE_PREVIEWS = YES;
				GENERATE_INFOPLIST_FILE = YES;
				INFOPLIST_FILE = Trooute/Info.plist;
				INFOPLIST_KEY_UIApplicationSceneManifest_Generation = YES;
				INFOPLIST_KEY_UIApplicationSupportsIndirectInputEvents = YES;
				INFOPLIST_KEY_UISupportedInterfaceOrientations_iPad = "UIInterfaceOrientationPortrait UIInterfaceOrientationPortraitUpsideDown UIInterfaceOrientationLandscapeLeft UIInterfaceOrientationLandscapeRight";
				INFOPLIST_KEY_UISupportedInterfaceOrientations_iPhone = "UIInterfaceOrientationPortrait UIInterfaceOrientationLandscapeLeft UIInterfaceOrientationLandscapeRight";
				IPHONEOS_DEPLOYMENT_TARGET = 16.0;
				LD_RUNPATH_SEARCH_PATHS = (
					"$(inherited)",
					"@executable_path/Frameworks",
				);
				MARKETING_VERSION = 1.0;
				PRODUCT_BUNDLE_IDENTIFIER = com.nexusgroup.Trooute;
				PRODUCT_NAME = "$(TARGET_NAME)";
				SWIFT_EMIT_LOC_STRINGS = YES;
				SWIFT_VERSION = 5.0;
				TARGETED_DEVICE_FAMILY = "1,2";
			};
			name = Release;
		};
		CED05F262C95AF7200E51158 /* Debug */ = {
			isa = XCBuildConfiguration;
			buildSettings = {
				ALWAYS_EMBED_SWIFT_STANDARD_LIBRARIES = YES;
				BUNDLE_LOADER = "$(TEST_HOST)";
				CODE_SIGN_STYLE = Automatic;
				CURRENT_PROJECT_VERSION = 1;
				DEVELOPMENT_TEAM = ZCRH48Q4SG;
				GENERATE_INFOPLIST_FILE = YES;
				IPHONEOS_DEPLOYMENT_TARGET = 17.5;
				MARKETING_VERSION = 1.0;
				PRODUCT_BUNDLE_IDENTIFIER = com.nexusgroup.TroouteTests;
				PRODUCT_NAME = "$(TARGET_NAME)";
				SWIFT_EMIT_LOC_STRINGS = NO;
				SWIFT_VERSION = 5.0;
				TARGETED_DEVICE_FAMILY = "1,2";
				TEST_HOST = "$(BUILT_PRODUCTS_DIR)/Trooute.app/$(BUNDLE_EXECUTABLE_FOLDER_PATH)/Trooute";
			};
			name = Debug;
		};
		CED05F272C95AF7200E51158 /* Release */ = {
			isa = XCBuildConfiguration;
			buildSettings = {
				ALWAYS_EMBED_SWIFT_STANDARD_LIBRARIES = YES;
				BUNDLE_LOADER = "$(TEST_HOST)";
				CODE_SIGN_STYLE = Automatic;
				CURRENT_PROJECT_VERSION = 1;
				DEVELOPMENT_TEAM = ZCRH48Q4SG;
				GENERATE_INFOPLIST_FILE = YES;
				IPHONEOS_DEPLOYMENT_TARGET = 17.5;
				MARKETING_VERSION = 1.0;
				PRODUCT_BUNDLE_IDENTIFIER = com.nexusgroup.TroouteTests;
				PRODUCT_NAME = "$(TARGET_NAME)";
				SWIFT_EMIT_LOC_STRINGS = NO;
				SWIFT_VERSION = 5.0;
				TARGETED_DEVICE_FAMILY = "1,2";
				TEST_HOST = "$(BUILT_PRODUCTS_DIR)/Trooute.app/$(BUNDLE_EXECUTABLE_FOLDER_PATH)/Trooute";
			};
			name = Release;
		};
		CED05F292C95AF7200E51158 /* Debug */ = {
			isa = XCBuildConfiguration;
			buildSettings = {
				ALWAYS_EMBED_SWIFT_STANDARD_LIBRARIES = YES;
				CODE_SIGN_STYLE = Automatic;
				CURRENT_PROJECT_VERSION = 1;
				DEVELOPMENT_TEAM = ZCRH48Q4SG;
				GENERATE_INFOPLIST_FILE = YES;
				MARKETING_VERSION = 1.0;
				PRODUCT_BUNDLE_IDENTIFIER = com.nexusgroup.TroouteUITests;
				PRODUCT_NAME = "$(TARGET_NAME)";
				SWIFT_EMIT_LOC_STRINGS = NO;
				SWIFT_VERSION = 5.0;
				TARGETED_DEVICE_FAMILY = "1,2";
				TEST_TARGET_NAME = Trooute;
			};
			name = Debug;
		};
		CED05F2A2C95AF7200E51158 /* Release */ = {
			isa = XCBuildConfiguration;
			buildSettings = {
				ALWAYS_EMBED_SWIFT_STANDARD_LIBRARIES = YES;
				CODE_SIGN_STYLE = Automatic;
				CURRENT_PROJECT_VERSION = 1;
				DEVELOPMENT_TEAM = ZCRH48Q4SG;
				GENERATE_INFOPLIST_FILE = YES;
				MARKETING_VERSION = 1.0;
				PRODUCT_BUNDLE_IDENTIFIER = com.nexusgroup.TroouteUITests;
				PRODUCT_NAME = "$(TARGET_NAME)";
				SWIFT_EMIT_LOC_STRINGS = NO;
				SWIFT_VERSION = 5.0;
				TARGETED_DEVICE_FAMILY = "1,2";
				TEST_TARGET_NAME = Trooute;
			};
			name = Release;
		};
/* End XCBuildConfiguration section */

/* Begin XCConfigurationList section */
		CED05EF92C95AF6F00E51158 /* Build configuration list for PBXProject "Trooute" */ = {
			isa = XCConfigurationList;
			buildConfigurations = (
				CED05F202C95AF7200E51158 /* Debug */,
				CED05F212C95AF7200E51158 /* Release */,
			);
			defaultConfigurationIsVisible = 0;
			defaultConfigurationName = Release;
		};
		CED05F222C95AF7200E51158 /* Build configuration list for PBXNativeTarget "Trooute" */ = {
			isa = XCConfigurationList;
			buildConfigurations = (
				CED05F232C95AF7200E51158 /* Debug */,
				CED05F242C95AF7200E51158 /* Release */,
			);
			defaultConfigurationIsVisible = 0;
			defaultConfigurationName = Release;
		};
		CED05F252C95AF7200E51158 /* Build configuration list for PBXNativeTarget "TroouteTests" */ = {
			isa = XCConfigurationList;
			buildConfigurations = (
				CED05F262C95AF7200E51158 /* Debug */,
				CED05F272C95AF7200E51158 /* Release */,
			);
			defaultConfigurationIsVisible = 0;
			defaultConfigurationName = Release;
		};
		CED05F282C95AF7200E51158 /* Build configuration list for PBXNativeTarget "TroouteUITests" */ = {
			isa = XCConfigurationList;
			buildConfigurations = (
				CED05F292C95AF7200E51158 /* Debug */,
				CED05F2A2C95AF7200E51158 /* Release */,
			);
			defaultConfigurationIsVisible = 0;
			defaultConfigurationName = Release;
		};
/* End XCConfigurationList section */
	};
	rootObject = CED05EF62C95AF6F00E51158 /* Project object */;
}
