// !$*UTF8*$!
{
	archiveVersion = 1;
	classes = {
	};
	objectVersion = 56;
	objects = {

/* Begin PBXBuildFile section */
		CE0081A42CA1DF3A00D84ACB /* Test.swift in Sources */ = {isa = PBXBuildFile; fileRef = CE0081A32CA1DF3700D84ACB /* Test.swift */; };
		CE08540C2CB29B4100A3E422 /* PictureView.swift in Sources */ = {isa = PBXBuildFile; fileRef = CE08540B2CB29AE800A3E422 /* PictureView.swift */; };
		CE08540E2CB29B8000A3E422 /* CameraView.swift in Sources */ = {isa = PBXBuildFile; fileRef = CE08540D2CB29B7800A3E422 /* CameraView.swift */; };
		CE0854102CB29BD600A3E422 /* CustomDropdownField.swift in Sources */ = {isa = PBXBuildFile; fileRef = CE08540F2CB29BD500A3E422 /* CustomDropdownField.swift */; };
		CE0854142CB3176800A3E422 /* BluePriceView.swift in Sources */ = {isa = PBXBuildFile; fileRef = CE0854132CB3175C00A3E422 /* BluePriceView.swift */; };
		CE0854242CB31E1C00A3E422 /* GoogleService-Info.plist in Resources */ = {isa = PBXBuildFile; fileRef = CE0854232CB31E1C00A3E422 /* GoogleService-Info.plist */; };
		CE0854262CB3AC6C00A3E422 /* GoogleAutocompleteView.swift in Sources */ = {isa = PBXBuildFile; fileRef = CE0854252CB3AC6900A3E422 /* GoogleAutocompleteView.swift */; };
		CE0854282CB3B03100A3E422 /* GooglePlacesModifier.swift in Sources */ = {isa = PBXBuildFile; fileRef = CE0854272CB3B02F00A3E422 /* GooglePlacesModifier.swift */; };
		CE179D4C2CAC3AB900FFC206 /* WebViewModel.swift in Sources */ = {isa = PBXBuildFile; fileRef = CE179D4B2CAC3AB700FFC206 /* WebViewModel.swift */; };
		CE179D4E2CAC3B0900FFC206 /* WebView.swift in Sources */ = {isa = PBXBuildFile; fileRef = CE179D4D2CAC3B0900FFC206 /* WebView.swift */; };
		CE179D502CAC40C400FFC206 /* TripInfo.swift in Sources */ = {isa = PBXBuildFile; fileRef = CE179D4F2CAC40B900FFC206 /* TripInfo.swift */; };
		CE179D522CAC439400FFC206 /* WishViewModel.swift in Sources */ = {isa = PBXBuildFile; fileRef = CE179D512CAC438C00FFC206 /* WishViewModel.swift */; };
		CE179D542CAC43C200FFC206 /* WishView.swift in Sources */ = {isa = PBXBuildFile; fileRef = CE179D532CAC43C200FFC206 /* WishView.swift */; };
		CE179D562CAC443C00FFC206 /* GetTripListResponse.swift in Sources */ = {isa = PBXBuildFile; fileRef = CE179D552CAC442D00FFC206 /* GetTripListResponse.swift */; };
		CE179D582CAC8C1700FFC206 /* DriverTripCell.swift in Sources */ = {isa = PBXBuildFile; fileRef = CE179D572CAC8C1700FFC206 /* DriverTripCell.swift */; };
		CE1D67DE2CA800DA0070970D /* CarInfoViewModel.swift in Sources */ = {isa = PBXBuildFile; fileRef = CE1D67DD2CA800DA0070970D /* CarInfoViewModel.swift */; };
		CE1D67E02CA8624D0070970D /* BookTripView.swift in Sources */ = {isa = PBXBuildFile; fileRef = CE1D67DF2CA8624D0070970D /* BookTripView.swift */; };
		CE1D67F62CA86ED50070970D /* BookTripViewModel.swift in Sources */ = {isa = PBXBuildFile; fileRef = CE1D67F52CA86ED30070970D /* BookTripViewModel.swift */; };
		CE1D67F82CA88C9C0070970D /* ProceedView.swift in Sources */ = {isa = PBXBuildFile; fileRef = CE1D67F72CA88C9C0070970D /* ProceedView.swift */; };
		CE1D67FA2CA88CF70070970D /* ProceedViewModel.swift in Sources */ = {isa = PBXBuildFile; fileRef = CE1D67F92CA88CF40070970D /* ProceedViewModel.swift */; };
		CE1D67FE2CA93E760070970D /* GetBookingsResponse.swift in Sources */ = {isa = PBXBuildFile; fileRef = CE1D67FD2CA93E730070970D /* GetBookingsResponse.swift */; };
		CE1D68002CA93ED40070970D /* BookingData.swift in Sources */ = {isa = PBXBuildFile; fileRef = CE1D67FF2CA93ED10070970D /* BookingData.swift */; };
		CE1D68042CA940100070970D /* Review.swift in Sources */ = {isa = PBXBuildFile; fileRef = CE1D68032CA9400C0070970D /* Review.swift */; };
		CE1D68082CA944C40070970D /* BookingsViewModel.swift in Sources */ = {isa = PBXBuildFile; fileRef = CE1D68072CA944C20070970D /* BookingsViewModel.swift */; };
		CE1D680A2CA9470D0070970D /* BookingCardView.swift in Sources */ = {isa = PBXBuildFile; fileRef = CE1D68092CA9470D0070970D /* BookingCardView.swift */; };
		CE1D680C2CA9474F0070970D /* BookingCardViewModel.swift in Sources */ = {isa = PBXBuildFile; fileRef = CE1D680B2CA9474F0070970D /* BookingCardViewModel.swift */; };
		CE1D680E2CA9C3B10070970D /* GetBookingDetailsResponse.swift in Sources */ = {isa = PBXBuildFile; fileRef = CE1D680D2CA9C3B10070970D /* GetBookingDetailsResponse.swift */; };
		CE1D68102CA9C4BA0070970D /* BookingDetailsView.swift in Sources */ = {isa = PBXBuildFile; fileRef = CE1D680F2CA9C4BA0070970D /* BookingDetailsView.swift */; };
		CE1D68122CA9C4DA0070970D /* BookingDetailsViewModel.swift in Sources */ = {isa = PBXBuildFile; fileRef = CE1D68112CA9C4D50070970D /* BookingDetailsViewModel.swift */; };
		CE1D68142CAB1AD80070970D /* TripDetailsViewComponents.swift in Sources */ = {isa = PBXBuildFile; fileRef = CE1D68132CAB1ACC0070970D /* TripDetailsViewComponents.swift */; };
		CE270B952CB069C500B9CFDC /* BookingConfirmedView.swift in Sources */ = {isa = PBXBuildFile; fileRef = CE270B942CB069C500B9CFDC /* BookingConfirmedView.swift */; };
		CE270B972CB0765000B9CFDC /* NavigationUtil.swift in Sources */ = {isa = PBXBuildFile; fileRef = CE270B962CB0764E00B9CFDC /* NavigationUtil.swift */; };
		CE270B992CB07C5600B9CFDC /* BecomeDriverView.swift in Sources */ = {isa = PBXBuildFile; fileRef = CE270B982CB07C5600B9CFDC /* BecomeDriverView.swift */; };
		CE270B9B2CB0864D00B9CFDC /* BecomeDriverViewModel.swift in Sources */ = {isa = PBXBuildFile; fileRef = CE270B9A2CB0864900B9CFDC /* BecomeDriverViewModel.swift */; };
		CE28F12A2CB71F1F001CF2A1 /* GoogleAutocompleteViewModel.swift in Sources */ = {isa = PBXBuildFile; fileRef = CE28F1292CB71F1B001CF2A1 /* GoogleAutocompleteViewModel.swift */; };
		CE28F12C2CB72325001CF2A1 /* SearchedLocation.swift in Sources */ = {isa = PBXBuildFile; fileRef = CE28F12B2CB7231E001CF2A1 /* SearchedLocation.swift */; };
		CE4E3D752CA356CD005C3CEE /* FAQView.swift in Sources */ = {isa = PBXBuildFile; fileRef = CE4E3D742CA356CD005C3CEE /* FAQView.swift */; };
		CE4E3D772CA35794005C3CEE /* FAQViewModel.swift in Sources */ = {isa = PBXBuildFile; fileRef = CE4E3D762CA3578A005C3CEE /* FAQViewModel.swift */; };
		CE4E3D792CA357C8005C3CEE /* FAQ.swift in Sources */ = {isa = PBXBuildFile; fileRef = CE4E3D782CA357B5005C3CEE /* FAQ.swift */; };
		CE4E3D7F2CA49A85005C3CEE /* InvertedTriangle.swift in Sources */ = {isa = PBXBuildFile; fileRef = CE4E3D7E2CA49A82005C3CEE /* InvertedTriangle.swift */; };
		CE4E3D812CA49AC4005C3CEE /* Date.swift in Sources */ = {isa = PBXBuildFile; fileRef = CE4E3D802CA49ABE005C3CEE /* Date.swift */; };
		CE4E3D832CA49C76005C3CEE /* TripsViewModel.swift in Sources */ = {isa = PBXBuildFile; fileRef = CE4E3D822CA49C71005C3CEE /* TripsViewModel.swift */; };
		CE4E3D862CA4A3AD005C3CEE /* Utils.swift in Sources */ = {isa = PBXBuildFile; fileRef = CE4E3D852CA4A3AA005C3CEE /* Utils.swift */; };
		CE4E3DF32CA5A54A005C3CEE /* TripsData.swift in Sources */ = {isa = PBXBuildFile; fileRef = CE4E3DF22CA5A548005C3CEE /* TripsData.swift */; };
		CE4E3DF52CA5A6C1005C3CEE /* Trip.swift in Sources */ = {isa = PBXBuildFile; fileRef = CE4E3DF42CA5A6BD005C3CEE /* Trip.swift */; };
		CE4E3DF72CA5A715005C3CEE /* Driver.swift in Sources */ = {isa = PBXBuildFile; fileRef = CE4E3DF62CA5A70E005C3CEE /* Driver.swift */; };
		CE4E3DF92CA5A741005C3CEE /* CarDetails.swift in Sources */ = {isa = PBXBuildFile; fileRef = CE4E3DF82CA5A73D005C3CEE /* CarDetails.swift */; };
		CE4E3DFB2CA5A787005C3CEE /* ReviewsStats.swift in Sources */ = {isa = PBXBuildFile; fileRef = CE4E3DFA2CA5A785005C3CEE /* ReviewsStats.swift */; };
		CE4E3DFD2CA5B184005C3CEE /* LuggageRestrictions.swift in Sources */ = {isa = PBXBuildFile; fileRef = CE4E3DFC2CA5B182005C3CEE /* LuggageRestrictions.swift */; };
		CE4E3DFF2CA5B2C1005C3CEE /* Passenger.swift in Sources */ = {isa = PBXBuildFile; fileRef = CE4E3DFE2CA5B2BB005C3CEE /* Passenger.swift */; };
		CE4E3E012CA5B353005C3CEE /* Booking.swift in Sources */ = {isa = PBXBuildFile; fileRef = CE4E3E002CA5B351005C3CEE /* Booking.swift */; };
		CE4E3E062CA5C1FA005C3CEE /* GetTripsResponse.swift in Sources */ = {isa = PBXBuildFile; fileRef = CE4E3E052CA5C1F6005C3CEE /* GetTripsResponse.swift */; };
		CE4E3E082CA5C21A005C3CEE /* GetTripDetailsResponse.swift in Sources */ = {isa = PBXBuildFile; fileRef = CE4E3E072CA5C219005C3CEE /* GetTripDetailsResponse.swift */; };
		CE4E3E0A2CA5C2D5005C3CEE /* SearchResults.swift in Sources */ = {isa = PBXBuildFile; fileRef = CE4E3E092CA5C2D5005C3CEE /* SearchResults.swift */; };
		CE4E3E0C2CA5C533005C3CEE /* SearchResultsViewModel.swift in Sources */ = {isa = PBXBuildFile; fileRef = CE4E3E0B2CA5C52F005C3CEE /* SearchResultsViewModel.swift */; };
		CE4E3E0E2CA5C558005C3CEE /* TripCardView.swift in Sources */ = {isa = PBXBuildFile; fileRef = CE4E3E0D2CA5C556005C3CEE /* TripCardView.swift */; };
		CE4E3E102CA5C5C5005C3CEE /* TripCardViewModel.swift in Sources */ = {isa = PBXBuildFile; fileRef = CE4E3E0F2CA5C5C1005C3CEE /* TripCardViewModel.swift */; };
		CE4E3E122CA5C97F005C3CEE /* MockDate.swift in Sources */ = {isa = PBXBuildFile; fileRef = CE4E3E112CA5C979005C3CEE /* MockDate.swift */; };
		CE4E3E142CA5D948005C3CEE /* Constants.swift in Sources */ = {isa = PBXBuildFile; fileRef = CE4E3E132CA5D93D005C3CEE /* Constants.swift */; };
		CE4E3E172CA5E728005C3CEE /* SDWebImageSwiftUI in Frameworks */ = {isa = PBXBuildFile; productRef = CE4E3E162CA5E728005C3CEE /* SDWebImageSwiftUI */; };
		CE4E3E192CA5ED1A005C3CEE /* DriverCarView.swift in Sources */ = {isa = PBXBuildFile; fileRef = CE4E3E182CA5ED1A005C3CEE /* DriverCarView.swift */; };
		CE4E3E1B2CA5F6B8005C3CEE /* TripRouteView.swift in Sources */ = {isa = PBXBuildFile; fileRef = CE4E3E1A2CA5F6B8005C3CEE /* TripRouteView.swift */; };
		CE4E3E882CA73656005C3CEE /* DriverCarViewModel.swift in Sources */ = {isa = PBXBuildFile; fileRef = CE4E3E872CA73652005C3CEE /* DriverCarViewModel.swift */; };
		CE4E3E8E2CA74945005C3CEE /* TripRouteModel.swift in Sources */ = {isa = PBXBuildFile; fileRef = CE4E3E8D2CA7492F005C3CEE /* TripRouteModel.swift */; };
		CE4E3E902CA753C4005C3CEE /* CheckboxStyle.swift in Sources */ = {isa = PBXBuildFile; fileRef = CE4E3E8F2CA753B3005C3CEE /* CheckboxStyle.swift */; };
		CE4E3E922CA758A1005C3CEE /* TripDetailsView.swift in Sources */ = {isa = PBXBuildFile; fileRef = CE4E3E912CA758A1005C3CEE /* TripDetailsView.swift */; };
		CE4E3E942CA7636D005C3CEE /* MasterDetailsView.swift in Sources */ = {isa = PBXBuildFile; fileRef = CE4E3E932CA7636D005C3CEE /* MasterDetailsView.swift */; };
		CE4E3EA02CA76BDE005C3CEE /* TripDetailsViewModel.swift in Sources */ = {isa = PBXBuildFile; fileRef = CE4E3E9F2CA76BD3005C3CEE /* TripDetailsViewModel.swift */; };
		CE4E3EA22CA7DE1A005C3CEE /* String.swift in Sources */ = {isa = PBXBuildFile; fileRef = CE4E3EA12CA7DE10005C3CEE /* String.swift */; };
		CE4E3EA42CA7E7A9005C3CEE /* UserInfoCardViewModel.swift in Sources */ = {isa = PBXBuildFile; fileRef = CE4E3EA32CA7E7A3005C3CEE /* UserInfoCardViewModel.swift */; };
		CE4E3EA62CA7EC1C005C3CEE /* UserProfile.swift in Sources */ = {isa = PBXBuildFile; fileRef = CE4E3EA52CA7EC15005C3CEE /* UserProfile.swift */; };
		CE4E3EA82CA7F12E005C3CEE /* SigninResponse.swift in Sources */ = {isa = PBXBuildFile; fileRef = CE4E3EA72CA7F123005C3CEE /* SigninResponse.swift */; };
		CE5150352C9F258100B10107 /* SettingsView.swift in Sources */ = {isa = PBXBuildFile; fileRef = CE5150342C9F258100B10107 /* SettingsView.swift */; };
		CE5150372C9F259200B10107 /* InboxView.swift in Sources */ = {isa = PBXBuildFile; fileRef = CE5150362C9F259200B10107 /* InboxView.swift */; };
		CE5150392C9F25B400B10107 /* BookingsView.swift in Sources */ = {isa = PBXBuildFile; fileRef = CE5150382C9F25B400B10107 /* BookingsView.swift */; };
		CE51503B2C9F25C400B10107 /* TripsView.swift in Sources */ = {isa = PBXBuildFile; fileRef = CE51503A2C9F25C400B10107 /* TripsView.swift */; };
		CE5150402C9F3B2700B10107 /* SettingsViewModel.swift in Sources */ = {isa = PBXBuildFile; fileRef = CE51503F2C9F3B2000B10107 /* SettingsViewModel.swift */; };
		CE5150422C9F3BD900B10107 /* UserInfoCardView.swift in Sources */ = {isa = PBXBuildFile; fileRef = CE5150412C9F3BD900B10107 /* UserInfoCardView.swift */; };
		CE5150442C9F512700B10107 /* CarInfoView.swift in Sources */ = {isa = PBXBuildFile; fileRef = CE5150432C9F512700B10107 /* CarInfoView.swift */; };
		CE5150462C9F57D300B10107 /* Color.swift in Sources */ = {isa = PBXBuildFile; fileRef = CE5150452C9F57CE00B10107 /* Color.swift */; };
		CE5150482C9FD5AD00B10107 /* UpdateProfileView.swift in Sources */ = {isa = PBXBuildFile; fileRef = CE5150472C9FD5AD00B10107 /* UpdateProfileView.swift */; };
		CE51504A2C9FD63B00B10107 /* RoundProfilePictureView.swift in Sources */ = {isa = PBXBuildFile; fileRef = CE5150492C9FD63300B10107 /* RoundProfilePictureView.swift */; };
		CE51504C2C9FD8A800B10107 /* UpdateProfileViewModel.swift in Sources */ = {isa = PBXBuildFile; fileRef = CE51504B2C9FD8A100B10107 /* UpdateProfileViewModel.swift */; };
		CE51504E2C9FDC8400B10107 /* UpdatePasswordView.swift in Sources */ = {isa = PBXBuildFile; fileRef = CE51504D2C9FDC8400B10107 /* UpdatePasswordView.swift */; };
		CE5150502C9FE01300B10107 /* UpdatePasswordViewModel.swift in Sources */ = {isa = PBXBuildFile; fileRef = CE51504F2C9FE00E00B10107 /* UpdatePasswordViewModel.swift */; };
		CE5150552CA0153300B10107 /* TabBarView.swift in Sources */ = {isa = PBXBuildFile; fileRef = CE5150542CA0152B00B10107 /* TabBarView.swift */; };
		CE5150682CA035A800B10107 /* UITabBarControllerRepresentable.swift in Sources */ = {isa = PBXBuildFile; fileRef = CE5150612CA035A800B10107 /* UITabBarControllerRepresentable.swift */; };
		CE5150692CA035A800B10107 /* CustomTabView.swift in Sources */ = {isa = PBXBuildFile; fileRef = CE5150652CA035A800B10107 /* CustomTabView.swift */; };
		CE51506E2CA035A800B10107 /* EnvironmentValues+TabBarPosition.swift in Sources */ = {isa = PBXBuildFile; fileRef = CE5150662CA035A800B10107 /* EnvironmentValues+TabBarPosition.swift */; };
		CE51506F2CA035A800B10107 /* KeyboardReadable.swift in Sources */ = {isa = PBXBuildFile; fileRef = CE5150602CA035A800B10107 /* KeyboardReadable.swift */; };
		CE5150752CA093CB00B10107 /* OnboardView.swift in Sources */ = {isa = PBXBuildFile; fileRef = CE5150742CA093CB00B10107 /* OnboardView.swift */; };
		CE5150772CA0AFA600B10107 /* CreateTripView.swift in Sources */ = {isa = PBXBuildFile; fileRef = CE5150762CA0AFA600B10107 /* CreateTripView.swift */; };
		CE5150792CA0AFAE00B10107 /* CreateTripViewModel.swift in Sources */ = {isa = PBXBuildFile; fileRef = CE5150782CA0AFAB00B10107 /* CreateTripViewModel.swift */; };
		CE51507B2CA0B21800B10107 /* DashedLine.swift in Sources */ = {isa = PBXBuildFile; fileRef = CE51507A2CA0B21600B10107 /* DashedLine.swift */; };
		CE51507D2CA0B25700B10107 /* CustomCalendarView.swift in Sources */ = {isa = PBXBuildFile; fileRef = CE51507C2CA0B25500B10107 /* CustomCalendarView.swift */; };
		CE5227CD2CBAAD84005C1175 /* SwiftLoader in Frameworks */ = {isa = PBXBuildFile; productRef = CE5227CC2CBAAD84005C1175 /* SwiftLoader */; };
		CE5227D02CBABA6B005C1175 /* FirebaseCore in Frameworks */ = {isa = PBXBuildFile; productRef = CE5227CF2CBABA6B005C1175 /* FirebaseCore */; };
		CE5227D32CBABAC3005C1175 /* CurrencyField in Frameworks */ = {isa = PBXBuildFile; productRef = CE5227D22CBABAC3005C1175 /* CurrencyField */; };
		CE5227DF2CBADE3F005C1175 /* LoggedInUser.swift in Sources */ = {isa = PBXBuildFile; fileRef = CE5227DE2CBADE31005C1175 /* LoggedInUser.swift */; };
		CE5227E22CBAE2A5005C1175 /* VerificationView.swift in Sources */ = {isa = PBXBuildFile; fileRef = CE5227E12CBAE2A5005C1175 /* VerificationView.swift */; };
		CE5227E42CBAE2E7005C1175 /* VerificationViewModel.swift in Sources */ = {isa = PBXBuildFile; fileRef = CE5227E32CBAE2D7005C1175 /* VerificationViewModel.swift */; };
		CE5227E72CBAF7AE005C1175 /* SignupRequest.swift in Sources */ = {isa = PBXBuildFile; fileRef = CE5227E62CBAF7A2005C1175 /* SignupRequest.swift */; };
		CE5227E92CBAF7B6005C1175 /* SignupResponse.swift in Sources */ = {isa = PBXBuildFile; fileRef = CE5227E82CBAF7B1005C1175 /* SignupResponse.swift */; };
		CE5227EF2CBAFE0A005C1175 /* SignupRepository.swift in Sources */ = {isa = PBXBuildFile; fileRef = CE5227EE2CBAFE0A005C1175 /* SignupRepository.swift */; };
		CE5227F12CBB1DA1005C1175 /* Image.swift in Sources */ = {isa = PBXBuildFile; fileRef = CE5227F02CBB1D9D005C1175 /* Image.swift */; };
		CE5227F62CBB9228005C1175 /* VerificationRepository.swift in Sources */ = {isa = PBXBuildFile; fileRef = CE5227F52CBB921A005C1175 /* VerificationRepository.swift */; };
		CE5227F92CBB975D005C1175 /* OTPVerificationRequest.swift in Sources */ = {isa = PBXBuildFile; fileRef = CE5227F82CBB974B005C1175 /* OTPVerificationRequest.swift */; };
		CE5227FB2CBB9E9F005C1175 /* ResendOTPRequest.swift in Sources */ = {isa = PBXBuildFile; fileRef = CE5227FA2CBB9E9F005C1175 /* ResendOTPRequest.swift */; };
		CE5227FE2CBBAB00005C1175 /* ReestPasswordRequest.swift in Sources */ = {isa = PBXBuildFile; fileRef = CE5227FD2CBBAAFB005C1175 /* ReestPasswordRequest.swift */; };
		CE5228012CBBABD1005C1175 /* ResetPasswordRepository.swift in Sources */ = {isa = PBXBuildFile; fileRef = CE5228002CBBABD1005C1175 /* ResetPasswordRepository.swift */; };
		CE57013A2C9E0BCA003BD7CA /* LaunchScreen.storyboard in Resources */ = {isa = PBXBuildFile; fileRef = CE5701392C9E0BCA003BD7CA /* LaunchScreen.storyboard */; };
		CE57013C2C9E0DBE003BD7CA /* SigninView.swift in Sources */ = {isa = PBXBuildFile; fileRef = CE57013B2C9E0DBE003BD7CA /* SigninView.swift */; };
		CE5701402C9E0DF6003BD7CA /* SigninViewModel.swift in Sources */ = {isa = PBXBuildFile; fileRef = CE57013F2C9E0DEB003BD7CA /* SigninViewModel.swift */; };
		CE5701432C9E0E0D003BD7CA /* User.swift in Sources */ = {isa = PBXBuildFile; fileRef = CE5701422C9E0E05003BD7CA /* User.swift */; };
		CE5701452C9E16DD003BD7CA /* ResetPasswordView.swift in Sources */ = {isa = PBXBuildFile; fileRef = CE5701442C9E16DD003BD7CA /* ResetPasswordView.swift */; };
		CE5701472C9E16EA003BD7CA /* ResetPasswordViewModel.swift in Sources */ = {isa = PBXBuildFile; fileRef = CE5701462C9E16E4003BD7CA /* ResetPasswordViewModel.swift */; };
		CE57014A2C9E1A54003BD7CA /* CustomViews.swift in Sources */ = {isa = PBXBuildFile; fileRef = CE5701492C9E1A4C003BD7CA /* CustomViews.swift */; };
		CE57014C2C9E1CC7003BD7CA /* SignUpView.swift in Sources */ = {isa = PBXBuildFile; fileRef = CE57014B2C9E1CC7003BD7CA /* SignUpView.swift */; };
		CE57014E2C9E1DC0003BD7CA /* SignUpViewModel.swift in Sources */ = {isa = PBXBuildFile; fileRef = CE57014D2C9E1DBB003BD7CA /* SignUpViewModel.swift */; };
		CE5701712C9E8BD4003BD7CA /* CountryNumbers.json in Resources */ = {isa = PBXBuildFile; fileRef = CE5701702C9E8BD4003BD7CA /* CountryNumbers.json */; };
		CE5701752C9E8FC0003BD7CA /* CountryCode.swift in Sources */ = {isa = PBXBuildFile; fileRef = CE5701742C9E8FB3003BD7CA /* CountryCode.swift */; };
		CE5701782C9E96B9003BD7CA /* Bundle.swift in Sources */ = {isa = PBXBuildFile; fileRef = CE5701772C9E96B8003BD7CA /* Bundle.swift */; };
		CE57017A2C9E9F2C003BD7CA /* View.swift in Sources */ = {isa = PBXBuildFile; fileRef = CE5701792C9E9F29003BD7CA /* View.swift */; };
		CE57017C2C9F24C1003BD7CA /* MainTabView.swift in Sources */ = {isa = PBXBuildFile; fileRef = CE57017B2C9F24C1003BD7CA /* MainTabView.swift */; };
		CEA18AC02CBBB6820096545F /* BasicResponse.swift in Sources */ = {isa = PBXBuildFile; fileRef = CEA18ABF2CBBB6750096545F /* BasicResponse.swift */; };
		CEA18AC42CBBCDB10096545F /* MainTabViewModel.swift in Sources */ = {isa = PBXBuildFile; fileRef = CEA18AC32CBBCDAC0096545F /* MainTabViewModel.swift */; };
		CEA18AC62CBBCDEA0096545F /* MainTabViewRepository.swift in Sources */ = {isa = PBXBuildFile; fileRef = CEA18AC52CBBCDDE0096545F /* MainTabViewRepository.swift */; };
		CEA18AC82CBBE8340096545F /* StorageCodable.swift in Sources */ = {isa = PBXBuildFile; fileRef = CEA18AC72CBBE82D0096545F /* StorageCodable.swift */; };
		CED05F022C95AF7000E51158 /* TroouteApp.swift in Sources */ = {isa = PBXBuildFile; fileRef = CED05F012C95AF7000E51158 /* TroouteApp.swift */; };
		CED05F042C95AF7000E51158 /* ContentView.swift in Sources */ = {isa = PBXBuildFile; fileRef = CED05F032C95AF7000E51158 /* ContentView.swift */; };
		CED05F062C95AF7100E51158 /* Assets.xcassets in Resources */ = {isa = PBXBuildFile; fileRef = CED05F052C95AF7100E51158 /* Assets.xcassets */; };
		CED05F092C95AF7100E51158 /* Preview Assets.xcassets in Resources */ = {isa = PBXBuildFile; fileRef = CED05F082C95AF7100E51158 /* Preview Assets.xcassets */; };
		CED05F132C95AF7200E51158 /* TroouteTests.swift in Sources */ = {isa = PBXBuildFile; fileRef = CED05F122C95AF7200E51158 /* TroouteTests.swift */; };
		CED05F1D2C95AF7200E51158 /* TroouteUITests.swift in Sources */ = {isa = PBXBuildFile; fileRef = CED05F1C2C95AF7200E51158 /* TroouteUITests.swift */; };
		CED05F1F2C95AF7200E51158 /* TroouteUITestsLaunchTests.swift in Sources */ = {isa = PBXBuildFile; fileRef = CED05F1E2C95AF7200E51158 /* TroouteUITestsLaunchTests.swift */; };
		CEEEA2892CBA5DE9006B8ECE /* SigninRequest.swift in Sources */ = {isa = PBXBuildFile; fileRef = CEEEA2882CBA5DDF006B8ECE /* SigninRequest.swift */; };
		CEEEA28B2CBA8F33006B8ECE /* SigninRepository.swift in Sources */ = {isa = PBXBuildFile; fileRef = CEEEA28A2CBA8F32006B8ECE /* SigninRepository.swift */; };
		CEEEA2912CBA960D006B8ECE /* BaseResponse.swift in Sources */ = {isa = PBXBuildFile; fileRef = CEEEA2902CBA95FC006B8ECE /* BaseResponse.swift */; };
		CEEEA2952CBA982F006B8ECE /* NetworkService.swift in Sources */ = {isa = PBXBuildFile; fileRef = CEEEA2942CBA982E006B8ECE /* NetworkService.swift */; };
		CEEEA2982CBA9BE3006B8ECE /* BRYXBanner in Frameworks */ = {isa = PBXBuildFile; productRef = CEEEA2972CBA9BE3006B8ECE /* BRYXBanner */; };
		CEEEA29A2CBA9BF6006B8ECE /* BannerHelper.swift in Sources */ = {isa = PBXBuildFile; fileRef = CEEEA2992CBA9BF2006B8ECE /* BannerHelper.swift */; };
		CEEEA2AA2CBA9D7D006B8ECE /* Logs.swift in Sources */ = {isa = PBXBuildFile; fileRef = CEEEA2A82CBA9D7D006B8ECE /* Logs.swift */; };
		CEEEA2AB2CBA9D7D006B8ECE /* BaseDestination.swift in Sources */ = {isa = PBXBuildFile; fileRef = CEEEA2A52CBA9D7D006B8ECE /* BaseDestination.swift */; };
		CEEEA2AC2CBA9D7D006B8ECE /* FileDestination.swift in Sources */ = {isa = PBXBuildFile; fileRef = CEEEA2A72CBA9D7D006B8ECE /* FileDestination.swift */; };
		CEEEA2AD2CBA9D7D006B8ECE /* ConsoleDestination.swift in Sources */ = {isa = PBXBuildFile; fileRef = CEEEA2A62CBA9D7D006B8ECE /* ConsoleDestination.swift */; };
/* End PBXBuildFile section */

/* Begin PBXContainerItemProxy section */
		CED05F0F2C95AF7200E51158 /* PBXContainerItemProxy */ = {
			isa = PBXContainerItemProxy;
			containerPortal = CED05EF62C95AF6F00E51158 /* Project object */;
			proxyType = 1;
			remoteGlobalIDString = CED05EFD2C95AF6F00E51158;
			remoteInfo = Trooute;
		};
		CED05F192C95AF7200E51158 /* PBXContainerItemProxy */ = {
			isa = PBXContainerItemProxy;
			containerPortal = CED05EF62C95AF6F00E51158 /* Project object */;
			proxyType = 1;
			remoteGlobalIDString = CED05EFD2C95AF6F00E51158;
			remoteInfo = Trooute;
		};
/* End PBXContainerItemProxy section */

/* Begin PBXFileReference section */
		CE0081A32CA1DF3700D84ACB /* Test.swift */ = {isa = PBXFileReference; lastKnownFileType = sourcecode.swift; path = Test.swift; sourceTree = "<group>"; };
		CE08540B2CB29AE800A3E422 /* PictureView.swift */ = {isa = PBXFileReference; lastKnownFileType = sourcecode.swift; path = PictureView.swift; sourceTree = "<group>"; };
		CE08540D2CB29B7800A3E422 /* CameraView.swift */ = {isa = PBXFileReference; lastKnownFileType = sourcecode.swift; path = CameraView.swift; sourceTree = "<group>"; };
		CE08540F2CB29BD500A3E422 /* CustomDropdownField.swift */ = {isa = PBXFileReference; lastKnownFileType = sourcecode.swift; path = CustomDropdownField.swift; sourceTree = "<group>"; };
		CE0854132CB3175C00A3E422 /* BluePriceView.swift */ = {isa = PBXFileReference; lastKnownFileType = sourcecode.swift; path = BluePriceView.swift; sourceTree = "<group>"; };
		CE0854232CB31E1C00A3E422 /* GoogleService-Info.plist */ = {isa = PBXFileReference; lastKnownFileType = text.plist.xml; path = "GoogleService-Info.plist"; sourceTree = "<group>"; };
		CE0854252CB3AC6900A3E422 /* GoogleAutocompleteView.swift */ = {isa = PBXFileReference; lastKnownFileType = sourcecode.swift; path = GoogleAutocompleteView.swift; sourceTree = "<group>"; };
		CE0854272CB3B02F00A3E422 /* GooglePlacesModifier.swift */ = {isa = PBXFileReference; lastKnownFileType = sourcecode.swift; path = GooglePlacesModifier.swift; sourceTree = "<group>"; };
		CE179D4B2CAC3AB700FFC206 /* WebViewModel.swift */ = {isa = PBXFileReference; lastKnownFileType = sourcecode.swift; path = WebViewModel.swift; sourceTree = "<group>"; };
		CE179D4D2CAC3B0900FFC206 /* WebView.swift */ = {isa = PBXFileReference; lastKnownFileType = sourcecode.swift; path = WebView.swift; sourceTree = "<group>"; };
		CE179D4F2CAC40B900FFC206 /* TripInfo.swift */ = {isa = PBXFileReference; lastKnownFileType = sourcecode.swift; path = TripInfo.swift; sourceTree = "<group>"; };
		CE179D512CAC438C00FFC206 /* WishViewModel.swift */ = {isa = PBXFileReference; lastKnownFileType = sourcecode.swift; path = WishViewModel.swift; sourceTree = "<group>"; };
		CE179D532CAC43C200FFC206 /* WishView.swift */ = {isa = PBXFileReference; lastKnownFileType = sourcecode.swift; path = WishView.swift; sourceTree = "<group>"; };
		CE179D552CAC442D00FFC206 /* GetTripListResponse.swift */ = {isa = PBXFileReference; lastKnownFileType = sourcecode.swift; path = GetTripListResponse.swift; sourceTree = "<group>"; };
		CE179D572CAC8C1700FFC206 /* DriverTripCell.swift */ = {isa = PBXFileReference; lastKnownFileType = sourcecode.swift; path = DriverTripCell.swift; sourceTree = "<group>"; };
		CE1D67DD2CA800DA0070970D /* CarInfoViewModel.swift */ = {isa = PBXFileReference; lastKnownFileType = sourcecode.swift; path = CarInfoViewModel.swift; sourceTree = "<group>"; };
		CE1D67DF2CA8624D0070970D /* BookTripView.swift */ = {isa = PBXFileReference; lastKnownFileType = sourcecode.swift; path = BookTripView.swift; sourceTree = "<group>"; };
		CE1D67F52CA86ED30070970D /* BookTripViewModel.swift */ = {isa = PBXFileReference; lastKnownFileType = sourcecode.swift; path = BookTripViewModel.swift; sourceTree = "<group>"; };
		CE1D67F72CA88C9C0070970D /* ProceedView.swift */ = {isa = PBXFileReference; lastKnownFileType = sourcecode.swift; path = ProceedView.swift; sourceTree = "<group>"; };
		CE1D67F92CA88CF40070970D /* ProceedViewModel.swift */ = {isa = PBXFileReference; lastKnownFileType = sourcecode.swift; path = ProceedViewModel.swift; sourceTree = "<group>"; };
		CE1D67FD2CA93E730070970D /* GetBookingsResponse.swift */ = {isa = PBXFileReference; lastKnownFileType = sourcecode.swift; path = GetBookingsResponse.swift; sourceTree = "<group>"; };
		CE1D67FF2CA93ED10070970D /* BookingData.swift */ = {isa = PBXFileReference; lastKnownFileType = sourcecode.swift; path = BookingData.swift; sourceTree = "<group>"; };
		CE1D68032CA9400C0070970D /* Review.swift */ = {isa = PBXFileReference; lastKnownFileType = sourcecode.swift; path = Review.swift; sourceTree = "<group>"; };
		CE1D68072CA944C20070970D /* BookingsViewModel.swift */ = {isa = PBXFileReference; lastKnownFileType = sourcecode.swift; path = BookingsViewModel.swift; sourceTree = "<group>"; };
		CE1D68092CA9470D0070970D /* BookingCardView.swift */ = {isa = PBXFileReference; lastKnownFileType = sourcecode.swift; path = BookingCardView.swift; sourceTree = "<group>"; };
		CE1D680B2CA9474F0070970D /* BookingCardViewModel.swift */ = {isa = PBXFileReference; lastKnownFileType = sourcecode.swift; path = BookingCardViewModel.swift; sourceTree = "<group>"; };
		CE1D680D2CA9C3B10070970D /* GetBookingDetailsResponse.swift */ = {isa = PBXFileReference; lastKnownFileType = sourcecode.swift; path = GetBookingDetailsResponse.swift; sourceTree = "<group>"; };
		CE1D680F2CA9C4BA0070970D /* BookingDetailsView.swift */ = {isa = PBXFileReference; lastKnownFileType = sourcecode.swift; path = BookingDetailsView.swift; sourceTree = "<group>"; };
		CE1D68112CA9C4D50070970D /* BookingDetailsViewModel.swift */ = {isa = PBXFileReference; lastKnownFileType = sourcecode.swift; path = BookingDetailsViewModel.swift; sourceTree = "<group>"; };
		CE1D68132CAB1ACC0070970D /* TripDetailsViewComponents.swift */ = {isa = PBXFileReference; lastKnownFileType = sourcecode.swift; path = TripDetailsViewComponents.swift; sourceTree = "<group>"; };
		CE270B942CB069C500B9CFDC /* BookingConfirmedView.swift */ = {isa = PBXFileReference; lastKnownFileType = sourcecode.swift; path = BookingConfirmedView.swift; sourceTree = "<group>"; };
		CE270B962CB0764E00B9CFDC /* NavigationUtil.swift */ = {isa = PBXFileReference; lastKnownFileType = sourcecode.swift; path = NavigationUtil.swift; sourceTree = "<group>"; };
		CE270B982CB07C5600B9CFDC /* BecomeDriverView.swift */ = {isa = PBXFileReference; lastKnownFileType = sourcecode.swift; path = BecomeDriverView.swift; sourceTree = "<group>"; };
		CE270B9A2CB0864900B9CFDC /* BecomeDriverViewModel.swift */ = {isa = PBXFileReference; lastKnownFileType = sourcecode.swift; path = BecomeDriverViewModel.swift; sourceTree = "<group>"; };
		CE28F1292CB71F1B001CF2A1 /* GoogleAutocompleteViewModel.swift */ = {isa = PBXFileReference; lastKnownFileType = sourcecode.swift; path = GoogleAutocompleteViewModel.swift; sourceTree = "<group>"; };
		CE28F12B2CB7231E001CF2A1 /* SearchedLocation.swift */ = {isa = PBXFileReference; lastKnownFileType = sourcecode.swift; path = SearchedLocation.swift; sourceTree = "<group>"; };
		CE4E3D742CA356CD005C3CEE /* FAQView.swift */ = {isa = PBXFileReference; lastKnownFileType = sourcecode.swift; path = FAQView.swift; sourceTree = "<group>"; };
		CE4E3D762CA3578A005C3CEE /* FAQViewModel.swift */ = {isa = PBXFileReference; lastKnownFileType = sourcecode.swift; path = FAQViewModel.swift; sourceTree = "<group>"; };
		CE4E3D782CA357B5005C3CEE /* FAQ.swift */ = {isa = PBXFileReference; lastKnownFileType = sourcecode.swift; path = FAQ.swift; sourceTree = "<group>"; };
		CE4E3D7E2CA49A82005C3CEE /* InvertedTriangle.swift */ = {isa = PBXFileReference; lastKnownFileType = sourcecode.swift; path = InvertedTriangle.swift; sourceTree = "<group>"; };
		CE4E3D802CA49ABE005C3CEE /* Date.swift */ = {isa = PBXFileReference; lastKnownFileType = sourcecode.swift; path = Date.swift; sourceTree = "<group>"; };
		CE4E3D822CA49C71005C3CEE /* TripsViewModel.swift */ = {isa = PBXFileReference; lastKnownFileType = sourcecode.swift; path = TripsViewModel.swift; sourceTree = "<group>"; };
		CE4E3D852CA4A3AA005C3CEE /* Utils.swift */ = {isa = PBXFileReference; lastKnownFileType = sourcecode.swift; path = Utils.swift; sourceTree = "<group>"; };
		CE4E3DF22CA5A548005C3CEE /* TripsData.swift */ = {isa = PBXFileReference; lastKnownFileType = sourcecode.swift; path = TripsData.swift; sourceTree = "<group>"; };
		CE4E3DF42CA5A6BD005C3CEE /* Trip.swift */ = {isa = PBXFileReference; lastKnownFileType = sourcecode.swift; path = Trip.swift; sourceTree = "<group>"; };
		CE4E3DF62CA5A70E005C3CEE /* Driver.swift */ = {isa = PBXFileReference; lastKnownFileType = sourcecode.swift; path = Driver.swift; sourceTree = "<group>"; };
		CE4E3DF82CA5A73D005C3CEE /* CarDetails.swift */ = {isa = PBXFileReference; lastKnownFileType = sourcecode.swift; path = CarDetails.swift; sourceTree = "<group>"; };
		CE4E3DFA2CA5A785005C3CEE /* ReviewsStats.swift */ = {isa = PBXFileReference; lastKnownFileType = sourcecode.swift; path = ReviewsStats.swift; sourceTree = "<group>"; };
		CE4E3DFC2CA5B182005C3CEE /* LuggageRestrictions.swift */ = {isa = PBXFileReference; lastKnownFileType = sourcecode.swift; path = LuggageRestrictions.swift; sourceTree = "<group>"; };
		CE4E3DFE2CA5B2BB005C3CEE /* Passenger.swift */ = {isa = PBXFileReference; lastKnownFileType = sourcecode.swift; path = Passenger.swift; sourceTree = "<group>"; };
		CE4E3E002CA5B351005C3CEE /* Booking.swift */ = {isa = PBXFileReference; lastKnownFileType = sourcecode.swift; path = Booking.swift; sourceTree = "<group>"; };
		CE4E3E052CA5C1F6005C3CEE /* GetTripsResponse.swift */ = {isa = PBXFileReference; lastKnownFileType = sourcecode.swift; path = GetTripsResponse.swift; sourceTree = "<group>"; };
		CE4E3E072CA5C219005C3CEE /* GetTripDetailsResponse.swift */ = {isa = PBXFileReference; lastKnownFileType = sourcecode.swift; path = GetTripDetailsResponse.swift; sourceTree = "<group>"; };
		CE4E3E092CA5C2D5005C3CEE /* SearchResults.swift */ = {isa = PBXFileReference; lastKnownFileType = sourcecode.swift; path = SearchResults.swift; sourceTree = "<group>"; };
		CE4E3E0B2CA5C52F005C3CEE /* SearchResultsViewModel.swift */ = {isa = PBXFileReference; lastKnownFileType = sourcecode.swift; path = SearchResultsViewModel.swift; sourceTree = "<group>"; };
		CE4E3E0D2CA5C556005C3CEE /* TripCardView.swift */ = {isa = PBXFileReference; lastKnownFileType = sourcecode.swift; path = TripCardView.swift; sourceTree = "<group>"; };
		CE4E3E0F2CA5C5C1005C3CEE /* TripCardViewModel.swift */ = {isa = PBXFileReference; lastKnownFileType = sourcecode.swift; path = TripCardViewModel.swift; sourceTree = "<group>"; };
		CE4E3E112CA5C979005C3CEE /* MockDate.swift */ = {isa = PBXFileReference; lastKnownFileType = sourcecode.swift; path = MockDate.swift; sourceTree = "<group>"; };
		CE4E3E132CA5D93D005C3CEE /* Constants.swift */ = {isa = PBXFileReference; lastKnownFileType = sourcecode.swift; path = Constants.swift; sourceTree = "<group>"; };
		CE4E3E182CA5ED1A005C3CEE /* DriverCarView.swift */ = {isa = PBXFileReference; lastKnownFileType = sourcecode.swift; path = DriverCarView.swift; sourceTree = "<group>"; };
		CE4E3E1A2CA5F6B8005C3CEE /* TripRouteView.swift */ = {isa = PBXFileReference; lastKnownFileType = sourcecode.swift; path = TripRouteView.swift; sourceTree = "<group>"; };
		CE4E3E872CA73652005C3CEE /* DriverCarViewModel.swift */ = {isa = PBXFileReference; lastKnownFileType = sourcecode.swift; path = DriverCarViewModel.swift; sourceTree = "<group>"; };
		CE4E3E8D2CA7492F005C3CEE /* TripRouteModel.swift */ = {isa = PBXFileReference; lastKnownFileType = sourcecode.swift; path = TripRouteModel.swift; sourceTree = "<group>"; };
		CE4E3E8F2CA753B3005C3CEE /* CheckboxStyle.swift */ = {isa = PBXFileReference; lastKnownFileType = sourcecode.swift; path = CheckboxStyle.swift; sourceTree = "<group>"; };
		CE4E3E912CA758A1005C3CEE /* TripDetailsView.swift */ = {isa = PBXFileReference; lastKnownFileType = sourcecode.swift; path = TripDetailsView.swift; sourceTree = "<group>"; };
		CE4E3E932CA7636D005C3CEE /* MasterDetailsView.swift */ = {isa = PBXFileReference; lastKnownFileType = sourcecode.swift; path = MasterDetailsView.swift; sourceTree = "<group>"; };
		CE4E3E9F2CA76BD3005C3CEE /* TripDetailsViewModel.swift */ = {isa = PBXFileReference; lastKnownFileType = sourcecode.swift; path = TripDetailsViewModel.swift; sourceTree = "<group>"; };
		CE4E3EA12CA7DE10005C3CEE /* String.swift */ = {isa = PBXFileReference; lastKnownFileType = sourcecode.swift; path = String.swift; sourceTree = "<group>"; };
		CE4E3EA32CA7E7A3005C3CEE /* UserInfoCardViewModel.swift */ = {isa = PBXFileReference; lastKnownFileType = sourcecode.swift; path = UserInfoCardViewModel.swift; sourceTree = "<group>"; };
		CE4E3EA52CA7EC15005C3CEE /* UserProfile.swift */ = {isa = PBXFileReference; lastKnownFileType = sourcecode.swift; path = UserProfile.swift; sourceTree = "<group>"; };
		CE4E3EA72CA7F123005C3CEE /* SigninResponse.swift */ = {isa = PBXFileReference; lastKnownFileType = sourcecode.swift; path = SigninResponse.swift; sourceTree = "<group>"; };
		CE5150342C9F258100B10107 /* SettingsView.swift */ = {isa = PBXFileReference; lastKnownFileType = sourcecode.swift; path = SettingsView.swift; sourceTree = "<group>"; };
		CE5150362C9F259200B10107 /* InboxView.swift */ = {isa = PBXFileReference; lastKnownFileType = sourcecode.swift; path = InboxView.swift; sourceTree = "<group>"; };
		CE5150382C9F25B400B10107 /* BookingsView.swift */ = {isa = PBXFileReference; lastKnownFileType = sourcecode.swift; path = BookingsView.swift; sourceTree = "<group>"; };
		CE51503A2C9F25C400B10107 /* TripsView.swift */ = {isa = PBXFileReference; lastKnownFileType = sourcecode.swift; path = TripsView.swift; sourceTree = "<group>"; };
		CE51503F2C9F3B2000B10107 /* SettingsViewModel.swift */ = {isa = PBXFileReference; lastKnownFileType = sourcecode.swift; path = SettingsViewModel.swift; sourceTree = "<group>"; };
		CE5150412C9F3BD900B10107 /* UserInfoCardView.swift */ = {isa = PBXFileReference; lastKnownFileType = sourcecode.swift; path = UserInfoCardView.swift; sourceTree = "<group>"; };
		CE5150432C9F512700B10107 /* CarInfoView.swift */ = {isa = PBXFileReference; lastKnownFileType = sourcecode.swift; path = CarInfoView.swift; sourceTree = "<group>"; };
		CE5150452C9F57CE00B10107 /* Color.swift */ = {isa = PBXFileReference; lastKnownFileType = sourcecode.swift; path = Color.swift; sourceTree = "<group>"; };
		CE5150472C9FD5AD00B10107 /* UpdateProfileView.swift */ = {isa = PBXFileReference; lastKnownFileType = sourcecode.swift; path = UpdateProfileView.swift; sourceTree = "<group>"; };
		CE5150492C9FD63300B10107 /* RoundProfilePictureView.swift */ = {isa = PBXFileReference; lastKnownFileType = sourcecode.swift; path = RoundProfilePictureView.swift; sourceTree = "<group>"; };
		CE51504B2C9FD8A100B10107 /* UpdateProfileViewModel.swift */ = {isa = PBXFileReference; lastKnownFileType = sourcecode.swift; path = UpdateProfileViewModel.swift; sourceTree = "<group>"; };
		CE51504D2C9FDC8400B10107 /* UpdatePasswordView.swift */ = {isa = PBXFileReference; lastKnownFileType = sourcecode.swift; path = UpdatePasswordView.swift; sourceTree = "<group>"; };
		CE51504F2C9FE00E00B10107 /* UpdatePasswordViewModel.swift */ = {isa = PBXFileReference; lastKnownFileType = sourcecode.swift; path = UpdatePasswordViewModel.swift; sourceTree = "<group>"; };
		CE5150542CA0152B00B10107 /* TabBarView.swift */ = {isa = PBXFileReference; lastKnownFileType = sourcecode.swift; path = TabBarView.swift; sourceTree = "<group>"; };
		CE5150602CA035A800B10107 /* KeyboardReadable.swift */ = {isa = PBXFileReference; lastKnownFileType = sourcecode.swift; path = KeyboardReadable.swift; sourceTree = "<group>"; };
		CE5150612CA035A800B10107 /* UITabBarControllerRepresentable.swift */ = {isa = PBXFileReference; lastKnownFileType = sourcecode.swift; path = UITabBarControllerRepresentable.swift; sourceTree = "<group>"; };
		CE5150652CA035A800B10107 /* CustomTabView.swift */ = {isa = PBXFileReference; lastKnownFileType = sourcecode.swift; path = CustomTabView.swift; sourceTree = "<group>"; };
		CE5150662CA035A800B10107 /* EnvironmentValues+TabBarPosition.swift */ = {isa = PBXFileReference; lastKnownFileType = sourcecode.swift; path = "EnvironmentValues+TabBarPosition.swift"; sourceTree = "<group>"; };
		CE5150742CA093CB00B10107 /* OnboardView.swift */ = {isa = PBXFileReference; lastKnownFileType = sourcecode.swift; path = OnboardView.swift; sourceTree = "<group>"; };
		CE5150762CA0AFA600B10107 /* CreateTripView.swift */ = {isa = PBXFileReference; lastKnownFileType = sourcecode.swift; path = CreateTripView.swift; sourceTree = "<group>"; };
		CE5150782CA0AFAB00B10107 /* CreateTripViewModel.swift */ = {isa = PBXFileReference; lastKnownFileType = sourcecode.swift; path = CreateTripViewModel.swift; sourceTree = "<group>"; };
		CE51507A2CA0B21600B10107 /* DashedLine.swift */ = {isa = PBXFileReference; lastKnownFileType = sourcecode.swift; path = DashedLine.swift; sourceTree = "<group>"; };
		CE51507C2CA0B25500B10107 /* CustomCalendarView.swift */ = {isa = PBXFileReference; lastKnownFileType = sourcecode.swift; path = CustomCalendarView.swift; sourceTree = "<group>"; };
		CE5227DE2CBADE31005C1175 /* LoggedInUser.swift */ = {isa = PBXFileReference; lastKnownFileType = sourcecode.swift; path = LoggedInUser.swift; sourceTree = "<group>"; };
		CE5227E12CBAE2A5005C1175 /* VerificationView.swift */ = {isa = PBXFileReference; lastKnownFileType = sourcecode.swift; path = VerificationView.swift; sourceTree = "<group>"; };
		CE5227E32CBAE2D7005C1175 /* VerificationViewModel.swift */ = {isa = PBXFileReference; lastKnownFileType = sourcecode.swift; path = VerificationViewModel.swift; sourceTree = "<group>"; };
		CE5227E62CBAF7A2005C1175 /* SignupRequest.swift */ = {isa = PBXFileReference; lastKnownFileType = sourcecode.swift; path = SignupRequest.swift; sourceTree = "<group>"; };
		CE5227E82CBAF7B1005C1175 /* SignupResponse.swift */ = {isa = PBXFileReference; lastKnownFileType = sourcecode.swift; path = SignupResponse.swift; sourceTree = "<group>"; };
		CE5227EE2CBAFE0A005C1175 /* SignupRepository.swift */ = {isa = PBXFileReference; lastKnownFileType = sourcecode.swift; path = SignupRepository.swift; sourceTree = "<group>"; };
		CE5227F02CBB1D9D005C1175 /* Image.swift */ = {isa = PBXFileReference; lastKnownFileType = sourcecode.swift; path = Image.swift; sourceTree = "<group>"; };
		CE5227F52CBB921A005C1175 /* VerificationRepository.swift */ = {isa = PBXFileReference; lastKnownFileType = sourcecode.swift; path = VerificationRepository.swift; sourceTree = "<group>"; };
		CE5227F82CBB974B005C1175 /* OTPVerificationRequest.swift */ = {isa = PBXFileReference; lastKnownFileType = sourcecode.swift; path = OTPVerificationRequest.swift; sourceTree = "<group>"; };
		CE5227FA2CBB9E9F005C1175 /* ResendOTPRequest.swift */ = {isa = PBXFileReference; lastKnownFileType = sourcecode.swift; path = ResendOTPRequest.swift; sourceTree = "<group>"; };
		CE5227FD2CBBAAFB005C1175 /* ReestPasswordRequest.swift */ = {isa = PBXFileReference; lastKnownFileType = sourcecode.swift; path = ReestPasswordRequest.swift; sourceTree = "<group>"; };
		CE5228002CBBABD1005C1175 /* ResetPasswordRepository.swift */ = {isa = PBXFileReference; lastKnownFileType = sourcecode.swift; path = ResetPasswordRepository.swift; sourceTree = "<group>"; };
		CE5701382C9E098B003BD7CA /* Info.plist */ = {isa = PBXFileReference; lastKnownFileType = text.plist; path = Info.plist; sourceTree = "<group>"; };
		CE5701392C9E0BCA003BD7CA /* LaunchScreen.storyboard */ = {isa = PBXFileReference; lastKnownFileType = file.storyboard; path = LaunchScreen.storyboard; sourceTree = "<group>"; };
		CE57013B2C9E0DBE003BD7CA /* SigninView.swift */ = {isa = PBXFileReference; lastKnownFileType = sourcecode.swift; path = SigninView.swift; sourceTree = "<group>"; };
		CE57013F2C9E0DEB003BD7CA /* SigninViewModel.swift */ = {isa = PBXFileReference; lastKnownFileType = sourcecode.swift; path = SigninViewModel.swift; sourceTree = "<group>"; };
		CE5701422C9E0E05003BD7CA /* User.swift */ = {isa = PBXFileReference; lastKnownFileType = sourcecode.swift; path = User.swift; sourceTree = "<group>"; };
		CE5701442C9E16DD003BD7CA /* ResetPasswordView.swift */ = {isa = PBXFileReference; lastKnownFileType = sourcecode.swift; path = ResetPasswordView.swift; sourceTree = "<group>"; };
		CE5701462C9E16E4003BD7CA /* ResetPasswordViewModel.swift */ = {isa = PBXFileReference; lastKnownFileType = sourcecode.swift; path = ResetPasswordViewModel.swift; sourceTree = "<group>"; };
		CE5701492C9E1A4C003BD7CA /* CustomViews.swift */ = {isa = PBXFileReference; lastKnownFileType = sourcecode.swift; path = CustomViews.swift; sourceTree = "<group>"; };
		CE57014B2C9E1CC7003BD7CA /* SignUpView.swift */ = {isa = PBXFileReference; lastKnownFileType = sourcecode.swift; path = SignUpView.swift; sourceTree = "<group>"; };
		CE57014D2C9E1DBB003BD7CA /* SignUpViewModel.swift */ = {isa = PBXFileReference; lastKnownFileType = sourcecode.swift; path = SignUpViewModel.swift; sourceTree = "<group>"; };
		CE5701702C9E8BD4003BD7CA /* CountryNumbers.json */ = {isa = PBXFileReference; lastKnownFileType = text.json; path = CountryNumbers.json; sourceTree = "<group>"; };
		CE5701742C9E8FB3003BD7CA /* CountryCode.swift */ = {isa = PBXFileReference; lastKnownFileType = sourcecode.swift; path = CountryCode.swift; sourceTree = "<group>"; };
		CE5701772C9E96B8003BD7CA /* Bundle.swift */ = {isa = PBXFileReference; lastKnownFileType = sourcecode.swift; path = Bundle.swift; sourceTree = "<group>"; };
		CE5701792C9E9F29003BD7CA /* View.swift */ = {isa = PBXFileReference; lastKnownFileType = sourcecode.swift; path = View.swift; sourceTree = "<group>"; };
		CE57017B2C9F24C1003BD7CA /* MainTabView.swift */ = {isa = PBXFileReference; lastKnownFileType = sourcecode.swift; path = MainTabView.swift; sourceTree = "<group>"; };
		CEA18ABF2CBBB6750096545F /* BasicResponse.swift */ = {isa = PBXFileReference; lastKnownFileType = sourcecode.swift; path = BasicResponse.swift; sourceTree = "<group>"; };
		CEA18AC32CBBCDAC0096545F /* MainTabViewModel.swift */ = {isa = PBXFileReference; lastKnownFileType = sourcecode.swift; path = MainTabViewModel.swift; sourceTree = "<group>"; };
		CEA18AC52CBBCDDE0096545F /* MainTabViewRepository.swift */ = {isa = PBXFileReference; lastKnownFileType = sourcecode.swift; path = MainTabViewRepository.swift; sourceTree = "<group>"; };
		CEA18AC72CBBE82D0096545F /* StorageCodable.swift */ = {isa = PBXFileReference; lastKnownFileType = sourcecode.swift; path = StorageCodable.swift; sourceTree = "<group>"; };
		CED05EFE2C95AF7000E51158 /* Trooute.app */ = {isa = PBXFileReference; explicitFileType = wrapper.application; includeInIndex = 0; path = Trooute.app; sourceTree = BUILT_PRODUCTS_DIR; };
		CED05F012C95AF7000E51158 /* TroouteApp.swift */ = {isa = PBXFileReference; lastKnownFileType = sourcecode.swift; path = TroouteApp.swift; sourceTree = "<group>"; };
		CED05F032C95AF7000E51158 /* ContentView.swift */ = {isa = PBXFileReference; lastKnownFileType = sourcecode.swift; path = ContentView.swift; sourceTree = "<group>"; };
		CED05F052C95AF7100E51158 /* Assets.xcassets */ = {isa = PBXFileReference; lastKnownFileType = folder.assetcatalog; path = Assets.xcassets; sourceTree = "<group>"; };
		CED05F082C95AF7100E51158 /* Preview Assets.xcassets */ = {isa = PBXFileReference; lastKnownFileType = folder.assetcatalog; path = "Preview Assets.xcassets"; sourceTree = "<group>"; };
		CED05F0E2C95AF7200E51158 /* TroouteTests.xctest */ = {isa = PBXFileReference; explicitFileType = wrapper.cfbundle; includeInIndex = 0; path = TroouteTests.xctest; sourceTree = BUILT_PRODUCTS_DIR; };
		CED05F122C95AF7200E51158 /* TroouteTests.swift */ = {isa = PBXFileReference; lastKnownFileType = sourcecode.swift; path = TroouteTests.swift; sourceTree = "<group>"; };
		CED05F182C95AF7200E51158 /* TroouteUITests.xctest */ = {isa = PBXFileReference; explicitFileType = wrapper.cfbundle; includeInIndex = 0; path = TroouteUITests.xctest; sourceTree = BUILT_PRODUCTS_DIR; };
		CED05F1C2C95AF7200E51158 /* TroouteUITests.swift */ = {isa = PBXFileReference; lastKnownFileType = sourcecode.swift; path = TroouteUITests.swift; sourceTree = "<group>"; };
		CED05F1E2C95AF7200E51158 /* TroouteUITestsLaunchTests.swift */ = {isa = PBXFileReference; lastKnownFileType = sourcecode.swift; path = TroouteUITestsLaunchTests.swift; sourceTree = "<group>"; };
		CEEEA2882CBA5DDF006B8ECE /* SigninRequest.swift */ = {isa = PBXFileReference; lastKnownFileType = sourcecode.swift; path = SigninRequest.swift; sourceTree = "<group>"; };
		CEEEA28A2CBA8F32006B8ECE /* SigninRepository.swift */ = {isa = PBXFileReference; lastKnownFileType = sourcecode.swift; path = SigninRepository.swift; sourceTree = "<group>"; };
		CEEEA2902CBA95FC006B8ECE /* BaseResponse.swift */ = {isa = PBXFileReference; lastKnownFileType = sourcecode.swift; path = BaseResponse.swift; sourceTree = "<group>"; };
		CEEEA2942CBA982E006B8ECE /* NetworkService.swift */ = {isa = PBXFileReference; lastKnownFileType = sourcecode.swift; path = NetworkService.swift; sourceTree = "<group>"; };
		CEEEA2992CBA9BF2006B8ECE /* BannerHelper.swift */ = {isa = PBXFileReference; lastKnownFileType = sourcecode.swift; path = BannerHelper.swift; sourceTree = "<group>"; };
		CEEEA2A52CBA9D7D006B8ECE /* BaseDestination.swift */ = {isa = PBXFileReference; lastKnownFileType = sourcecode.swift; path = BaseDestination.swift; sourceTree = "<group>"; };
		CEEEA2A62CBA9D7D006B8ECE /* ConsoleDestination.swift */ = {isa = PBXFileReference; lastKnownFileType = sourcecode.swift; path = ConsoleDestination.swift; sourceTree = "<group>"; };
		CEEEA2A72CBA9D7D006B8ECE /* FileDestination.swift */ = {isa = PBXFileReference; lastKnownFileType = sourcecode.swift; path = FileDestination.swift; sourceTree = "<group>"; };
		CEEEA2A82CBA9D7D006B8ECE /* Logs.swift */ = {isa = PBXFileReference; lastKnownFileType = sourcecode.swift; path = Logs.swift; sourceTree = "<group>"; };
/* End PBXFileReference section */

/* Begin PBXFrameworksBuildPhase section */
		CED05EFB2C95AF6F00E51158 /* Frameworks */ = {
			isa = PBXFrameworksBuildPhase;
			buildActionMask = 2147483647;
			files = (
				CE5227D32CBABAC3005C1175 /* CurrencyField in Frameworks */,
				CE4E3E172CA5E728005C3CEE /* SDWebImageSwiftUI in Frameworks */,
				CE5227CD2CBAAD84005C1175 /* SwiftLoader in Frameworks */,
				CE5227D02CBABA6B005C1175 /* FirebaseCore in Frameworks */,
				CEEEA2982CBA9BE3006B8ECE /* BRYXBanner in Frameworks */,
			);
			runOnlyForDeploymentPostprocessing = 0;
		};
		CED05F0B2C95AF7200E51158 /* Frameworks */ = {
			isa = PBXFrameworksBuildPhase;
			buildActionMask = 2147483647;
			files = (
			);
			runOnlyForDeploymentPostprocessing = 0;
		};
		CED05F152C95AF7200E51158 /* Frameworks */ = {
			isa = PBXFrameworksBuildPhase;
			buildActionMask = 2147483647;
			files = (
			);
			runOnlyForDeploymentPostprocessing = 0;
		};
/* End PBXFrameworksBuildPhase section */

/* Begin PBXGroup section */
		CE270B902CB0672900B9CFDC /* Booking Views */ = {
			isa = PBXGroup;
			children = (
				CE1D68092CA9470D0070970D /* BookingCardView.swift */,
				CE5150382C9F25B400B10107 /* BookingsView.swift */,
				CE1D680F2CA9C4BA0070970D /* BookingDetailsView.swift */,
				CE1D67DF2CA8624D0070970D /* BookTripView.swift */,
				CE270B942CB069C500B9CFDC /* BookingConfirmedView.swift */,
				CE1D67F72CA88C9C0070970D /* ProceedView.swift */,
				CE179D4D2CAC3B0900FFC206 /* WebView.swift */,
			);
			path = "Booking Views";
			sourceTree = "<group>";
		};
		CE270B912CB0674800B9CFDC /* Trip Views */ = {
			isa = PBXGroup;
			children = (
				CE5150762CA0AFA600B10107 /* CreateTripView.swift */,
				CE179D572CAC8C1700FFC206 /* DriverTripCell.swift */,
				CE51503A2C9F25C400B10107 /* TripsView.swift */,
				CE4E3E0D2CA5C556005C3CEE /* TripCardView.swift */,
				CE4E3E912CA758A1005C3CEE /* TripDetailsView.swift */,
				CE4E3E092CA5C2D5005C3CEE /* SearchResults.swift */,
			);
			path = "Trip Views";
			sourceTree = "<group>";
		};
		CE270B922CB0678F00B9CFDC /* OnboardView */ = {
			isa = PBXGroup;
			children = (
				CE5150742CA093CB00B10107 /* OnboardView.swift */,
			);
			path = OnboardView;
			sourceTree = "<group>";
		};
		CE270B932CB067C800B9CFDC /* Setting */ = {
			isa = PBXGroup;
			children = (
				CEA18AC12CBBC7350096545F /* Main Setting View */,
				CE270B982CB07C5600B9CFDC /* BecomeDriverView.swift */,
				CE5150432C9F512700B10107 /* CarInfoView.swift */,
				CE4E3D742CA356CD005C3CEE /* FAQView.swift */,
				CE5150472C9FD5AD00B10107 /* UpdateProfileView.swift */,
				CE51504D2C9FDC8400B10107 /* UpdatePasswordView.swift */,
				CE5150412C9F3BD900B10107 /* UserInfoCardView.swift */,
				CE179D532CAC43C200FFC206 /* WishView.swift */,
			);
			path = Setting;
			sourceTree = "<group>";
		};
		CE4E3D842CA4A3A1005C3CEE /* Utils */ = {
			isa = PBXGroup;
			children = (
				CEEEA2A92CBA9D7D006B8ECE /* Logger */,
				CEEEA2942CBA982E006B8ECE /* NetworkService.swift */,
				CE4E3E132CA5D93D005C3CEE /* Constants.swift */,
				CE4E3E112CA5C979005C3CEE /* MockDate.swift */,
				CE4E3D852CA4A3AA005C3CEE /* Utils.swift */,
			);
			path = Utils;
			sourceTree = "<group>";
		};
		CE4E3E042CA5C1EC005C3CEE /* ResponseObjects */ = {
			isa = PBXGroup;
			children = (
				CE179D552CAC442D00FFC206 /* GetTripListResponse.swift */,
				CE1D67FD2CA93E730070970D /* GetBookingsResponse.swift */,
				CE1D680D2CA9C3B10070970D /* GetBookingDetailsResponse.swift */,
				CE4E3E072CA5C219005C3CEE /* GetTripDetailsResponse.swift */,
				CE4E3E052CA5C1F6005C3CEE /* GetTripsResponse.swift */,
			);
			path = ResponseObjects;
			sourceTree = "<group>";
		};
		CE4E3E8C2CA748F4005C3CEE /* App Custom Model */ = {
			isa = PBXGroup;
			children = (
				CE28F12B2CB7231E001CF2A1 /* SearchedLocation.swift */,
				CE4E3E8D2CA7492F005C3CEE /* TripRouteModel.swift */,
			);
			path = "App Custom Model";
			sourceTree = "<group>";
		};
		CE5150672CA035A800B10107 /* CustomTabView */ = {
			isa = PBXGroup;
			children = (
				CE5150602CA035A800B10107 /* KeyboardReadable.swift */,
				CE5150612CA035A800B10107 /* UITabBarControllerRepresentable.swift */,
				CE5150652CA035A800B10107 /* CustomTabView.swift */,
				CE5150662CA035A800B10107 /* EnvironmentValues+TabBarPosition.swift */,
				CE5150542CA0152B00B10107 /* TabBarView.swift */,
			);
			path = CustomTabView;
			sourceTree = "<group>";
		};
		CE5227E02CBAE27F005C1175 /* Verification View */ = {
			isa = PBXGroup;
			children = (
				CE5227F52CBB921A005C1175 /* VerificationRepository.swift */,
				CE5227E32CBAE2D7005C1175 /* VerificationViewModel.swift */,
				CE5227E12CBAE2A5005C1175 /* VerificationView.swift */,
			);
			path = "Verification View";
			sourceTree = "<group>";
		};
		CE5227E52CBAF790005C1175 /* Signup */ = {
			isa = PBXGroup;
			children = (
				CE5227E82CBAF7B1005C1175 /* SignupResponse.swift */,
				CE5227E62CBAF7A2005C1175 /* SignupRequest.swift */,
			);
			path = Signup;
			sourceTree = "<group>";
		};
		CE5227F72CBB973D005C1175 /* OTP */ = {
			isa = PBXGroup;
			children = (
				CE5227FA2CBB9E9F005C1175 /* ResendOTPRequest.swift */,
				CE5227F82CBB974B005C1175 /* OTPVerificationRequest.swift */,
			);
			path = OTP;
			sourceTree = "<group>";
		};
		CE5227FC2CBBAAED005C1175 /* RestPassword */ = {
			isa = PBXGroup;
			children = (
				CE5227FD2CBBAAFB005C1175 /* ReestPasswordRequest.swift */,
			);
			path = RestPassword;
			sourceTree = "<group>";
		};
		CE5227FF2CBBABB7005C1175 /* Auth */ = {
			isa = PBXGroup;
			children = (
				CE5227E02CBAE27F005C1175 /* Verification View */,
				CEEEA2932CBA976C006B8ECE /* ResetPassword */,
				CEEEA2922CBA973A006B8ECE /* Signup */,
				CEEEA28C2CBA93D3006B8ECE /* Signin */,
			);
			path = Auth;
			sourceTree = "<group>";
		};
		CE57013D2C9E0DCB003BD7CA /* Views */ = {
			isa = PBXGroup;
			children = (
				CE5227FF2CBBABB7005C1175 /* Auth */,
				CE270B902CB0672900B9CFDC /* Booking Views */,
				CE270B932CB067C800B9CFDC /* Setting */,
				CE270B922CB0678F00B9CFDC /* OnboardView */,
				CE270B912CB0674800B9CFDC /* Trip Views */,
				CE5150362C9F259200B10107 /* InboxView.swift */,
				CEA18AC22CBBCD980096545F /* TabBarView */,
			);
			path = Views;
			sourceTree = "<group>";
		};
		CE57013E2C9E0DDE003BD7CA /* ViewModel */ = {
			isa = PBXGroup;
			children = (
				CE28F1292CB71F1B001CF2A1 /* GoogleAutocompleteViewModel.swift */,
				CE270B9A2CB0864900B9CFDC /* BecomeDriverViewModel.swift */,
				CE1D68072CA944C20070970D /* BookingsViewModel.swift */,
				CE1D680B2CA9474F0070970D /* BookingCardViewModel.swift */,
				CE1D67F52CA86ED30070970D /* BookTripViewModel.swift */,
				CE1D68112CA9C4D50070970D /* BookingDetailsViewModel.swift */,
				CE1D67DD2CA800DA0070970D /* CarInfoViewModel.swift */,
				CE5150782CA0AFAB00B10107 /* CreateTripViewModel.swift */,
				CE4E3E872CA73652005C3CEE /* DriverCarViewModel.swift */,
				CE4E3D762CA3578A005C3CEE /* FAQViewModel.swift */,
				CE1D67F92CA88CF40070970D /* ProceedViewModel.swift */,
				CE4E3E0B2CA5C52F005C3CEE /* SearchResultsViewModel.swift */,
				CE4E3E9F2CA76BD3005C3CEE /* TripDetailsViewModel.swift */,
				CE4E3E0F2CA5C5C1005C3CEE /* TripCardViewModel.swift */,
				CE4E3D822CA49C71005C3CEE /* TripsViewModel.swift */,
				CE4E3EA32CA7E7A3005C3CEE /* UserInfoCardViewModel.swift */,
				CE51504F2C9FE00E00B10107 /* UpdatePasswordViewModel.swift */,
				CE51504B2C9FD8A100B10107 /* UpdateProfileViewModel.swift */,
				CE179D4B2CAC3AB700FFC206 /* WebViewModel.swift */,
				CE179D512CAC438C00FFC206 /* WishViewModel.swift */,
			);
			path = ViewModel;
			sourceTree = "<group>";
		};
		CE5701412C9E0DFD003BD7CA /* Model */ = {
			isa = PBXGroup;
			children = (
				CE5227DE2CBADE31005C1175 /* LoggedInUser.swift */,
				CEEEA28D2CBA95D1006B8ECE /* RequestResponseObjects */,
				CE4E3E002CA5B351005C3CEE /* Booking.swift */,
				CE1D67FF2CA93ED10070970D /* BookingData.swift */,
				CE5701742C9E8FB3003BD7CA /* CountryCode.swift */,
				CE4E3DF82CA5A73D005C3CEE /* CarDetails.swift */,
				CE4E3DF62CA5A70E005C3CEE /* Driver.swift */,
				CE4E3D782CA357B5005C3CEE /* FAQ.swift */,
				CE4E3DFC2CA5B182005C3CEE /* LuggageRestrictions.swift */,
				CE4E3DFE2CA5B2BB005C3CEE /* Passenger.swift */,
				CE4E3DFA2CA5A785005C3CEE /* ReviewsStats.swift */,
				CE1D68032CA9400C0070970D /* Review.swift */,
				CE4E3DF42CA5A6BD005C3CEE /* Trip.swift */,
				CE4E3DF22CA5A548005C3CEE /* TripsData.swift */,
				CE5701422C9E0E05003BD7CA /* User.swift */,
				CE4E3EA52CA7EC15005C3CEE /* UserProfile.swift */,
				CE179D4F2CAC40B900FFC206 /* TripInfo.swift */,
				CE4E3E8C2CA748F4005C3CEE /* App Custom Model */,
				CE4E3E042CA5C1EC005C3CEE /* ResponseObjects */,
			);
			path = Model;
			sourceTree = "<group>";
		};
		CE5701482C9E1A36003BD7CA /* CustomViews */ = {
			isa = PBXGroup;
			children = (
				CEEEA2992CBA9BF2006B8ECE /* BannerHelper.swift */,
				CE0854272CB3B02F00A3E422 /* GooglePlacesModifier.swift */,
				CE0854252CB3AC6900A3E422 /* GoogleAutocompleteView.swift */,
				CE0854132CB3175C00A3E422 /* BluePriceView.swift */,
				CE08540F2CB29BD500A3E422 /* CustomDropdownField.swift */,
				CE08540D2CB29B7800A3E422 /* CameraView.swift */,
				CE08540B2CB29AE800A3E422 /* PictureView.swift */,
				CE270B962CB0764E00B9CFDC /* NavigationUtil.swift */,
				CE1D68132CAB1ACC0070970D /* TripDetailsViewComponents.swift */,
				CE5150672CA035A800B10107 /* CustomTabView */,
				CE4E3E8F2CA753B3005C3CEE /* CheckboxStyle.swift */,
				CE5701492C9E1A4C003BD7CA /* CustomViews.swift */,
				CE51507C2CA0B25500B10107 /* CustomCalendarView.swift */,
				CE4E3E182CA5ED1A005C3CEE /* DriverCarView.swift */,
				CE51507A2CA0B21600B10107 /* DashedLine.swift */,
				CE4E3D7E2CA49A82005C3CEE /* InvertedTriangle.swift */,
				CE4E3E932CA7636D005C3CEE /* MasterDetailsView.swift */,
				CE4E3E1A2CA5F6B8005C3CEE /* TripRouteView.swift */,
				CE5150492C9FD63300B10107 /* RoundProfilePictureView.swift */,
			);
			path = CustomViews;
			sourceTree = "<group>";
		};
		CE57016F2C9E8BBF003BD7CA /* Resources */ = {
			isa = PBXGroup;
			children = (
				CE5701702C9E8BD4003BD7CA /* CountryNumbers.json */,
			);
			path = Resources;
			sourceTree = "<group>";
		};
		CE5701762C9E96AF003BD7CA /* Extensions */ = {
			isa = PBXGroup;
			children = (
				CEA18AC72CBBE82D0096545F /* StorageCodable.swift */,
				CE5227F02CBB1D9D005C1175 /* Image.swift */,
				CE4E3EA12CA7DE10005C3CEE /* String.swift */,
				CE4E3D802CA49ABE005C3CEE /* Date.swift */,
				CE5150452C9F57CE00B10107 /* Color.swift */,
				CE5701792C9E9F29003BD7CA /* View.swift */,
				CE5701772C9E96B8003BD7CA /* Bundle.swift */,
			);
			path = Extensions;
			sourceTree = "<group>";
		};
		CEA18AC12CBBC7350096545F /* Main Setting View */ = {
			isa = PBXGroup;
			children = (
				CE51503F2C9F3B2000B10107 /* SettingsViewModel.swift */,
				CE5150342C9F258100B10107 /* SettingsView.swift */,
			);
			path = "Main Setting View";
			sourceTree = "<group>";
		};
		CEA18AC22CBBCD980096545F /* TabBarView */ = {
			isa = PBXGroup;
			children = (
				CEA18AC52CBBCDDE0096545F /* MainTabViewRepository.swift */,
				CEA18AC32CBBCDAC0096545F /* MainTabViewModel.swift */,
				CE57017B2C9F24C1003BD7CA /* MainTabView.swift */,
			);
			path = TabBarView;
			sourceTree = "<group>";
		};
		CED05EF52C95AF6F00E51158 = {
			isa = PBXGroup;
			children = (
				CED05F002C95AF7000E51158 /* Trooute */,
				CED05F112C95AF7200E51158 /* TroouteTests */,
				CED05F1B2C95AF7200E51158 /* TroouteUITests */,
				CED05EFF2C95AF7000E51158 /* Products */,
			);
			sourceTree = "<group>";
		};
		CED05EFF2C95AF7000E51158 /* Products */ = {
			isa = PBXGroup;
			children = (
				CED05EFE2C95AF7000E51158 /* Trooute.app */,
				CED05F0E2C95AF7200E51158 /* TroouteTests.xctest */,
				CED05F182C95AF7200E51158 /* TroouteUITests.xctest */,
			);
			name = Products;
			sourceTree = "<group>";
		};
		CED05F002C95AF7000E51158 /* Trooute */ = {
			isa = PBXGroup;
			children = (
				CE0081A32CA1DF3700D84ACB /* Test.swift */,
				CE5701482C9E1A36003BD7CA /* CustomViews */,
				CE5701412C9E0DFD003BD7CA /* Model */,
				CE57013E2C9E0DDE003BD7CA /* ViewModel */,
				CE57013D2C9E0DCB003BD7CA /* Views */,
				CE4E3D842CA4A3A1005C3CEE /* Utils */,
				CE5701762C9E96AF003BD7CA /* Extensions */,
				CE57016F2C9E8BBF003BD7CA /* Resources */,
				CE5701382C9E098B003BD7CA /* Info.plist */,
				CE0854232CB31E1C00A3E422 /* GoogleService-Info.plist */,
				CED05F012C95AF7000E51158 /* TroouteApp.swift */,
				CED05F032C95AF7000E51158 /* ContentView.swift */,
				CED05F052C95AF7100E51158 /* Assets.xcassets */,
				CED05F072C95AF7100E51158 /* Preview Content */,
				CE5701392C9E0BCA003BD7CA /* LaunchScreen.storyboard */,
			);
			path = Trooute;
			sourceTree = "<group>";
		};
		CED05F072C95AF7100E51158 /* Preview Content */ = {
			isa = PBXGroup;
			children = (
				CED05F082C95AF7100E51158 /* Preview Assets.xcassets */,
			);
			path = "Preview Content";
			sourceTree = "<group>";
		};
		CED05F112C95AF7200E51158 /* TroouteTests */ = {
			isa = PBXGroup;
			children = (
				CED05F122C95AF7200E51158 /* TroouteTests.swift */,
			);
			path = TroouteTests;
			sourceTree = "<group>";
		};
		CED05F1B2C95AF7200E51158 /* TroouteUITests */ = {
			isa = PBXGroup;
			children = (
				CED05F1C2C95AF7200E51158 /* TroouteUITests.swift */,
				CED05F1E2C95AF7200E51158 /* TroouteUITestsLaunchTests.swift */,
			);
			path = TroouteUITests;
			sourceTree = "<group>";
		};
		CEEEA28C2CBA93D3006B8ECE /* Signin */ = {
			isa = PBXGroup;
			children = (
				CEEEA28A2CBA8F32006B8ECE /* SigninRepository.swift */,
				CE57013F2C9E0DEB003BD7CA /* SigninViewModel.swift */,
				CE57013B2C9E0DBE003BD7CA /* SigninView.swift */,
			);
			path = Signin;
			sourceTree = "<group>";
		};
		CEEEA28D2CBA95D1006B8ECE /* RequestResponseObjects */ = {
			isa = PBXGroup;
			children = (
				CEA18ABF2CBBB6750096545F /* BasicResponse.swift */,
				CE5227FC2CBBAAED005C1175 /* RestPassword */,
				CE5227F72CBB973D005C1175 /* OTP */,
				CE5227E52CBAF790005C1175 /* Signup */,
				CEEEA28F2CBA95F5006B8ECE /* Common */,
				CEEEA28E2CBA95DF006B8ECE /* Signin */,
			);
			path = RequestResponseObjects;
			sourceTree = "<group>";
		};
		CEEEA28E2CBA95DF006B8ECE /* Signin */ = {
			isa = PBXGroup;
			children = (
				CEEEA2882CBA5DDF006B8ECE /* SigninRequest.swift */,
				CE4E3EA72CA7F123005C3CEE /* SigninResponse.swift */,
			);
			path = Signin;
			sourceTree = "<group>";
		};
		CEEEA28F2CBA95F5006B8ECE /* Common */ = {
			isa = PBXGroup;
			children = (
				CEEEA2902CBA95FC006B8ECE /* BaseResponse.swift */,
			);
			path = Common;
			sourceTree = "<group>";
		};
		CEEEA2922CBA973A006B8ECE /* Signup */ = {
			isa = PBXGroup;
			children = (
				CE5227EE2CBAFE0A005C1175 /* SignupRepository.swift */,
				CE57014D2C9E1DBB003BD7CA /* SignUpViewModel.swift */,
				CE57014B2C9E1CC7003BD7CA /* SignUpView.swift */,
			);
			path = Signup;
			sourceTree = "<group>";
		};
		CEEEA2932CBA976C006B8ECE /* ResetPassword */ = {
			isa = PBXGroup;
			children = (
				CE5228002CBBABD1005C1175 /* ResetPasswordRepository.swift */,
				CE5701462C9E16E4003BD7CA /* ResetPasswordViewModel.swift */,
				CE5701442C9E16DD003BD7CA /* ResetPasswordView.swift */,
			);
			path = ResetPassword;
			sourceTree = "<group>";
		};
		CEEEA2A92CBA9D7D006B8ECE /* Logger */ = {
			isa = PBXGroup;
			children = (
				CEEEA2A52CBA9D7D006B8ECE /* BaseDestination.swift */,
				CEEEA2A62CBA9D7D006B8ECE /* ConsoleDestination.swift */,
				CEEEA2A72CBA9D7D006B8ECE /* FileDestination.swift */,
				CEEEA2A82CBA9D7D006B8ECE /* Logs.swift */,
			);
			path = Logger;
			sourceTree = "<group>";
		};
/* End PBXGroup section */

/* Begin PBXNativeTarget section */
		CED05EFD2C95AF6F00E51158 /* Trooute */ = {
			isa = PBXNativeTarget;
			buildConfigurationList = CED05F222C95AF7200E51158 /* Build configuration list for PBXNativeTarget "Trooute" */;
			buildPhases = (
				CED05EFA2C95AF6F00E51158 /* Sources */,
				CED05EFB2C95AF6F00E51158 /* Frameworks */,
				CED05EFC2C95AF6F00E51158 /* Resources */,
			);
			buildRules = (
			);
			dependencies = (
			);
			name = Trooute;
			productName = Trooute;
			productReference = CED05EFE2C95AF7000E51158 /* Trooute.app */;
			productType = "com.apple.product-type.application";
		};
		CED05F0D2C95AF7200E51158 /* TroouteTests */ = {
			isa = PBXNativeTarget;
			buildConfigurationList = CED05F252C95AF7200E51158 /* Build configuration list for PBXNativeTarget "TroouteTests" */;
			buildPhases = (
				CED05F0A2C95AF7200E51158 /* Sources */,
				CED05F0B2C95AF7200E51158 /* Frameworks */,
				CED05F0C2C95AF7200E51158 /* Resources */,
			);
			buildRules = (
			);
			dependencies = (
				CED05F102C95AF7200E51158 /* PBXTargetDependency */,
			);
			name = TroouteTests;
			productName = TroouteTests;
			productReference = CED05F0E2C95AF7200E51158 /* TroouteTests.xctest */;
			productType = "com.apple.product-type.bundle.unit-test";
		};
		CED05F172C95AF7200E51158 /* TroouteUITests */ = {
			isa = PBXNativeTarget;
			buildConfigurationList = CED05F282C95AF7200E51158 /* Build configuration list for PBXNativeTarget "TroouteUITests" */;
			buildPhases = (
				CED05F142C95AF7200E51158 /* Sources */,
				CED05F152C95AF7200E51158 /* Frameworks */,
				CED05F162C95AF7200E51158 /* Resources */,
			);
			buildRules = (
			);
			dependencies = (
				CED05F1A2C95AF7200E51158 /* PBXTargetDependency */,
			);
			name = TroouteUITests;
			productName = TroouteUITests;
			productReference = CED05F182C95AF7200E51158 /* TroouteUITests.xctest */;
			productType = "com.apple.product-type.bundle.ui-testing";
		};
/* End PBXNativeTarget section */

/* Begin PBXProject section */
		CED05EF62C95AF6F00E51158 /* Project object */ = {
			isa = PBXProject;
			attributes = {
				BuildIndependentTargetsInParallel = 1;
				LastSwiftUpdateCheck = 1540;
				LastUpgradeCheck = 1600;
				TargetAttributes = {
					CED05EFD2C95AF6F00E51158 = {
						CreatedOnToolsVersion = 15.4;
					};
					CED05F0D2C95AF7200E51158 = {
						CreatedOnToolsVersion = 15.4;
						TestTargetID = CED05EFD2C95AF6F00E51158;
					};
					CED05F172C95AF7200E51158 = {
						CreatedOnToolsVersion = 15.4;
						TestTargetID = CED05EFD2C95AF6F00E51158;
					};
				};
			};
			buildConfigurationList = CED05EF92C95AF6F00E51158 /* Build configuration list for PBXProject "Trooute" */;
			compatibilityVersion = "Xcode 14.0";
			developmentRegion = en;
			hasScannedForEncodings = 0;
			knownRegions = (
				en,
				Base,
			);
			mainGroup = CED05EF52C95AF6F00E51158;
			packageReferences = (
				CE4E3E152CA5E728005C3CEE /* XCRemoteSwiftPackageReference "SDWebImageSwiftUI" */,
				CEEEA2962CBA9BE3006B8ECE /* XCRemoteSwiftPackageReference "BRYXBanner" */,
				CE5227CB2CBAAD84005C1175 /* XCRemoteSwiftPackageReference "SwiftLoader" */,
				CE5227CE2CBABA6B005C1175 /* XCRemoteSwiftPackageReference "firebase-ios-sdk" */,
				CE5227D12CBABAC3005C1175 /* XCRemoteSwiftPackageReference "swiftui-currency-field" */,
			);
			productRefGroup = CED05EFF2C95AF7000E51158 /* Products */;
			projectDirPath = "";
			projectRoot = "";
			targets = (
				CED05EFD2C95AF6F00E51158 /* Trooute */,
				CED05F0D2C95AF7200E51158 /* TroouteTests */,
				CED05F172C95AF7200E51158 /* TroouteUITests */,
			);
		};
/* End PBXProject section */

/* Begin PBXResourcesBuildPhase section */
		CED05EFC2C95AF6F00E51158 /* Resources */ = {
			isa = PBXResourcesBuildPhase;
			buildActionMask = 2147483647;
			files = (
				CE57013A2C9E0BCA003BD7CA /* LaunchScreen.storyboard in Resources */,
				CED05F092C95AF7100E51158 /* Preview Assets.xcassets in Resources */,
				CE0854242CB31E1C00A3E422 /* GoogleService-Info.plist in Resources */,
				CED05F062C95AF7100E51158 /* Assets.xcassets in Resources */,
				CE5701712C9E8BD4003BD7CA /* CountryNumbers.json in Resources */,
			);
			runOnlyForDeploymentPostprocessing = 0;
		};
		CED05F0C2C95AF7200E51158 /* Resources */ = {
			isa = PBXResourcesBuildPhase;
			buildActionMask = 2147483647;
			files = (
			);
			runOnlyForDeploymentPostprocessing = 0;
		};
		CED05F162C95AF7200E51158 /* Resources */ = {
			isa = PBXResourcesBuildPhase;
			buildActionMask = 2147483647;
			files = (
			);
			runOnlyForDeploymentPostprocessing = 0;
		};
/* End PBXResourcesBuildPhase section */

/* Begin PBXSourcesBuildPhase section */
		CED05EFA2C95AF6F00E51158 /* Sources */ = {
			isa = PBXSourcesBuildPhase;
			buildActionMask = 2147483647;
			files = (
				CE51504E2C9FDC8400B10107 /* UpdatePasswordView.swift in Sources */,
				CE5150442C9F512700B10107 /* CarInfoView.swift in Sources */,
				CE4E3D812CA49AC4005C3CEE /* Date.swift in Sources */,
				CE4E3DF72CA5A715005C3CEE /* Driver.swift in Sources */,
				CE0854282CB3B03100A3E422 /* GooglePlacesModifier.swift in Sources */,
				CE4E3D7F2CA49A85005C3CEE /* InvertedTriangle.swift in Sources */,
				CE0854142CB3176800A3E422 /* BluePriceView.swift in Sources */,
				CE4E3EA82CA7F12E005C3CEE /* SigninResponse.swift in Sources */,
				CE5701402C9E0DF6003BD7CA /* SigninViewModel.swift in Sources */,
				CE4E3E0C2CA5C533005C3CEE /* SearchResultsViewModel.swift in Sources */,
				CE4E3EA42CA7E7A9005C3CEE /* UserInfoCardViewModel.swift in Sources */,
				CE5150372C9F259200B10107 /* InboxView.swift in Sources */,
				CE270B972CB0765000B9CFDC /* NavigationUtil.swift in Sources */,
				CEEEA2952CBA982F006B8ECE /* NetworkService.swift in Sources */,
				CE4E3E902CA753C4005C3CEE /* CheckboxStyle.swift in Sources */,
				CE4E3E192CA5ED1A005C3CEE /* DriverCarView.swift in Sources */,
				CE5227F92CBB975D005C1175 /* OTPVerificationRequest.swift in Sources */,
				CE28F12C2CB72325001CF2A1 /* SearchedLocation.swift in Sources */,
				CE51507B2CA0B21800B10107 /* DashedLine.swift in Sources */,
				CE4E3EA62CA7EC1C005C3CEE /* UserProfile.swift in Sources */,
				CE08540C2CB29B4100A3E422 /* PictureView.swift in Sources */,
				CE4E3E142CA5D948005C3CEE /* Constants.swift in Sources */,
				CE4E3E922CA758A1005C3CEE /* TripDetailsView.swift in Sources */,
				CE179D562CAC443C00FFC206 /* GetTripListResponse.swift in Sources */,
				CE1D67DE2CA800DA0070970D /* CarInfoViewModel.swift in Sources */,
				CE4E3D792CA357C8005C3CEE /* FAQ.swift in Sources */,
				CE179D4C2CAC3AB900FFC206 /* WebViewModel.swift in Sources */,
				CE5150792CA0AFAE00B10107 /* CreateTripViewModel.swift in Sources */,
				CE179D502CAC40C400FFC206 /* TripInfo.swift in Sources */,
				CEEEA2892CBA5DE9006B8ECE /* SigninRequest.swift in Sources */,
				CE5227FB2CBB9E9F005C1175 /* ResendOTPRequest.swift in Sources */,
				CE1D68102CA9C4BA0070970D /* BookingDetailsView.swift in Sources */,
				CE5150682CA035A800B10107 /* UITabBarControllerRepresentable.swift in Sources */,
				CE5150692CA035A800B10107 /* CustomTabView.swift in Sources */,
				CE51506E2CA035A800B10107 /* EnvironmentValues+TabBarPosition.swift in Sources */,
				CE08540E2CB29B8000A3E422 /* CameraView.swift in Sources */,
				CE4E3DFB2CA5A787005C3CEE /* ReviewsStats.swift in Sources */,
				CE4E3D772CA35794005C3CEE /* FAQViewModel.swift in Sources */,
				CEEEA28B2CBA8F33006B8ECE /* SigninRepository.swift in Sources */,
				CE51506F2CA035A800B10107 /* KeyboardReadable.swift in Sources */,
				CE1D68122CA9C4DA0070970D /* BookingDetailsViewModel.swift in Sources */,
				CE4E3D752CA356CD005C3CEE /* FAQView.swift in Sources */,
				CE51504C2C9FD8A800B10107 /* UpdateProfileViewModel.swift in Sources */,
				CE5701782C9E96B9003BD7CA /* Bundle.swift in Sources */,
				CE4E3DF92CA5A741005C3CEE /* CarDetails.swift in Sources */,
				CE1D67FA2CA88CF70070970D /* ProceedViewModel.swift in Sources */,
				CE5227DF2CBADE3F005C1175 /* LoggedInUser.swift in Sources */,
				CE1D67F82CA88C9C0070970D /* ProceedView.swift in Sources */,
				CE1D680C2CA9474F0070970D /* BookingCardViewModel.swift in Sources */,
				CE0854262CB3AC6C00A3E422 /* GoogleAutocompleteView.swift in Sources */,
				CED05F042C95AF7000E51158 /* ContentView.swift in Sources */,
				CE57014E2C9E1DC0003BD7CA /* SignUpViewModel.swift in Sources */,
				CE51503B2C9F25C400B10107 /* TripsView.swift in Sources */,
				CE4E3E0E2CA5C558005C3CEE /* TripCardView.swift in Sources */,
				CE179D582CAC8C1700FFC206 /* DriverTripCell.swift in Sources */,
				CE4E3D862CA4A3AD005C3CEE /* Utils.swift in Sources */,
				CE4E3E942CA7636D005C3CEE /* MasterDetailsView.swift in Sources */,
				CE4E3E062CA5C1FA005C3CEE /* GetTripsResponse.swift in Sources */,
				CED05F022C95AF7000E51158 /* TroouteApp.swift in Sources */,
				CE1D67E02CA8624D0070970D /* BookTripView.swift in Sources */,
				CE4E3E082CA5C21A005C3CEE /* GetTripDetailsResponse.swift in Sources */,
				CEA18AC42CBBCDB10096545F /* MainTabViewModel.swift in Sources */,
				CE4E3DFD2CA5B184005C3CEE /* LuggageRestrictions.swift in Sources */,
				CE5227E42CBAE2E7005C1175 /* VerificationViewModel.swift in Sources */,
				CE5150502C9FE01300B10107 /* UpdatePasswordViewModel.swift in Sources */,
				CE5701452C9E16DD003BD7CA /* ResetPasswordView.swift in Sources */,
				CE4E3E0A2CA5C2D5005C3CEE /* SearchResults.swift in Sources */,
				CE1D68142CAB1AD80070970D /* TripDetailsViewComponents.swift in Sources */,
				CE51504A2C9FD63B00B10107 /* RoundProfilePictureView.swift in Sources */,
				CEA18AC62CBBCDEA0096545F /* MainTabViewRepository.swift in Sources */,
				CE179D4E2CAC3B0900FFC206 /* WebView.swift in Sources */,
				CE28F12A2CB71F1F001CF2A1 /* GoogleAutocompleteViewModel.swift in Sources */,
				CE4E3EA22CA7DE1A005C3CEE /* String.swift in Sources */,
				CE5227EF2CBAFE0A005C1175 /* SignupRepository.swift in Sources */,
				CE5701432C9E0E0D003BD7CA /* User.swift in Sources */,
				CE51507D2CA0B25700B10107 /* CustomCalendarView.swift in Sources */,
				CE179D542CAC43C200FFC206 /* WishView.swift in Sources */,
				CE57014A2C9E1A54003BD7CA /* CustomViews.swift in Sources */,
				CE4E3DF32CA5A54A005C3CEE /* TripsData.swift in Sources */,
				CE5150352C9F258100B10107 /* SettingsView.swift in Sources */,
				CEA18AC82CBBE8340096545F /* StorageCodable.swift in Sources */,
				CE4E3DF52CA5A6C1005C3CEE /* Trip.swift in Sources */,
				CE270B9B2CB0864D00B9CFDC /* BecomeDriverViewModel.swift in Sources */,
				CE0081A42CA1DF3A00D84ACB /* Test.swift in Sources */,
				CEEEA2912CBA960D006B8ECE /* BaseResponse.swift in Sources */,
				CE4E3D832CA49C76005C3CEE /* TripsViewModel.swift in Sources */,
				CE5150752CA093CB00B10107 /* OnboardView.swift in Sources */,
				CE5227FE2CBBAB00005C1175 /* ReestPasswordRequest.swift in Sources */,
				CE1D67F62CA86ED50070970D /* BookTripViewModel.swift in Sources */,
				CE270B992CB07C5600B9CFDC /* BecomeDriverView.swift in Sources */,
				CE1D68002CA93ED40070970D /* BookingData.swift in Sources */,
				CE4E3DFF2CA5B2C1005C3CEE /* Passenger.swift in Sources */,
				CE57013C2C9E0DBE003BD7CA /* SigninView.swift in Sources */,
				CEA18AC02CBBB6820096545F /* BasicResponse.swift in Sources */,
				CE4E3E122CA5C97F005C3CEE /* MockDate.swift in Sources */,
				CE4E3E882CA73656005C3CEE /* DriverCarViewModel.swift in Sources */,
				CE5150552CA0153300B10107 /* TabBarView.swift in Sources */,
				CE1D67FE2CA93E760070970D /* GetBookingsResponse.swift in Sources */,
				CE5150462C9F57D300B10107 /* Color.swift in Sources */,
				CE5227E92CBAF7B6005C1175 /* SignupResponse.swift in Sources */,
				CE5150392C9F25B400B10107 /* BookingsView.swift in Sources */,
				CE5227F12CBB1DA1005C1175 /* Image.swift in Sources */,
				CE57014C2C9E1CC7003BD7CA /* SignUpView.swift in Sources */,
				CE5227E72CBAF7AE005C1175 /* SignupRequest.swift in Sources */,
				CE5150402C9F3B2700B10107 /* SettingsViewModel.swift in Sources */,
				CE1D680A2CA9470D0070970D /* BookingCardView.swift in Sources */,
				CE4E3E102CA5C5C5005C3CEE /* TripCardViewModel.swift in Sources */,
				CE270B952CB069C500B9CFDC /* BookingConfirmedView.swift in Sources */,
				CE179D522CAC439400FFC206 /* WishViewModel.swift in Sources */,
				CE4E3E1B2CA5F6B8005C3CEE /* TripRouteView.swift in Sources */,
				CE1D68042CA940100070970D /* Review.swift in Sources */,
				CE5701472C9E16EA003BD7CA /* ResetPasswordViewModel.swift in Sources */,
				CE4E3E8E2CA74945005C3CEE /* TripRouteModel.swift in Sources */,
				CE57017A2C9E9F2C003BD7CA /* View.swift in Sources */,
				CE5228012CBBABD1005C1175 /* ResetPasswordRepository.swift in Sources */,
				CE5150772CA0AFA600B10107 /* CreateTripView.swift in Sources */,
				CE5227F62CBB9228005C1175 /* VerificationRepository.swift in Sources */,
				CE5227E22CBAE2A5005C1175 /* VerificationView.swift in Sources */,
				CE4E3EA02CA76BDE005C3CEE /* TripDetailsViewModel.swift in Sources */,
				CE5701752C9E8FC0003BD7CA /* CountryCode.swift in Sources */,
				CE4E3E012CA5B353005C3CEE /* Booking.swift in Sources */,
				CE0854102CB29BD600A3E422 /* CustomDropdownField.swift in Sources */,
				CE1D680E2CA9C3B10070970D /* GetBookingDetailsResponse.swift in Sources */,
				CE1D68082CA944C40070970D /* BookingsViewModel.swift in Sources */,
				CE57017C2C9F24C1003BD7CA /* MainTabView.swift in Sources */,
				CEEEA29A2CBA9BF6006B8ECE /* BannerHelper.swift in Sources */,
				CE5150482C9FD5AD00B10107 /* UpdateProfileView.swift in Sources */,
				CEEEA2AA2CBA9D7D006B8ECE /* Logs.swift in Sources */,
				CEEEA2AB2CBA9D7D006B8ECE /* BaseDestination.swift in Sources */,
				CEEEA2AC2CBA9D7D006B8ECE /* FileDestination.swift in Sources */,
				CEEEA2AD2CBA9D7D006B8ECE /* ConsoleDestination.swift in Sources */,
				CE5150422C9F3BD900B10107 /* UserInfoCardView.swift in Sources */,
			);
			runOnlyForDeploymentPostprocessing = 0;
		};
		CED05F0A2C95AF7200E51158 /* Sources */ = {
			isa = PBXSourcesBuildPhase;
			buildActionMask = 2147483647;
			files = (
				CED05F132C95AF7200E51158 /* TroouteTests.swift in Sources */,
			);
			runOnlyForDeploymentPostprocessing = 0;
		};
		CED05F142C95AF7200E51158 /* Sources */ = {
			isa = PBXSourcesBuildPhase;
			buildActionMask = 2147483647;
			files = (
				CED05F1D2C95AF7200E51158 /* TroouteUITests.swift in Sources */,
				CED05F1F2C95AF7200E51158 /* TroouteUITestsLaunchTests.swift in Sources */,
			);
			runOnlyForDeploymentPostprocessing = 0;
		};
/* End PBXSourcesBuildPhase section */

/* Begin PBXTargetDependency section */
		CED05F102C95AF7200E51158 /* PBXTargetDependency */ = {
			isa = PBXTargetDependency;
			target = CED05EFD2C95AF6F00E51158 /* Trooute */;
			targetProxy = CED05F0F2C95AF7200E51158 /* PBXContainerItemProxy */;
		};
		CED05F1A2C95AF7200E51158 /* PBXTargetDependency */ = {
			isa = PBXTargetDependency;
			target = CED05EFD2C95AF6F00E51158 /* Trooute */;
			targetProxy = CED05F192C95AF7200E51158 /* PBXContainerItemProxy */;
		};
/* End PBXTargetDependency section */

/* Begin XCBuildConfiguration section */
		CED05F202C95AF7200E51158 /* Debug */ = {
			isa = XCBuildConfiguration;
			buildSettings = {
				ALWAYS_SEARCH_USER_PATHS = NO;
				ASSETCATALOG_COMPILER_GENERATE_SWIFT_ASSET_SYMBOL_EXTENSIONS = YES;
				CLANG_ANALYZER_NONNULL = YES;
				CLANG_ANALYZER_NUMBER_OBJECT_CONVERSION = YES_AGGRESSIVE;
				CLANG_CXX_LANGUAGE_STANDARD = "gnu++20";
				CLANG_ENABLE_MODULES = YES;
				CLANG_ENABLE_OBJC_ARC = YES;
				CLANG_ENABLE_OBJC_WEAK = YES;
				CLANG_WARN_BLOCK_CAPTURE_AUTORELEASING = YES;
				CLANG_WARN_BOOL_CONVERSION = YES;
				CLANG_WARN_COMMA = YES;
				CLANG_WARN_CONSTANT_CONVERSION = YES;
				CLANG_WARN_DEPRECATED_OBJC_IMPLEMENTATIONS = YES;
				CLANG_WARN_DIRECT_OBJC_ISA_USAGE = YES_ERROR;
				CLANG_WARN_DOCUMENTATION_COMMENTS = YES;
				CLANG_WARN_EMPTY_BODY = YES;
				CLANG_WARN_ENUM_CONVERSION = YES;
				CLANG_WARN_INFINITE_RECURSION = YES;
				CLANG_WARN_INT_CONVERSION = YES;
				CLANG_WARN_NON_LITERAL_NULL_CONVERSION = YES;
				CLANG_WARN_OBJC_IMPLICIT_RETAIN_SELF = YES;
				CLANG_WARN_OBJC_LITERAL_CONVERSION = YES;
				CLANG_WARN_OBJC_ROOT_CLASS = YES_ERROR;
				CLANG_WARN_QUOTED_INCLUDE_IN_FRAMEWORK_HEADER = YES;
				CLANG_WARN_RANGE_LOOP_ANALYSIS = YES;
				CLANG_WARN_STRICT_PROTOTYPES = YES;
				CLANG_WARN_SUSPICIOUS_MOVE = YES;
				CLANG_WARN_UNGUARDED_AVAILABILITY = YES_AGGRESSIVE;
				CLANG_WARN_UNREACHABLE_CODE = YES;
				CLANG_WARN__DUPLICATE_METHOD_MATCH = YES;
				COPY_PHASE_STRIP = NO;
				DEBUG_INFORMATION_FORMAT = dwarf;
				ENABLE_STRICT_OBJC_MSGSEND = YES;
				ENABLE_TESTABILITY = YES;
				ENABLE_USER_SCRIPT_SANDBOXING = YES;
				GCC_C_LANGUAGE_STANDARD = gnu17;
				GCC_DYNAMIC_NO_PIC = NO;
				GCC_NO_COMMON_BLOCKS = YES;
				GCC_OPTIMIZATION_LEVEL = 0;
				GCC_PREPROCESSOR_DEFINITIONS = (
					"DEBUG=1",
					"$(inherited)",
				);
				GCC_WARN_64_TO_32_BIT_CONVERSION = YES;
				GCC_WARN_ABOUT_RETURN_TYPE = YES_ERROR;
				GCC_WARN_UNDECLARED_SELECTOR = YES;
				GCC_WARN_UNINITIALIZED_AUTOS = YES_AGGRESSIVE;
				GCC_WARN_UNUSED_FUNCTION = YES;
				GCC_WARN_UNUSED_VARIABLE = YES;
				IPHONEOS_DEPLOYMENT_TARGET = 17.5;
				LOCALIZATION_PREFERS_STRING_CATALOGS = YES;
				MTL_ENABLE_DEBUG_INFO = INCLUDE_SOURCE;
				MTL_FAST_MATH = YES;
				ONLY_ACTIVE_ARCH = YES;
				SDKROOT = iphoneos;
				SWIFT_ACTIVE_COMPILATION_CONDITIONS = "DEBUG $(inherited)";
				SWIFT_OPTIMIZATION_LEVEL = "-Onone";
			};
			name = Debug;
		};
		CED05F212C95AF7200E51158 /* Release */ = {
			isa = XCBuildConfiguration;
			buildSettings = {
				ALWAYS_SEARCH_USER_PATHS = NO;
				ASSETCATALOG_COMPILER_GENERATE_SWIFT_ASSET_SYMBOL_EXTENSIONS = YES;
				CLANG_ANALYZER_NONNULL = YES;
				CLANG_ANALYZER_NUMBER_OBJECT_CONVERSION = YES_AGGRESSIVE;
				CLANG_CXX_LANGUAGE_STANDARD = "gnu++20";
				CLANG_ENABLE_MODULES = YES;
				CLANG_ENABLE_OBJC_ARC = YES;
				CLANG_ENABLE_OBJC_WEAK = YES;
				CLANG_WARN_BLOCK_CAPTURE_AUTORELEASING = YES;
				CLANG_WARN_BOOL_CONVERSION = YES;
				CLANG_WARN_COMMA = YES;
				CLANG_WARN_CONSTANT_CONVERSION = YES;
				CLANG_WARN_DEPRECATED_OBJC_IMPLEMENTATIONS = YES;
				CLANG_WARN_DIRECT_OBJC_ISA_USAGE = YES_ERROR;
				CLANG_WARN_DOCUMENTATION_COMMENTS = YES;
				CLANG_WARN_EMPTY_BODY = YES;
				CLANG_WARN_ENUM_CONVERSION = YES;
				CLANG_WARN_INFINITE_RECURSION = YES;
				CLANG_WARN_INT_CONVERSION = YES;
				CLANG_WARN_NON_LITERAL_NULL_CONVERSION = YES;
				CLANG_WARN_OBJC_IMPLICIT_RETAIN_SELF = YES;
				CLANG_WARN_OBJC_LITERAL_CONVERSION = YES;
				CLANG_WARN_OBJC_ROOT_CLASS = YES_ERROR;
				CLANG_WARN_QUOTED_INCLUDE_IN_FRAMEWORK_HEADER = YES;
				CLANG_WARN_RANGE_LOOP_ANALYSIS = YES;
				CLANG_WARN_STRICT_PROTOTYPES = YES;
				CLANG_WARN_SUSPICIOUS_MOVE = YES;
				CLANG_WARN_UNGUARDED_AVAILABILITY = YES_AGGRESSIVE;
				CLANG_WARN_UNREACHABLE_CODE = YES;
				CLANG_WARN__DUPLICATE_METHOD_MATCH = YES;
				COPY_PHASE_STRIP = NO;
				DEBUG_INFORMATION_FORMAT = "dwarf-with-dsym";
				ENABLE_NS_ASSERTIONS = NO;
				ENABLE_STRICT_OBJC_MSGSEND = YES;
				ENABLE_USER_SCRIPT_SANDBOXING = YES;
				GCC_C_LANGUAGE_STANDARD = gnu17;
				GCC_NO_COMMON_BLOCKS = YES;
				GCC_WARN_64_TO_32_BIT_CONVERSION = YES;
				GCC_WARN_ABOUT_RETURN_TYPE = YES_ERROR;
				GCC_WARN_UNDECLARED_SELECTOR = YES;
				GCC_WARN_UNINITIALIZED_AUTOS = YES_AGGRESSIVE;
				GCC_WARN_UNUSED_FUNCTION = YES;
				GCC_WARN_UNUSED_VARIABLE = YES;
				IPHONEOS_DEPLOYMENT_TARGET = 17.5;
				LOCALIZATION_PREFERS_STRING_CATALOGS = YES;
				MTL_ENABLE_DEBUG_INFO = NO;
				MTL_FAST_MATH = YES;
				SDKROOT = iphoneos;
				SWIFT_COMPILATION_MODE = wholemodule;
				VALIDATE_PRODUCT = YES;
			};
			name = Release;
		};
		CED05F232C95AF7200E51158 /* Debug */ = {
			isa = XCBuildConfiguration;
			buildSettings = {
				ASSETCATALOG_COMPILER_APPICON_NAME = AppIcon;
				ASSETCATALOG_COMPILER_GLOBAL_ACCENT_COLOR_NAME = AccentColor;
				CODE_SIGN_STYLE = Automatic;
				CURRENT_PROJECT_VERSION = 1;
				DEVELOPMENT_ASSET_PATHS = "\"Trooute/Preview Content\"";
				DEVELOPMENT_TEAM = 8TWYF4C7ML;
				ENABLE_PREVIEWS = YES;
				GENERATE_INFOPLIST_FILE = YES;
				INFOPLIST_FILE = Trooute/Info.plist;
				INFOPLIST_KEY_NSCameraUsageDescription = "Trooute wants to access camera to take picture.";
				INFOPLIST_KEY_NSLocationUsageDescription = "Trooute wants to access your location to show trips around you.";
				INFOPLIST_KEY_NSLocationWhenInUseUsageDescription = "Trooute wants to access your location to show trips around you.";
				INFOPLIST_KEY_NSPhotoLibraryUsageDescription = "Trooute wants to access photo libray for pictures.";
				INFOPLIST_KEY_UIApplicationSceneManifest_Generation = YES;
				INFOPLIST_KEY_UIApplicationSupportsIndirectInputEvents = YES;
				INFOPLIST_KEY_UISupportedInterfaceOrientations_iPad = "UIInterfaceOrientationPortrait UIInterfaceOrientationPortraitUpsideDown UIInterfaceOrientationLandscapeLeft UIInterfaceOrientationLandscapeRight";
				INFOPLIST_KEY_UISupportedInterfaceOrientations_iPhone = "UIInterfaceOrientationPortrait UIInterfaceOrientationLandscapeLeft UIInterfaceOrientationLandscapeRight";
				INFOPLIST_KEY_UIUserInterfaceStyle = Light;
				IPHONEOS_DEPLOYMENT_TARGET = 16.0;
				LD_RUNPATH_SEARCH_PATHS = (
					"$(inherited)",
					"@executable_path/Frameworks",
				);
				MARKETING_VERSION = 1.0;
				PRODUCT_BUNDLE_IDENTIFIER = com.travel.trooute;
				PRODUCT_NAME = "$(TARGET_NAME)";
				SWIFT_EMIT_LOC_STRINGS = YES;
				SWIFT_VERSION = 5.0;
				TARGETED_DEVICE_FAMILY = "1,2";
			};
			name = Debug;
		};
		CED05F242C95AF7200E51158 /* Release */ = {
			isa = XCBuildConfiguration;
			buildSettings = {
				ASSETCATALOG_COMPILER_APPICON_NAME = AppIcon;
				ASSETCATALOG_COMPILER_GLOBAL_ACCENT_COLOR_NAME = AccentColor;
				CODE_SIGN_STYLE = Automatic;
				CURRENT_PROJECT_VERSION = 1;
				DEVELOPMENT_ASSET_PATHS = "\"Trooute/Preview Content\"";
				DEVELOPMENT_TEAM = 8TWYF4C7ML;
				ENABLE_PREVIEWS = YES;
				GENERATE_INFOPLIST_FILE = YES;
				INFOPLIST_FILE = Trooute/Info.plist;
				INFOPLIST_KEY_NSCameraUsageDescription = "Trooute wants to access camera to take picture.";
				INFOPLIST_KEY_NSLocationUsageDescription = "Trooute wants to access your location to show trips around you.";
				INFOPLIST_KEY_NSLocationWhenInUseUsageDescription = "Trooute wants to access your location to show trips around you.";
				INFOPLIST_KEY_NSPhotoLibraryUsageDescription = "Trooute wants to access photo libray for pictures.";
				INFOPLIST_KEY_UIApplicationSceneManifest_Generation = YES;
				INFOPLIST_KEY_UIApplicationSupportsIndirectInputEvents = YES;
				INFOPLIST_KEY_UISupportedInterfaceOrientations_iPad = "UIInterfaceOrientationPortrait UIInterfaceOrientationPortraitUpsideDown UIInterfaceOrientationLandscapeLeft UIInterfaceOrientationLandscapeRight";
				INFOPLIST_KEY_UISupportedInterfaceOrientations_iPhone = "UIInterfaceOrientationPortrait UIInterfaceOrientationLandscapeLeft UIInterfaceOrientationLandscapeRight";
				INFOPLIST_KEY_UIUserInterfaceStyle = Light;
				IPHONEOS_DEPLOYMENT_TARGET = 16.0;
				LD_RUNPATH_SEARCH_PATHS = (
					"$(inherited)",
					"@executable_path/Frameworks",
				);
				MARKETING_VERSION = 1.0;
				PRODUCT_BUNDLE_IDENTIFIER = com.travel.trooute;
				PRODUCT_NAME = "$(TARGET_NAME)";
				SWIFT_EMIT_LOC_STRINGS = YES;
				SWIFT_VERSION = 5.0;
				TARGETED_DEVICE_FAMILY = "1,2";
			};
			name = Release;
		};
		CED05F262C95AF7200E51158 /* Debug */ = {
			isa = XCBuildConfiguration;
			buildSettings = {
				BUNDLE_LOADER = "$(TEST_HOST)";
				CODE_SIGN_STYLE = Automatic;
				CURRENT_PROJECT_VERSION = 1;
				DEVELOPMENT_TEAM = ZCRH48Q4SG;
				GENERATE_INFOPLIST_FILE = YES;
				IPHONEOS_DEPLOYMENT_TARGET = 17.5;
				MARKETING_VERSION = 1.0;
				PRODUCT_BUNDLE_IDENTIFIER = com.nexusgroup.TroouteTests;
				PRODUCT_NAME = "$(TARGET_NAME)";
				SWIFT_EMIT_LOC_STRINGS = NO;
				SWIFT_VERSION = 5.0;
				TARGETED_DEVICE_FAMILY = "1,2";
				TEST_HOST = "$(BUILT_PRODUCTS_DIR)/Trooute.app/$(BUNDLE_EXECUTABLE_FOLDER_PATH)/Trooute";
			};
			name = Debug;
		};
		CED05F272C95AF7200E51158 /* Release */ = {
			isa = XCBuildConfiguration;
			buildSettings = {
				BUNDLE_LOADER = "$(TEST_HOST)";
				CODE_SIGN_STYLE = Automatic;
				CURRENT_PROJECT_VERSION = 1;
				DEVELOPMENT_TEAM = ZCRH48Q4SG;
				GENERATE_INFOPLIST_FILE = YES;
				IPHONEOS_DEPLOYMENT_TARGET = 17.5;
				MARKETING_VERSION = 1.0;
				PRODUCT_BUNDLE_IDENTIFIER = com.nexusgroup.TroouteTests;
				PRODUCT_NAME = "$(TARGET_NAME)";
				SWIFT_EMIT_LOC_STRINGS = NO;
				SWIFT_VERSION = 5.0;
				TARGETED_DEVICE_FAMILY = "1,2";
				TEST_HOST = "$(BUILT_PRODUCTS_DIR)/Trooute.app/$(BUNDLE_EXECUTABLE_FOLDER_PATH)/Trooute";
			};
			name = Release;
		};
		CED05F292C95AF7200E51158 /* Debug */ = {
			isa = XCBuildConfiguration;
			buildSettings = {
				CODE_SIGN_STYLE = Automatic;
				CURRENT_PROJECT_VERSION = 1;
				DEVELOPMENT_TEAM = ZCRH48Q4SG;
				GENERATE_INFOPLIST_FILE = YES;
				MARKETING_VERSION = 1.0;
				PRODUCT_BUNDLE_IDENTIFIER = com.nexusgroup.TroouteUITests;
				PRODUCT_NAME = "$(TARGET_NAME)";
				SWIFT_EMIT_LOC_STRINGS = NO;
				SWIFT_VERSION = 5.0;
				TARGETED_DEVICE_FAMILY = "1,2";
				TEST_TARGET_NAME = Trooute;
			};
			name = Debug;
		};
		CED05F2A2C95AF7200E51158 /* Release */ = {
			isa = XCBuildConfiguration;
			buildSettings = {
				CODE_SIGN_STYLE = Automatic;
				CURRENT_PROJECT_VERSION = 1;
				DEVELOPMENT_TEAM = ZCRH48Q4SG;
				GENERATE_INFOPLIST_FILE = YES;
				MARKETING_VERSION = 1.0;
				PRODUCT_BUNDLE_IDENTIFIER = com.nexusgroup.TroouteUITests;
				PRODUCT_NAME = "$(TARGET_NAME)";
				SWIFT_EMIT_LOC_STRINGS = NO;
				SWIFT_VERSION = 5.0;
				TARGETED_DEVICE_FAMILY = "1,2";
				TEST_TARGET_NAME = Trooute;
			};
			name = Release;
		};
/* End XCBuildConfiguration section */

/* Begin XCConfigurationList section */
		CED05EF92C95AF6F00E51158 /* Build configuration list for PBXProject "Trooute" */ = {
			isa = XCConfigurationList;
			buildConfigurations = (
				CED05F202C95AF7200E51158 /* Debug */,
				CED05F212C95AF7200E51158 /* Release */,
			);
			defaultConfigurationIsVisible = 0;
			defaultConfigurationName = Release;
		};
		CED05F222C95AF7200E51158 /* Build configuration list for PBXNativeTarget "Trooute" */ = {
			isa = XCConfigurationList;
			buildConfigurations = (
				CED05F232C95AF7200E51158 /* Debug */,
				CED05F242C95AF7200E51158 /* Release */,
			);
			defaultConfigurationIsVisible = 0;
			defaultConfigurationName = Release;
		};
		CED05F252C95AF7200E51158 /* Build configuration list for PBXNativeTarget "TroouteTests" */ = {
			isa = XCConfigurationList;
			buildConfigurations = (
				CED05F262C95AF7200E51158 /* Debug */,
				CED05F272C95AF7200E51158 /* Release */,
			);
			defaultConfigurationIsVisible = 0;
			defaultConfigurationName = Release;
		};
		CED05F282C95AF7200E51158 /* Build configuration list for PBXNativeTarget "TroouteUITests" */ = {
			isa = XCConfigurationList;
			buildConfigurations = (
				CED05F292C95AF7200E51158 /* Debug */,
				CED05F2A2C95AF7200E51158 /* Release */,
			);
			defaultConfigurationIsVisible = 0;
			defaultConfigurationName = Release;
		};
/* End XCConfigurationList section */

/* Begin XCRemoteSwiftPackageReference section */
		CE4E3E152CA5E728005C3CEE /* XCRemoteSwiftPackageReference "SDWebImageSwiftUI" */ = {
			isa = XCRemoteSwiftPackageReference;
			repositoryURL = "https://github.com/SDWebImage/SDWebImageSwiftUI.git";
			requirement = {
				kind = upToNextMinorVersion;
				minimumVersion = 3.1.2;
			};
		};
		CE5227CB2CBAAD84005C1175 /* XCRemoteSwiftPackageReference "SwiftLoader" */ = {
			isa = XCRemoteSwiftPackageReference;
			repositoryURL = "https://github.com/leoru/SwiftLoader";
			requirement = {
				kind = upToNextMajorVersion;
				minimumVersion = 1.0.0;
			};
		};
		CE5227CE2CBABA6B005C1175 /* XCRemoteSwiftPackageReference "firebase-ios-sdk" */ = {
			isa = XCRemoteSwiftPackageReference;
			repositoryURL = "https://github.com/firebase/firebase-ios-sdk.git";
			requirement = {
				kind = upToNextMajorVersion;
				minimumVersion = 11.3.0;
			};
		};
		CE5227D12CBABAC3005C1175 /* XCRemoteSwiftPackageReference "swiftui-currency-field" */ = {
			isa = XCRemoteSwiftPackageReference;
			repositoryURL = "https://github.com/jtrinc/swiftui-currency-field.git";
			requirement = {
				kind = upToNextMinorVersion;
				minimumVersion = 1.0.2;
			};
		};
		CEEEA2962CBA9BE3006B8ECE /* XCRemoteSwiftPackageReference "BRYXBanner" */ = {
			isa = XCRemoteSwiftPackageReference;
			repositoryURL = "https://github.com/bryx-inc/BRYXBanner.git";
			requirement = {
				kind = upToNextMinorVersion;
				minimumVersion = 0.8.5;
			};
		};
/* End XCRemoteSwiftPackageReference section */

/* Begin XCSwiftPackageProductDependency section */
		CE4E3E162CA5E728005C3CEE /* SDWebImageSwiftUI */ = {
			isa = XCSwiftPackageProductDependency;
			package = CE4E3E152CA5E728005C3CEE /* XCRemoteSwiftPackageReference "SDWebImageSwiftUI" */;
			productName = SDWebImageSwiftUI;
		};
		CE5227CC2CBAAD84005C1175 /* SwiftLoader */ = {
			isa = XCSwiftPackageProductDependency;
			package = CE5227CB2CBAAD84005C1175 /* XCRemoteSwiftPackageReference "SwiftLoader" */;
			productName = SwiftLoader;
		};
		CE5227CF2CBABA6B005C1175 /* FirebaseCore */ = {
			isa = XCSwiftPackageProductDependency;
			package = CE5227CE2CBABA6B005C1175 /* XCRemoteSwiftPackageReference "firebase-ios-sdk" */;
			productName = FirebaseCore;
		};
		CE5227D22CBABAC3005C1175 /* CurrencyField */ = {
			isa = XCSwiftPackageProductDependency;
			package = CE5227D12CBABAC3005C1175 /* XCRemoteSwiftPackageReference "swiftui-currency-field" */;
			productName = CurrencyField;
		};
		CEEEA2972CBA9BE3006B8ECE /* BRYXBanner */ = {
			isa = XCSwiftPackageProductDependency;
			package = CEEEA2962CBA9BE3006B8ECE /* XCRemoteSwiftPackageReference "BRYXBanner" */;
			productName = BRYXBanner;
		};
/* End XCSwiftPackageProductDependency section */
	};
	rootObject = CED05EF62C95AF6F00E51158 /* Project object */;
}
