// !$*UTF8*$!
{
	archiveVersion = 1;
	classes = {
	};
	objectVersion = 56;
	objects = {

/* Begin PBXBuildFile section */
		CED05F022C95AF7000E51158 /* TroouteApp.swift in Sources */ = {isa = PBXBuildFile; fileRef = CED05F012C95AF7000E51158 /* TroouteApp.swift */; };
		CED05F042C95AF7000E51158 /* ContentView.swift in Sources */ = {isa = PBXBuildFile; fileRef = CED05F032C95AF7000E51158 /* ContentView.swift */; };
		CED05F062C95AF7100E51158 /* Assets.xcassets in Resources */ = {isa = PBXBuildFile; fileRef = CED05F052C95AF7100E51158 /* Assets.xcassets */; };
		CED05F092C95AF7100E51158 /* Preview Assets.xcassets in Resources */ = {isa = PBXBuildFile; fileRef = CED05F082C95AF7100E51158 /* Preview Assets.xcassets */; };
		CED05F132C95AF7200E51158 /* TroouteTests.swift in Sources */ = {isa = PBXBuildFile; fileRef = CED05F122C95AF7200E51158 /* TroouteTests.swift */; };
		CED05F1D2C95AF7200E51158 /* TroouteUITests.swift in Sources */ = {isa = PBXBuildFile; fileRef = CED05F1C2C95AF7200E51158 /* TroouteUITests.swift */; };
		CED05F1F2C95AF7200E51158 /* TroouteUITestsLaunchTests.swift in Sources */ = {isa = PBXBuildFile; fileRef = CED05F1E2C95AF7200E51158 /* TroouteUITestsLaunchTests.swift */; };
/* End PBXBuildFile section */

/* Begin PBXContainerItemProxy section */
		CED05F0F2C95AF7200E51158 /* PBXContainerItemProxy */ = {
			isa = PBXContainerItemProxy;
			containerPortal = CED05EF62C95AF6F00E51158 /* Project object */;
			proxyType = 1;
			remoteGlobalIDString = CED05EFD2C95AF6F00E51158;
			remoteInfo = Trooute;
		};
		CED05F192C95AF7200E51158 /* PBXContainerItemProxy */ = {
			isa = PBXContainerItemProxy;
			containerPortal = CED05EF62C95AF6F00E51158 /* Project object */;
			proxyType = 1;
			remoteGlobalIDString = CED05EFD2C95AF6F00E51158;
			remoteInfo = Trooute;
		};
/* End PBXContainerItemProxy section */

/* Begin PBXFileReference section */
		CED05EFE2C95AF7000E51158 /* Trooute.app */ = {isa = PBXFileReference; explicitFileType = wrapper.application; includeInIndex = 0; path = Trooute.app; sourceTree = BUILT_PRODUCTS_DIR; };
		CED05F012C95AF7000E51158 /* TroouteApp.swift */ = {isa = PBXFileReference; lastKnownFileType = sourcecode.swift; path = TroouteApp.swift; sourceTree = "<group>"; };
		CED05F032C95AF7000E51158 /* ContentView.swift */ = {isa = PBXFileReference; lastKnownFileType = sourcecode.swift; path = ContentView.swift; sourceTree = "<group>"; };
		CED05F052C95AF7100E51158 /* Assets.xcassets */ = {isa = PBXFileReference; lastKnownFileType = folder.assetcatalog; path = Assets.xcassets; sourceTree = "<group>"; };
		CED05F082C95AF7100E51158 /* Preview Assets.xcassets */ = {isa = PBXFileReference; lastKnownFileType = folder.assetcatalog; path = "Preview Assets.xcassets"; sourceTree = "<group>"; };
		CED05F0E2C95AF7200E51158 /* TroouteTests.xctest */ = {isa = PBXFileReference; explicitFileType = wrapper.cfbundle; includeInIndex = 0; path = TroouteTests.xctest; sourceTree = BUILT_PRODUCTS_DIR; };
		CED05F122C95AF7200E51158 /* TroouteTests.swift */ = {isa = PBXFileReference; lastKnownFileType = sourcecode.swift; path = TroouteTests.swift; sourceTree = "<group>"; };
		CED05F182C95AF7200E51158 /* TroouteUITests.xctest */ = {isa = PBXFileReference; explicitFileType = wrapper.cfbundle; includeInIndex = 0; path = TroouteUITests.xctest; sourceTree = BUILT_PRODUCTS_DIR; };
		CED05F1C2C95AF7200E51158 /* TroouteUITests.swift */ = {isa = PBXFileReference; lastKnownFileType = sourcecode.swift; path = TroouteUITests.swift; sourceTree = "<group>"; };
		CED05F1E2C95AF7200E51158 /* TroouteUITestsLaunchTests.swift */ = {isa = PBXFileReference; lastKnownFileType = sourcecode.swift; path = TroouteUITestsLaunchTests.swift; sourceTree = "<group>"; };
/* End PBXFileReference section */

/* Begin PBXFrameworksBuildPhase section */
		CED05EFB2C95AF6F00E51158 /* Frameworks */ = {
			isa = PBXFrameworksBuildPhase;
			buildActionMask = 2147483647;
			files = (
			);
			runOnlyForDeploymentPostprocessing = 0;
		};
		CED05F0B2C95AF7200E51158 /* Frameworks */ = {
			isa = PBXFrameworksBuildPhase;
			buildActionMask = 2147483647;
			files = (
			);
			runOnlyForDeploymentPostprocessing = 0;
		};
		CED05F152C95AF7200E51158 /* Frameworks */ = {
			isa = PBXFrameworksBuildPhase;
			buildActionMask = 2147483647;
			files = (
			);
			runOnlyForDeploymentPostprocessing = 0;
		};
/* End PBXFrameworksBuildPhase section */

/* Begin PBXGroup section */
		CED05EF52C95AF6F00E51158 = {
			isa = PBXGroup;
			children = (
				CED05F002C95AF7000E51158 /* Trooute */,
				CED05F112C95AF7200E51158 /* TroouteTests */,
				CED05F1B2C95AF7200E51158 /* TroouteUITests */,
				CED05EFF2C95AF7000E51158 /* Products */,
			);
			sourceTree = "<group>";
		};
		CED05EFF2C95AF7000E51158 /* Products */ = {
			isa = PBXGroup;
			children = (
				CED05EFE2C95AF7000E51158 /* Trooute.app */,
				CED05F0E2C95AF7200E51158 /* TroouteTests.xctest */,
				CED05F182C95AF7200E51158 /* TroouteUITests.xctest */,
			);
			name = Products;
			sourceTree = "<group>";
		};
		CED05F002C95AF7000E51158 /* Trooute */ = {
			isa = PBXGroup;
			children = (
				CED05F012C95AF7000E51158 /* TroouteApp.swift */,
				CED05F032C95AF7000E51158 /* ContentView.swift */,
				CED05F052C95AF7100E51158 /* Assets.xcassets */,
				CED05F072C95AF7100E51158 /* Preview Content */,
			);
			path = Trooute;
			sourceTree = "<group>";
		};
		CED05F072C95AF7100E51158 /* Preview Content */ = {
			isa = PBXGroup;
			children = (
				CED05F082C95AF7100E51158 /* Preview Assets.xcassets */,
			);
			path = "Preview Content";
			sourceTree = "<group>";
		};
		CED05F112C95AF7200E51158 /* TroouteTests */ = {
			isa = PBXGroup;
			children = (
				CED05F122C95AF7200E51158 /* TroouteTests.swift */,
			);
			path = TroouteTests;
			sourceTree = "<group>";
		};
		CED05F1B2C95AF7200E51158 /* TroouteUITests */ = {
			isa = PBXGroup;
			children = (
				CED05F1C2C95AF7200E51158 /* TroouteUITests.swift */,
				CED05F1E2C95AF7200E51158 /* TroouteUITestsLaunchTests.swift */,
			);
			path = TroouteUITests;
			sourceTree = "<group>";
		};
/* End PBXGroup section */

/* Begin PBXNativeTarget section */
		CED05EFD2C95AF6F00E51158 /* Trooute */ = {
			isa = PBXNativeTarget;
			buildConfigurationList = CED05F222C95AF7200E51158 /* Build configuration list for PBXNativeTarget "Trooute" */;
			buildPhases = (
				CED05EFA2C95AF6F00E51158 /* Sources */,
				CED05EFB2C95AF6F00E51158 /* Frameworks */,
				CED05EFC2C95AF6F00E51158 /* Resources */,
			);
			buildRules = (
			);
			dependencies = (
			);
			name = Trooute;
			productName = Trooute;
			productReference = CED05EFE2C95AF7000E51158 /* Trooute.app */;
			productType = "com.apple.product-type.application";
		};
		CED05F0D2C95AF7200E51158 /* TroouteTests */ = {
			isa = PBXNativeTarget;
			buildConfigurationList = CED05F252C95AF7200E51158 /* Build configuration list for PBXNativeTarget "TroouteTests" */;
			buildPhases = (
				CED05F0A2C95AF7200E51158 /* Sources */,
				CED05F0B2C95AF7200E51158 /* Frameworks */,
				CED05F0C2C95AF7200E51158 /* Resources */,
			);
			buildRules = (
			);
			dependencies = (
				CED05F102C95AF7200E51158 /* PBXTargetDependency */,
			);
			name = TroouteTests;
			productName = TroouteTests;
			productReference = CED05F0E2C95AF7200E51158 /* TroouteTests.xctest */;
			productType = "com.apple.product-type.bundle.unit-test";
		};
		CED05F172C95AF7200E51158 /* TroouteUITests */ = {
			isa = PBXNativeTarget;
			buildConfigurationList = CED05F282C95AF7200E51158 /* Build configuration list for PBXNativeTarget "TroouteUITests" */;
			buildPhases = (
				CED05F142C95AF7200E51158 /* Sources */,
				CED05F152C95AF7200E51158 /* Frameworks */,
				CED05F162C95AF7200E51158 /* Resources */,
			);
			buildRules = (
			);
			dependencies = (
				CED05F1A2C95AF7200E51158 /* PBXTargetDependency */,
			);
			name = TroouteUITests;
			productName = TroouteUITests;
			productReference = CED05F182C95AF7200E51158 /* TroouteUITests.xctest */;
			productType = "com.apple.product-type.bundle.ui-testing";
		};
/* End PBXNativeTarget section */

/* Begin PBXProject section */
		CED05EF62C95AF6F00E51158 /* Project object */ = {
			isa = PBXProject;
			attributes = {
				BuildIndependentTargetsInParallel = 1;
				LastSwiftUpdateCheck = 1540;
				LastUpgradeCheck = 1540;
				TargetAttributes = {
					CED05EFD2C95AF6F00E51158 = {
						CreatedOnToolsVersion = 15.4;
					};
					CED05F0D2C95AF7200E51158 = {
						CreatedOnToolsVersion = 15.4;
						TestTargetID = CED05EFD2C95AF6F00E51158;
					};
					CED05F172C95AF7200E51158 = {
						CreatedOnToolsVersion = 15.4;
						TestTargetID = CED05EFD2C95AF6F00E51158;
					};
				};
			};
			buildConfigurationList = CED05EF92C95AF6F00E51158 /* Build configuration list for PBXProject "Trooute" */;
			compatibilityVersion = "Xcode 14.0";
			developmentRegion = en;
			hasScannedForEncodings = 0;
			knownRegions = (
				en,
				Base,
			);
			mainGroup = CED05EF52C95AF6F00E51158;
			productRefGroup = CED05EFF2C95AF7000E51158 /* Products */;
			projectDirPath = "";
			projectRoot = "";
			targets = (
				CED05EFD2C95AF6F00E51158 /* Trooute */,
				CED05F0D2C95AF7200E51158 /* TroouteTests */,
				CED05F172C95AF7200E51158 /* TroouteUITests */,
			);
		};
/* End PBXProject section */

/* Begin PBXResourcesBuildPhase section */
		CED05EFC2C95AF6F00E51158 /* Resources */ = {
			isa = PBXResourcesBuildPhase;
			buildActionMask = 2147483647;
			files = (
				CED05F092C95AF7100E51158 /* Preview Assets.xcassets in Resources */,
				CED05F062C95AF7100E51158 /* Assets.xcassets in Resources */,
			);
			runOnlyForDeploymentPostprocessing = 0;
		};
		CED05F0C2C95AF7200E51158 /* Resources */ = {
			isa = PBXResourcesBuildPhase;
			buildActionMask = 2147483647;
			files = (
			);
			runOnlyForDeploymentPostprocessing = 0;
		};
		CED05F162C95AF7200E51158 /* Resources */ = {
			isa = PBXResourcesBuildPhase;
			buildActionMask = 2147483647;
			files = (
			);
			runOnlyForDeploymentPostprocessing = 0;
		};
/* End PBXResourcesBuildPhase section */

/* Begin PBXSourcesBuildPhase section */
		CED05EFA2C95AF6F00E51158 /* Sources */ = {
			isa = PBXSourcesBuildPhase;
			buildActionMask = 2147483647;
			files = (
				CED05F042C95AF7000E51158 /* ContentView.swift in Sources */,
				CED05F022C95AF7000E51158 /* TroouteApp.swift in Sources */,
			);
			runOnlyForDeploymentPostprocessing = 0;
		};
		CED05F0A2C95AF7200E51158 /* Sources */ = {
			isa = PBXSourcesBuildPhase;
			buildActionMask = 2147483647;
			files = (
				CED05F132C95AF7200E51158 /* TroouteTests.swift in Sources */,
			);
			runOnlyForDeploymentPostprocessing = 0;
		};
		CED05F142C95AF7200E51158 /* Sources */ = {
			isa = PBXSourcesBuildPhase;
			buildActionMask = 2147483647;
			files = (
				CED05F1D2C95AF7200E51158 /* TroouteUITests.swift in Sources */,
				CED05F1F2C95AF7200E51158 /* TroouteUITestsLaunchTests.swift in Sources */,
			);
			runOnlyForDeploymentPostprocessing = 0;
		};
/* End PBXSourcesBuildPhase section */

/* Begin PBXTargetDependency section */
		CED05F102C95AF7200E51158 /* PBXTargetDependency */ = {
			isa = PBXTargetDependency;
			target = CED05EFD2C95AF6F00E51158 /* Trooute */;
			targetProxy = CED05F0F2C95AF7200E51158 /* PBXContainerItemProxy */;
		};
		CED05F1A2C95AF7200E51158 /* PBXTargetDependency */ = {
			isa = PBXTargetDependency;
			target = CED05EFD2C95AF6F00E51158 /* Trooute */;
			targetProxy = CED05F192C95AF7200E51158 /* PBXContainerItemProxy */;
		};
/* End PBXTargetDependency section */

/* Begin XCBuildConfiguration section */
		CED05F202C95AF7200E51158 /* Debug */ = {
			isa = XCBuildConfiguration;
			buildSettings = {
				ALWAYS_SEARCH_USER_PATHS = NO;
				ASSETCATALOG_COMPILER_GENERATE_SWIFT_ASSET_SYMBOL_EXTENSIONS = YES;
				CLANG_ANALYZER_NONNULL = YES;
				CLANG_ANALYZER_NUMBER_OBJECT_CONVERSION = YES_AGGRESSIVE;
				CLANG_CXX_LANGUAGE_STANDARD = "gnu++20";
				CLANG_ENABLE_MODULES = YES;
				CLANG_ENABLE_OBJC_ARC = YES;
				CLANG_ENABLE_OBJC_WEAK = YES;
				CLANG_WARN_BLOCK_CAPTURE_AUTORELEASING = YES;
				CLANG_WARN_BOOL_CONVERSION = YES;
				CLANG_WARN_COMMA = YES;
				CLANG_WARN_CONSTANT_CONVERSION = YES;
				CLANG_WARN_DEPRECATED_OBJC_IMPLEMENTATIONS = YES;
				CLANG_WARN_DIRECT_OBJC_ISA_USAGE = YES_ERROR;
				CLANG_WARN_DOCUMENTATION_COMMENTS = YES;
				CLANG_WARN_EMPTY_BODY = YES;
				CLANG_WARN_ENUM_CONVERSION = YES;
				CLANG_WARN_INFINITE_RECURSION = YES;
				CLANG_WARN_INT_CONVERSION = YES;
				CLANG_WARN_NON_LITERAL_NULL_CONVERSION = YES;
				CLANG_WARN_OBJC_IMPLICIT_RETAIN_SELF = YES;
				CLANG_WARN_OBJC_LITERAL_CONVERSION = YES;
				CLANG_WARN_OBJC_ROOT_CLASS = YES_ERROR;
				CLANG_WARN_QUOTED_INCLUDE_IN_FRAMEWORK_HEADER = YES;
				CLANG_WARN_RANGE_LOOP_ANALYSIS = YES;
				CLANG_WARN_STRICT_PROTOTYPES = YES;
				CLANG_WARN_SUSPICIOUS_MOVE = YES;
				CLANG_WARN_UNGUARDED_AVAILABILITY = YES_AGGRESSIVE;
				CLANG_WARN_UNREACHABLE_CODE = YES;
				CLANG_WARN__DUPLICATE_METHOD_MATCH = YES;
				COPY_PHASE_STRIP = NO;
				DEBUG_INFORMATION_FORMAT = dwarf;
				ENABLE_STRICT_OBJC_MSGSEND = YES;
				ENABLE_TESTABILITY = YES;
				ENABLE_USER_SCRIPT_SANDBOXING = YES;
				GCC_C_LANGUAGE_STANDARD = gnu17;
				GCC_DYNAMIC_NO_PIC = NO;
				GCC_NO_COMMON_BLOCKS = YES;
				GCC_OPTIMIZATION_LEVEL = 0;
				GCC_PREPROCESSOR_DEFINITIONS = (
					"DEBUG=1",
					"$(inherited)",
				);
				GCC_WARN_64_TO_32_BIT_CONVERSION = YES;
				GCC_WARN_ABOUT_RETURN_TYPE = YES_ERROR;
				GCC_WARN_UNDECLARED_SELECTOR = YES;
				GCC_WARN_UNINITIALIZED_AUTOS = YES_AGGRESSIVE;
				GCC_WARN_UNUSED_FUNCTION = YES;
				GCC_WARN_UNUSED_VARIABLE = YES;
				IPHONEOS_DEPLOYMENT_TARGET = 17.5;
				LOCALIZATION_PREFERS_STRING_CATALOGS = YES;
				MTL_ENABLE_DEBUG_INFO = INCLUDE_SOURCE;
				MTL_FAST_MATH = YES;
				ONLY_ACTIVE_ARCH = YES;
				SDKROOT = iphoneos;
				SWIFT_ACTIVE_COMPILATION_CONDITIONS = "DEBUG $(inherited)";
				SWIFT_OPTIMIZATION_LEVEL = "-Onone";
			};
			name = Debug;
		};
		CED05F212C95AF7200E51158 /* Release */ = {
			isa = XCBuildConfiguration;
			buildSettings = {
				ALWAYS_SEARCH_USER_PATHS = NO;
				ASSETCATALOG_COMPILER_GENERATE_SWIFT_ASSET_SYMBOL_EXTENSIONS = YES;
				CLANG_ANALYZER_NONNULL = YES;
				CLANG_ANALYZER_NUMBER_OBJECT_CONVERSION = YES_AGGRESSIVE;
				CLANG_CXX_LANGUAGE_STANDARD = "gnu++20";
				CLANG_ENABLE_MODULES = YES;
				CLANG_ENABLE_OBJC_ARC = YES;
				CLANG_ENABLE_OBJC_WEAK = YES;
				CLANG_WARN_BLOCK_CAPTURE_AUTORELEASING = YES;
				CLANG_WARN_BOOL_CONVERSION = YES;
				CLANG_WARN_COMMA = YES;
				CLANG_WARN_CONSTANT_CONVERSION = YES;
				CLANG_WARN_DEPRECATED_OBJC_IMPLEMENTATIONS = YES;
				CLANG_WARN_DIRECT_OBJC_ISA_USAGE = YES_ERROR;
				CLANG_WARN_DOCUMENTATION_COMMENTS = YES;
				CLANG_WARN_EMPTY_BODY = YES;
				CLANG_WARN_ENUM_CONVERSION = YES;
				CLANG_WARN_INFINITE_RECURSION = YES;
				CLANG_WARN_INT_CONVERSION = YES;
				CLANG_WARN_NON_LITERAL_NULL_CONVERSION = YES;
				CLANG_WARN_OBJC_IMPLICIT_RETAIN_SELF = YES;
				CLANG_WARN_OBJC_LITERAL_CONVERSION = YES;
				CLANG_WARN_OBJC_ROOT_CLASS = YES_ERROR;
				CLANG_WARN_QUOTED_INCLUDE_IN_FRAMEWORK_HEADER = YES;
				CLANG_WARN_RANGE_LOOP_ANALYSIS = YES;
				CLANG_WARN_STRICT_PROTOTYPES = YES;
				CLANG_WARN_SUSPICIOUS_MOVE = YES;
				CLANG_WARN_UNGUARDED_AVAILABILITY = YES_AGGRESSIVE;
				CLANG_WARN_UNREACHABLE_CODE = YES;
				CLANG_WARN__DUPLICATE_METHOD_MATCH = YES;
				COPY_PHASE_STRIP = NO;
				DEBUG_INFORMATION_FORMAT = "dwarf-with-dsym";
				ENABLE_NS_ASSERTIONS = NO;
				ENABLE_STRICT_OBJC_MSGSEND = YES;
				ENABLE_USER_SCRIPT_SANDBOXING = YES;
				GCC_C_LANGUAGE_STANDARD = gnu17;
				GCC_NO_COMMON_BLOCKS = YES;
				GCC_WARN_64_TO_32_BIT_CONVERSION = YES;
				GCC_WARN_ABOUT_RETURN_TYPE = YES_ERROR;
				GCC_WARN_UNDECLARED_SELECTOR = YES;
				GCC_WARN_UNINITIALIZED_AUTOS = YES_AGGRESSIVE;
				GCC_WARN_UNUSED_FUNCTION = YES;
				GCC_WARN_UNUSED_VARIABLE = YES;
				IPHONEOS_DEPLOYMENT_TARGET = 17.5;
				LOCALIZATION_PREFERS_STRING_CATALOGS = YES;
				MTL_ENABLE_DEBUG_INFO = NO;
				MTL_FAST_MATH = YES;
				SDKROOT = iphoneos;
				SWIFT_COMPILATION_MODE = wholemodule;
				VALIDATE_PRODUCT = YES;
			};
			name = Release;
		};
		CED05F232C95AF7200E51158 /* Debug */ = {
			isa = XCBuildConfiguration;
			buildSettings = {
				ASSETCATALOG_COMPILER_APPICON_NAME = AppIcon;
				ASSETCATALOG_COMPILER_GLOBAL_ACCENT_COLOR_NAME = AccentColor;
				CODE_SIGN_STYLE = Automatic;
				CURRENT_PROJECT_VERSION = 1;
				DEVELOPMENT_ASSET_PATHS = "\"Trooute/Preview Content\"";
				DEVELOPMENT_TEAM = ZCRH48Q4SG;
				ENABLE_PREVIEWS = YES;
				GENERATE_INFOPLIST_FILE = YES;
				INFOPLIST_KEY_UIApplicationSceneManifest_Generation = YES;
				INFOPLIST_KEY_UIApplicationSupportsIndirectInputEvents = YES;
				INFOPLIST_KEY_UILaunchScreen_Generation = YES;
				INFOPLIST_KEY_UISupportedInterfaceOrientations_iPad = "UIInterfaceOrientationPortrait UIInterfaceOrientationPortraitUpsideDown UIInterfaceOrientationLandscapeLeft UIInterfaceOrientationLandscapeRight";
				INFOPLIST_KEY_UISupportedInterfaceOrientations_iPhone = "UIInterfaceOrientationPortrait UIInterfaceOrientationLandscapeLeft UIInterfaceOrientationLandscapeRight";
				LD_RUNPATH_SEARCH_PATHS = (
					"$(inherited)",
					"@executable_path/Frameworks",
				);
				MARKETING_VERSION = 1.0;
				PRODUCT_BUNDLE_IDENTIFIER = com.nexusgroup.Trooute;
				PRODUCT_NAME = "$(TARGET_NAME)";
				SWIFT_EMIT_LOC_STRINGS = YES;
				SWIFT_VERSION = 5.0;
				TARGETED_DEVICE_FAMILY = "1,2";
			};
			name = Debug;
		};
		CED05F242C95AF7200E51158 /* Release */ = {
			isa = XCBuildConfiguration;
			buildSettings = {
				ASSETCATALOG_COMPILER_APPICON_NAME = AppIcon;
				ASSETCATALOG_COMPILER_GLOBAL_ACCENT_COLOR_NAME = AccentColor;
				CODE_SIGN_STYLE = Automatic;
				CURRENT_PROJECT_VERSION = 1;
				DEVELOPMENT_ASSET_PATHS = "\"Trooute/Preview Content\"";
				DEVELOPMENT_TEAM = ZCRH48Q4SG;
				ENABLE_PREVIEWS = YES;
				GENERATE_INFOPLIST_FILE = YES;
				INFOPLIST_KEY_UIApplicationSceneManifest_Generation = YES;
				INFOPLIST_KEY_UIApplicationSupportsIndirectInputEvents = YES;
				INFOPLIST_KEY_UILaunchScreen_Generation = YES;
				INFOPLIST_KEY_UISupportedInterfaceOrientations_iPad = "UIInterfaceOrientationPortrait UIInterfaceOrientationPortraitUpsideDown UIInterfaceOrientationLandscapeLeft UIInterfaceOrientationLandscapeRight";
				INFOPLIST_KEY_UISupportedInterfaceOrientations_iPhone = "UIInterfaceOrientationPortrait UIInterfaceOrientationLandscapeLeft UIInterfaceOrientationLandscapeRight";
				LD_RUNPATH_SEARCH_PATHS = (
					"$(inherited)",
					"@executable_path/Frameworks",
				);
				MARKETING_VERSION = 1.0;
				PRODUCT_BUNDLE_IDENTIFIER = com.nexusgroup.Trooute;
				PRODUCT_NAME = "$(TARGET_NAME)";
				SWIFT_EMIT_LOC_STRINGS = YES;
				SWIFT_VERSION = 5.0;
				TARGETED_DEVICE_FAMILY = "1,2";
			};
			name = Release;
		};
		CED05F262C95AF7200E51158 /* Debug */ = {
			isa = XCBuildConfiguration;
			buildSettings = {
				ALWAYS_EMBED_SWIFT_STANDARD_LIBRARIES = YES;
				BUNDLE_LOADER = "$(TEST_HOST)";
				CODE_SIGN_STYLE = Automatic;
				CURRENT_PROJECT_VERSION = 1;
				DEVELOPMENT_TEAM = ZCRH48Q4SG;
				GENERATE_INFOPLIST_FILE = YES;
				IPHONEOS_DEPLOYMENT_TARGET = 17.5;
				MARKETING_VERSION = 1.0;
				PRODUCT_BUNDLE_IDENTIFIER = com.nexusgroup.TroouteTests;
				PRODUCT_NAME = "$(TARGET_NAME)";
				SWIFT_EMIT_LOC_STRINGS = NO;
				SWIFT_VERSION = 5.0;
				TARGETED_DEVICE_FAMILY = "1,2";
				TEST_HOST = "$(BUILT_PRODUCTS_DIR)/Trooute.app/$(BUNDLE_EXECUTABLE_FOLDER_PATH)/Trooute";
			};
			name = Debug;
		};
		CED05F272C95AF7200E51158 /* Release */ = {
			isa = XCBuildConfiguration;
			buildSettings = {
				ALWAYS_EMBED_SWIFT_STANDARD_LIBRARIES = YES;
				BUNDLE_LOADER = "$(TEST_HOST)";
				CODE_SIGN_STYLE = Automatic;
				CURRENT_PROJECT_VERSION = 1;
				DEVELOPMENT_TEAM = ZCRH48Q4SG;
				GENERATE_INFOPLIST_FILE = YES;
				IPHONEOS_DEPLOYMENT_TARGET = 17.5;
				MARKETING_VERSION = 1.0;
				PRODUCT_BUNDLE_IDENTIFIER = com.nexusgroup.TroouteTests;
				PRODUCT_NAME = "$(TARGET_NAME)";
				SWIFT_EMIT_LOC_STRINGS = NO;
				SWIFT_VERSION = 5.0;
				TARGETED_DEVICE_FAMILY = "1,2";
				TEST_HOST = "$(BUILT_PRODUCTS_DIR)/Trooute.app/$(BUNDLE_EXECUTABLE_FOLDER_PATH)/Trooute";
			};
			name = Release;
		};
		CED05F292C95AF7200E51158 /* Debug */ = {
			isa = XCBuildConfiguration;
			buildSettings = {
				ALWAYS_EMBED_SWIFT_STANDARD_LIBRARIES = YES;
				CODE_SIGN_STYLE = Automatic;
				CURRENT_PROJECT_VERSION = 1;
				DEVELOPMENT_TEAM = ZCRH48Q4SG;
				GENERATE_INFOPLIST_FILE = YES;
				MARKETING_VERSION = 1.0;
				PRODUCT_BUNDLE_IDENTIFIER = com.nexusgroup.TroouteUITests;
				PRODUCT_NAME = "$(TARGET_NAME)";
				SWIFT_EMIT_LOC_STRINGS = NO;
				SWIFT_VERSION = 5.0;
				TARGETED_DEVICE_FAMILY = "1,2";
				TEST_TARGET_NAME = Trooute;
			};
			name = Debug;
		};
		CED05F2A2C95AF7200E51158 /* Release */ = {
			isa = XCBuildConfiguration;
			buildSettings = {
				ALWAYS_EMBED_SWIFT_STANDARD_LIBRARIES = YES;
				CODE_SIGN_STYLE = Automatic;
				CURRENT_PROJECT_VERSION = 1;
				DEVELOPMENT_TEAM = ZCRH48Q4SG;
				GENERATE_INFOPLIST_FILE = YES;
				MARKETING_VERSION = 1.0;
				PRODUCT_BUNDLE_IDENTIFIER = com.nexusgroup.TroouteUITests;
				PRODUCT_NAME = "$(TARGET_NAME)";
				SWIFT_EMIT_LOC_STRINGS = NO;
				SWIFT_VERSION = 5.0;
				TARGETED_DEVICE_FAMILY = "1,2";
				TEST_TARGET_NAME = Trooute;
			};
			name = Release;
		};
/* End XCBuildConfiguration section */

/* Begin XCConfigurationList section */
		CED05EF92C95AF6F00E51158 /* Build configuration list for PBXProject "Trooute" */ = {
			isa = XCConfigurationList;
			buildConfigurations = (
				CED05F202C95AF7200E51158 /* Debug */,
				CED05F212C95AF7200E51158 /* Release */,
			);
			defaultConfigurationIsVisible = 0;
			defaultConfigurationName = Release;
		};
		CED05F222C95AF7200E51158 /* Build configuration list for PBXNativeTarget "Trooute" */ = {
			isa = XCConfigurationList;
			buildConfigurations = (
				CED05F232C95AF7200E51158 /* Debug */,
				CED05F242C95AF7200E51158 /* Release */,
			);
			defaultConfigurationIsVisible = 0;
			defaultConfigurationName = Release;
		};
		CED05F252C95AF7200E51158 /* Build configuration list for PBXNativeTarget "TroouteTests" */ = {
			isa = XCConfigurationList;
			buildConfigurations = (
				CED05F262C95AF7200E51158 /* Debug */,
				CED05F272C95AF7200E51158 /* Release */,
			);
			defaultConfigurationIsVisible = 0;
			defaultConfigurationName = Release;
		};
		CED05F282C95AF7200E51158 /* Build configuration list for PBXNativeTarget "TroouteUITests" */ = {
			isa = XCConfigurationList;
			buildConfigurations = (
				CED05F292C95AF7200E51158 /* Debug */,
				CED05F2A2C95AF7200E51158 /* Release */,
			);
			defaultConfigurationIsVisible = 0;
			defaultConfigurationName = Release;
		};
/* End XCConfigurationList section */
	};
	rootObject = CED05EF62C95AF6F00E51158 /* Project object */;
}
