{
  "originHash" : "7dc2167cc46df4432939a9b3aced5a1df1aa29f5f3d52fa2424a07f984f976c7",
  "pins" : [
    {
      "identity" : "swiftui-currency-field",
      "kind" : "remoteSourceControl",
      "location" : "https://github.com/jtrinc/swiftui-currency-field.git",
      "state" : {
        "revision" : "8a0f3f26695710464ca8a0a7ddba2f3a6b2f2f2d",
        "version" : "1.0.2"
      }
    }
  ],
  "version" : 3
}
